{
    "version": 3,
    "terraform_version": "0.11.11",
    "serial": 50,
    "lineage": "56651dae-af91-47ba-85d7-6aa734b94b9d",
    "modules": [
        {
            "path": [
                "root"
            ],
            "outputs": {},
            "resources": {},
            "depends_on": []
        },
        {
            "path": [
                "root",
                "compute"
            ],
            "outputs": {},
            "resources": {
                "data.oci_identity_availability_domains.ads": {
                    "type": "oci_identity_availability_domains",
                    "depends_on": [],
                    "primary": {
                        "id": "2019-04-08 22:15:50.751571 +0000 UTC",
                        "attributes": {
                            "availability_domains.#": "3",
                            "availability_domains.0.compartment_id": "ocid1.compartment.oc1..aaaaaaaahgwc3smj626ovrbsohc44go42piwhzlmmgsnjmpqkdsokam2n4eq",
                            "availability_domains.0.id": "ocid1.availabilitydomain.oc1..aaaaaaaatrwxaogr7dl4yschqtrmqrdv6uzis3mgbnomiagqrfhcb7mxsfdq",
                            "availability_domains.0.name": "GYSs:US-ASHBURN-AD-1",
                            "availability_domains.1.compartment_id": "ocid1.compartment.oc1..aaaaaaaahgwc3smj626ovrbsohc44go42piwhzlmmgsnjmpqkdsokam2n4eq",
                            "availability_domains.1.id": "ocid1.availabilitydomain.oc1..aaaaaaaauvt2n7pijol7uqgdnnsoojcukrijtmcltvfwxazmitk235wyohta",
                            "availability_domains.1.name": "GYSs:US-ASHBURN-AD-2",
                            "availability_domains.2.compartment_id": "ocid1.compartment.oc1..aaaaaaaahgwc3smj626ovrbsohc44go42piwhzlmmgsnjmpqkdsokam2n4eq",
                            "availability_domains.2.id": "ocid1.availabilitydomain.oc1..aaaaaaaaztunlny6ae4yw2vghp5go2zceaonwp6wiioe3tnh2vlaxjjl2n3a",
                            "availability_domains.2.name": "GYSs:US-ASHBURN-AD-3",
                            "compartment_id": "ocid1.compartment.oc1..aaaaaaaahgwc3smj626ovrbsohc44go42piwhzlmmgsnjmpqkdsokam2n4eq",
                            "id": "2019-04-08 22:15:50.751571 +0000 UTC"
                        },
                        "meta": {},
                        "tainted": false
                    },
                    "deposed": [],
                    "provider": "provider.oci"
                },
                "data.template_file.cloud-config": {
                    "type": "template_file",
                    "depends_on": [],
                    "primary": {
                        "id": "bd76b9425254b11299fa2be76bdad09e688a330f5ffc304be2474c2626f8d307",
                        "attributes": {
                            "id": "bd76b9425254b11299fa2be76bdad09e688a330f5ffc304be2474c2626f8d307",
                            "rendered": "#cloud-config\nruncmd:\n - sudo chmod 777 /etc/motd\n - echo 'This instance was provisioned by Terraform.' \u003e\u003e /etc/motd\n - sudo mkdir /home/opc/.oci/\n - cd /home/opc/.oci/\n - sudo touch oci_private_key.pem\n - sudo chmod 777 oci_private_key.pem \n - sudo echo \"-----BEGIN RSA PRIVATE KEY-----\nMIIEpgIBAAKCAQEA5VjBLqYlf5PfaikqYjDZI5sSX2/rAJMdQhLPFLxZLNnVht6i\nRsETBY8VGeM6ajYOOZhkNxh964rED2V9JpJcJ7fW1bcmpPWCChm1AdaZDA3Fb6rQ\nIFIry/7UbPqXtStM8aAbgjEgwAy0u6fgN4h9p5WH6Z1lYfhXTHOCNTbgvSTa52O5\nVrxgu0cFDtkInWarOyjXeo7dpgbJt8Hxd7c8mozSsnErJn4CakVbddtzYldRb9ER\nvde2t+xizaW/pT2xBrE0Dvv50TDTXa50X6M4w3LfvDMLX1ix52dLyqz0A7f8Oyl1\nAypJZu9LLTikXqggK4amXYOOJSBiP5qN/mhQ6QIDAQABAoIBAQCbBVT+vRsXktIu\npciaOj5rTMQsci+8YbQjFyeV8oGsSUmFMjMp9BNxbHds2iR/6i3PTGxguVNTxKYl\nagof6koUJrU2G+gpFDFjtmCc73rfpOdRRXoMfr5P0t2vE+s7cBtAL2Koq6Bhb7Uy\nKpTptH6Kqg4GIHeIsx3+9QyL/54E+f7SVxG8D/Pw5dQjfzm+F15dNZpQG++VCfEL\nH7nHv2zOySBAoN4atwJryiI2WeCuPid04EjQ+mtzaAbeaYMmMTwaeajHDFAkTish\noMULKiMziMp1r36qUTDIOjYBxXRgghPoPwl5Bnh+BDzKOZalCf4tfGufv0gPEIPW\nvURdmbSpAoGBAPOzjPoeTaLml3Jh1RKm67cdSA1JERhDgk+8jcxT50GleOz6ZvK7\nw3AHoCvMOAkz4Q7HB5EEyjrqdbrY1VZ2glgO6lrgMsmXWDzTT7ZDQgQa14oImgnh\nIISb4bqcn/pI2v9m4ESj9G67yWgQs5JoY7dbCszuGgQuaUNlXmqG9R5DAoGBAPDr\nwHB95gJmZmGUvFEOV2AK8jXqlL0de9qK+1fq567G23nw8glgv2tuEq/9P75S2oFh\nDC7lWQBrygXf8CD4Jv9wzYWOUZcLCLUlwe4ilF8ITskeKdmGuh48+dcPZtmt+Szl\nvqTRumqoBemvbrNDUj+9br9k1NVvnwFQd7y4xp9jAoGBAOSryxH7E1BS3TLoF94r\noKyvHifRMug4mHMnc0qSREH1+fUrtSP5CZb6oNHYC5CfDIQoP7JU80m7LQNJaU17\nYC0uubrR+vXsPFC+22Ij1DMz2KHeFmREyZWFC5dmVjqs2EmlB7WAvuCU9pTebxFn\nQIIRPJ40oVbhEca6vJBq2GAvAoGBAKwtgEGk6F3sutygRJmVK0K7b/CyboxdZueA\nDjL98YgKHE6gsQmcuBDaAMb/sa+eXQS7y840IJBZeG8MZPva/VvvTSJW3N6ahyWX\nD2rWEb19HXlEclpAnAECSPe2zSVi3UKGCuKV9KlG3brtoqrAwSZGhsCIGkdTV4rD\n7F7WmzTLAoGBAIOLs7NKeLO19Rz+6NN7EG182tVwHtYq8FxtRSGitgavNDjlX229\nHl4odD3U1meS8EOoJ5zoygH2tREFzEwqvc9XxFMMUhjMBpMh2VlkvL7fHljXeWDk\nEVc9mfa61Bwt1mrps5hG5uxdcOkh8JaokyLEYhMQP8+WusRmXI+iaV5+\n-----END RSA PRIVATE KEY-----\n\" \u003e\u003e oci_private_key.pem\n - sudo touch oci_public_key.pem\n - sudo chmod 777 oci_public_key.pem \n - sudo echo \"-----BEGIN PUBLIC KEY-----\nMIIBIjANBgkqhkiG9w0BAQEFAAOCAQ8AMIIBCgKCAQEA5VjBLqYlf5PfaikqYjDZ\nI5sSX2/rAJMdQhLPFLxZLNnVht6iRsETBY8VGeM6ajYOOZhkNxh964rED2V9JpJc\nJ7fW1bcmpPWCChm1AdaZDA3Fb6rQIFIry/7UbPqXtStM8aAbgjEgwAy0u6fgN4h9\np5WH6Z1lYfhXTHOCNTbgvSTa52O5Vrxgu0cFDtkInWarOyjXeo7dpgbJt8Hxd7c8\nmozSsnErJn4CakVbddtzYldRb9ERvde2t+xizaW/pT2xBrE0Dvv50TDTXa50X6M4\nw3LfvDMLX1ix52dLyqz0A7f8Oyl1AypJZu9LLTikXqggK4amXYOOJSBiP5qN/mhQ\n6QIDAQAB\n-----END PUBLIC KEY-----\n\" \u003e\u003e oci_public_key.pem\n - sudo touch config\n - sudo chmod 777 config\n - echo \"[DEFAULT]\nuser=ocid1.user.oc1..aaaaaaaajxcm3ypgkocore6glozzxfnjemefsjgi6sbxlsjt22kh65exjb2q\nfingerprint=07:df:a7:ae:8a:b2:a2:50:f5:c7:e1:f6:b1:e2:02:4e\nkey_file=/home/opc/.oci/oci_private_key.pem\ntenancy=ocid1.tenancy.oc1..aaaaaaaa5arrzhx6wibc7iotaztfkt5bofbrfkw4x56kaplt36tat63lexgq\nregion=us-ashburn-1\n\" \u003e\u003e config\n - sudo curl https://bootstrap.pypa.io/get-pip.py -o get-pip.py\n - sudo python get-pip.py \n - python -m pip install oci oci-cli --user\n - oci db autonomous-data-warehouse create --compartment-id ocid1.compartment.oc1..aaaaaaaaxkrmyyd6ffbggujzbfuxoirbyp7qq3h6gg77x3dtejiydxc665ha --db-name testing --cpu-core-count 1 --data-storage-size-in-tbs 126 --admin-password Hell0W0rld##\n - oci os bucket create --compartment-id ocid1.compartment.oc1..aaaaaaaaxkrmyyd6ffbggujzbfuxoirbyp7qq3h6gg77x3dtejiydxc665ha --name test\n",
                            "template": "#cloud-config\nruncmd:\n - sudo chmod 777 /etc/motd\n - echo 'This instance was provisioned by Terraform.' \u003e\u003e /etc/motd\n - sudo mkdir /home/opc/.oci/\n - cd /home/opc/.oci/\n - sudo touch oci_private_key.pem\n - sudo chmod 777 oci_private_key.pem \n - sudo echo \"-----BEGIN RSA PRIVATE KEY-----\nMIIEpgIBAAKCAQEA5VjBLqYlf5PfaikqYjDZI5sSX2/rAJMdQhLPFLxZLNnVht6i\nRsETBY8VGeM6ajYOOZhkNxh964rED2V9JpJcJ7fW1bcmpPWCChm1AdaZDA3Fb6rQ\nIFIry/7UbPqXtStM8aAbgjEgwAy0u6fgN4h9p5WH6Z1lYfhXTHOCNTbgvSTa52O5\nVrxgu0cFDtkInWarOyjXeo7dpgbJt8Hxd7c8mozSsnErJn4CakVbddtzYldRb9ER\nvde2t+xizaW/pT2xBrE0Dvv50TDTXa50X6M4w3LfvDMLX1ix52dLyqz0A7f8Oyl1\nAypJZu9LLTikXqggK4amXYOOJSBiP5qN/mhQ6QIDAQABAoIBAQCbBVT+vRsXktIu\npciaOj5rTMQsci+8YbQjFyeV8oGsSUmFMjMp9BNxbHds2iR/6i3PTGxguVNTxKYl\nagof6koUJrU2G+gpFDFjtmCc73rfpOdRRXoMfr5P0t2vE+s7cBtAL2Koq6Bhb7Uy\nKpTptH6Kqg4GIHeIsx3+9QyL/54E+f7SVxG8D/Pw5dQjfzm+F15dNZpQG++VCfEL\nH7nHv2zOySBAoN4atwJryiI2WeCuPid04EjQ+mtzaAbeaYMmMTwaeajHDFAkTish\noMULKiMziMp1r36qUTDIOjYBxXRgghPoPwl5Bnh+BDzKOZalCf4tfGufv0gPEIPW\nvURdmbSpAoGBAPOzjPoeTaLml3Jh1RKm67cdSA1JERhDgk+8jcxT50GleOz6ZvK7\nw3AHoCvMOAkz4Q7HB5EEyjrqdbrY1VZ2glgO6lrgMsmXWDzTT7ZDQgQa14oImgnh\nIISb4bqcn/pI2v9m4ESj9G67yWgQs5JoY7dbCszuGgQuaUNlXmqG9R5DAoGBAPDr\nwHB95gJmZmGUvFEOV2AK8jXqlL0de9qK+1fq567G23nw8glgv2tuEq/9P75S2oFh\nDC7lWQBrygXf8CD4Jv9wzYWOUZcLCLUlwe4ilF8ITskeKdmGuh48+dcPZtmt+Szl\nvqTRumqoBemvbrNDUj+9br9k1NVvnwFQd7y4xp9jAoGBAOSryxH7E1BS3TLoF94r\noKyvHifRMug4mHMnc0qSREH1+fUrtSP5CZb6oNHYC5CfDIQoP7JU80m7LQNJaU17\nYC0uubrR+vXsPFC+22Ij1DMz2KHeFmREyZWFC5dmVjqs2EmlB7WAvuCU9pTebxFn\nQIIRPJ40oVbhEca6vJBq2GAvAoGBAKwtgEGk6F3sutygRJmVK0K7b/CyboxdZueA\nDjL98YgKHE6gsQmcuBDaAMb/sa+eXQS7y840IJBZeG8MZPva/VvvTSJW3N6ahyWX\nD2rWEb19HXlEclpAnAECSPe2zSVi3UKGCuKV9KlG3brtoqrAwSZGhsCIGkdTV4rD\n7F7WmzTLAoGBAIOLs7NKeLO19Rz+6NN7EG182tVwHtYq8FxtRSGitgavNDjlX229\nHl4odD3U1meS8EOoJ5zoygH2tREFzEwqvc9XxFMMUhjMBpMh2VlkvL7fHljXeWDk\nEVc9mfa61Bwt1mrps5hG5uxdcOkh8JaokyLEYhMQP8+WusRmXI+iaV5+\n-----END RSA PRIVATE KEY-----\n\" \u003e\u003e oci_private_key.pem\n - sudo touch oci_public_key.pem\n - sudo chmod 777 oci_public_key.pem \n - sudo echo \"-----BEGIN PUBLIC KEY-----\nMIIBIjANBgkqhkiG9w0BAQEFAAOCAQ8AMIIBCgKCAQEA5VjBLqYlf5PfaikqYjDZ\nI5sSX2/rAJMdQhLPFLxZLNnVht6iRsETBY8VGeM6ajYOOZhkNxh964rED2V9JpJc\nJ7fW1bcmpPWCChm1AdaZDA3Fb6rQIFIry/7UbPqXtStM8aAbgjEgwAy0u6fgN4h9\np5WH6Z1lYfhXTHOCNTbgvSTa52O5Vrxgu0cFDtkInWarOyjXeo7dpgbJt8Hxd7c8\nmozSsnErJn4CakVbddtzYldRb9ERvde2t+xizaW/pT2xBrE0Dvv50TDTXa50X6M4\nw3LfvDMLX1ix52dLyqz0A7f8Oyl1AypJZu9LLTikXqggK4amXYOOJSBiP5qN/mhQ\n6QIDAQAB\n-----END PUBLIC KEY-----\n\" \u003e\u003e oci_public_key.pem\n - sudo touch config\n - sudo chmod 777 config\n - echo \"[DEFAULT]\nuser=ocid1.user.oc1..aaaaaaaajxcm3ypgkocore6glozzxfnjemefsjgi6sbxlsjt22kh65exjb2q\nfingerprint=07:df:a7:ae:8a:b2:a2:50:f5:c7:e1:f6:b1:e2:02:4e\nkey_file=/home/opc/.oci/oci_private_key.pem\ntenancy=ocid1.tenancy.oc1..aaaaaaaa5arrzhx6wibc7iotaztfkt5bofbrfkw4x56kaplt36tat63lexgq\nregion=us-ashburn-1\n\" \u003e\u003e config\n - sudo curl https://bootstrap.pypa.io/get-pip.py -o get-pip.py\n - sudo python get-pip.py \n - python -m pip install oci oci-cli --user\n - oci db autonomous-data-warehouse create --compartment-id ocid1.compartment.oc1..aaaaaaaaxkrmyyd6ffbggujzbfuxoirbyp7qq3h6gg77x3dtejiydxc665ha --db-name testing --cpu-core-count 1 --data-storage-size-in-tbs 126 --admin-password Hell0W0rld##\n - oci os bucket create --compartment-id ocid1.compartment.oc1..aaaaaaaaxkrmyyd6ffbggujzbfuxoirbyp7qq3h6gg77x3dtejiydxc665ha --name test\n"
                        },
                        "meta": {},
                        "tainted": false
                    },
                    "deposed": [],
                    "provider": "provider.template"
                },
                "oci_core_instance.PrivateInstance": {
                    "type": "oci_core_instance",
                    "depends_on": [
                        "data.oci_identity_availability_domains.ads"
                    ],
                    "primary": {
                        "id": "ocid1.instance.oc1.iad.abuwcljtko437ypom2cd4qjnesm7knvx3ar45nldsbc2ubrmwdodo3a5qnpa",
                        "attributes": {
                            "agent_config.#": "1",
                            "agent_config.0.is_monitoring_disabled": "false",
                            "availability_domain": "GYSs:US-ASHBURN-AD-1",
                            "boot_volume_id": "ocid1.bootvolume.oc1.iad.abuwcljt4xmyfmqi6xzzjv7vxa4wgwugxkbyxcwcvenflaaq2ct2oqmx4pjq",
                            "compartment_id": "ocid1.compartment.oc1..aaaaaaaahgwc3smj626ovrbsohc44go42piwhzlmmgsnjmpqkdsokam2n4eq",
                            "create_vnic_details.#": "1",
                            "create_vnic_details.0.assign_public_ip": "false",
                            "create_vnic_details.0.defined_tags.%": "0",
                            "create_vnic_details.0.display_name": "Caroline_Private_Instance",
                            "create_vnic_details.0.freeform_tags.%": "0",
                            "create_vnic_details.0.hostname_label": "caroline-private-instance",
                            "create_vnic_details.0.private_ip": "10.0.1.8",
                            "create_vnic_details.0.skip_source_dest_check": "false",
                            "create_vnic_details.0.subnet_id": "ocid1.subnet.oc1.iad.aaaaaaaayqv5ojcqjenlxueodrqccwdp3y5xrinn5wzqtc44wp56uz5e7bfa",
                            "defined_tags.%": "0",
                            "display_name": "Caroline_Private_Instance",
                            "fault_domain": "FAULT-DOMAIN-3",
                            "freeform_tags.%": "0",
                            "hostname_label": "caroline-private-instance",
                            "id": "ocid1.instance.oc1.iad.abuwcljtko437ypom2cd4qjnesm7knvx3ar45nldsbc2ubrmwdodo3a5qnpa",
                            "image": "ocid1.image.oc1..aaaaaaaapa4matxgu5slju7ikdgukbsbi2zbb5mhsurxicwtsrv4bev6ln4a",
                            "launch_mode": "NATIVE",
                            "launch_options.#": "1",
                            "launch_options.0.boot_volume_type": "PARAVIRTUALIZED",
                            "launch_options.0.firmware": "UEFI_64",
                            "launch_options.0.is_consistent_volume_naming_enabled": "true",
                            "launch_options.0.is_pv_encryption_in_transit_enabled": "true",
                            "launch_options.0.network_type": "VFIO",
                            "launch_options.0.remote_data_volume_type": "PARAVIRTUALIZED",
                            "metadata.%": "2",
                            "metadata.ssh_authorized_keys": "ssh-rsa AAAAB3NzaC1yc2EAAAADAQABAAABAQDImhGEp5xr0BUwKrINri6aoVOmm2v18Ic1RQI5qXeprW/zCfY8VstHy/k1m5eq/FjxyRedMz0fTcvHYhp4UM3qcEjl/8S/WF3XHKA9RX/9UsUFmU9pTfjCEzvYOA5le+ESiBwtlPQonb5+fgJuNtmNq7XInqUc6p0cKTIuXpWANlESvE/QJftemPsRylFAySpQ1nT57TSoo219zDkVmw4g4z9hKYyL2jJbzq8xE9neocfIjl+lj3iYTIxbjzPYAbEZ/BoIR6rCUMH92TEVVlLJgu/MEGNgl/2Ks0lr2VGDSjxc+4f97sfIiyyp3z5K/gTE3PO6VTxIlUwiNXy6NH0B clyu@Carolines-MacBook-Pro-2.local",
                            "metadata.user_data": "IyEvYmluL3NoCmVjaG8gJ1RoaXMgaW5zdGFuY2Ugd2FzIHByb3Zpc2lvbmVkIGJ5IFRlcnJhZm9ybS4nID4+IC90bXAvbW90ZApta2RpciAvaG9tZS9vcGMvLm9jaS8KY2htb2QgNzAwIC9ob21lL29wYy8ub2NpCmNob3duIC1SIG9wYzpvcGMgL2hvbWUvb3BjLy5vY2kKY2QgL2hvbWUvb3BjLy5vY2kvCnRvdWNoIC9ob21lL29wYy8ub2NpL29jaV9wcml2YXRlX2tleS5wZW0KY2htb2QgNzAwIC9ob21lL29wYy8ub2NpL29jaV9wcml2YXRlX2tleS5wZW0gCmVjaG8gIi0tLS0tQkVHSU4gUlNBIFBSSVZBVEUgS0VZLS0tLS0KTUlJRW93SUJBQUtDQVFFQXRRWW1hV2c1cDZVdXVZNEcrbXFwSVZ4UUNUa3IxZ3dtaXFva2pDMGVsN3Y2d2RGbQpPOHBsUHcxRlpoRXJVR05TQTV4bGMvT2M4L1U4NVp2NkZzN2RyYzBCSy9mOWh3T1JxUnFFeFFpZGV6RVRFdldTCkQ0QU5ZajdWK2s5NVRwUWsyRm5IUlBjaTVwLzFqSmhTWjA5d2ljVDhWbS9DMmF4NjlvT0k1bkNxUGhMaTE2QjQKdlhZcGZDWEJWRFJvbGNTU3Bta1B3US9udE5QTERzKzN4WG1Gdk5jQUNFeXlxa281bEtlQzZGTTBZRkdteDFDMQowL0FlMGFZZStISFU4UkdQeC9jVXlXQlJrcW1MS0ZJZFBZT0QxeFFHMFpMakkyd21CWFJWMFNmYmdFYVZkWlQzCkZDdFhjVlRUbXBVKzZySmFHUGtxT2QrS05UQU9CUFRDOUV3Y05RSURBUUFCQW9JQkFBcGFRN0FiaWRDUW5jOTIKMCtkV1dqM1NMYkdaVjJ4eVhYSG9zUlpqTGpDM1MydnlNY3FSbEtDNmZaR013ZEZqSExtZ0pCMHhmWFJtUGdsVApsa1hmcHNYZHg0ZGdNMXVaVktjN0lRU3pyVzN5TElrVkNqbGd0V004L0xmSCs4UUdyT1RDbmFiUUMycnRFdm5yCmJDc0VYQWRGQUxsZ3d0LzRBVUEvM1lCd1NRd3JwNnBRbHhFUVBEY00vcUhncFgyaDFLZ2EySEFqdlE4aHlyZmQKMHZrMUNvNkdFdTU0blRKdlREK0hyMzJON21rUThoTk9tSG1RTUdZY2ZWRlhUakJuRVpFcytrM1F1K0FRam12MgorZGNVTC9xcDdYaXZXcG15MDVTR0Q4R2x1WldReDNiRWxQeDd0TmZ6YXAxTS9ta21ZNWhPSmRlWlhHUnBKWXNFCndhVU5WNEVDZ1lFQTVNdWFEbXdyM0JqVHhNL2Vqajk3S0NjMFBGRUtNM2JTOS85b2N5b0ZZSldXd2NwSXRlRmkKNUhDU2kycTAvbzc2UE9ZdmlCQlB0MUw4MktWdkJ5VE1pT0ZYZ2FHbGl6cEFnemZjUUtxT1FPMkJHOVREL090TwpoSmY0VFZwUk8yV0lFUXJOdjczeHJ0QkNoRmsrTlBDR05pSlhBY1JncGxrb2FvdTZDM3pTUUMwQ2dZRUF5b3hxCjNQUXNLVjlwcEJLNmNDek9DbmVYSlRLSmxYSkQ2SWZhWHFEcXZFVDg3dmt5ZE1vOFpEOW9YUXAvbk9NazdZenYKTWgvdFVPOHAveW44alZiNXdrN1JEOUtObEVyK1R2QmRiQ1MzQ0lYK2plcTRSWCtabE9kL2tORXJwWjMvZUxNdApKQ09pTlZ0aWRYUzdEZTNTdjhpZFhlT25tV3k2TDU3R2pseC9TU2tDZ1lBYllXNVBXWXlxSzJKMGhEZnJLQmV5CkIzY04zTmp1cmNLem9TSTczZ1NFdVlJd01PZ2d0QmRrcFVBMFpSSENBUlJiWTJTKzBNenBjSW9IMTB5Qk8xc3EKNm1UUmc2blBEcXFYeVlDWFVKSHpuVGk5UHVveGcydURITGkvY1JhVm1DSC9nQjU5V3Ryb2c4M2lEdGdOOTlibgo5WllhQlFsWC93V0NNclNTR1Y4RUJRS0JnRTJoTDd2cm9abGh4ajFxS0NhaUpYNEJnOTV2MWlkL0dlUGZYYVJ6CkRFU0lOR0RyQlptWmdUZnl6VzhMZlFtR1RUcjJqeDZvK2UzUkhFbDlzQndEdjhubkoxMW5GM2hFbmQ5blpJYjAKTTJxQzRLTkgyTVJhT1dUR3JTKzEyNEtvWWFmREZJUUxYRG9UQWxOK0g4c2c0V3M3Mm9TSG9rNjlTMGJCRmR5dQpPdUt4QW9HQkFJZTdTeUM3cDFTbk0xUjlBTlhOWEtEUFdhSXlRb2tkS0psbzJLUXpaajNBSkpHQjF0Q1pyd0s4CmM4S0ZqWUM2L09hWGIrUmxuOW84Zm90VHM1SVQxNXFNWWVudHJyc052ZXR0NGlQWndIZVc3cHQybktZbDhKNGIKWHMvOE1Mc28zQmEvbDlTMVNQc1JwKzcrSEdRS004dXd0eDFEZlNMaFZWUzFVQkcrbkZKSwotLS0tLUVORCBSU0EgUFJJVkFURSBLRVktLS0tLQoiID4+IC9ob21lL29wYy8ub2NpL29jaV9wcml2YXRlX2tleS5wZW0KdG91Y2ggL2hvbWUvb3BjLy5vY2kvb2NpX3B1YmxpY19rZXkucGVtCmNobW9kIDcwMCAvaG9tZS9vcGMvLm9jaS9vY2lfcHVibGljX2tleS5wZW0gCmVjaG8gIi0tLS0tQkVHSU4gUFVCTElDIEtFWS0tLS0tCk1JSUJJakFOQmdrcWhraUc5dzBCQVFFRkFBT0NBUThBTUlJQkNnS0NBUUVBdFFZbWFXZzVwNlV1dVk0RyttcXAKSVZ4UUNUa3IxZ3dtaXFva2pDMGVsN3Y2d2RGbU84cGxQdzFGWmhFclVHTlNBNXhsYy9PYzgvVTg1WnY2RnM3ZApyYzBCSy9mOWh3T1JxUnFFeFFpZGV6RVRFdldTRDRBTllqN1Yrazk1VHBRazJGbkhSUGNpNXAvMWpKaFNaMDl3CmljVDhWbS9DMmF4NjlvT0k1bkNxUGhMaTE2QjR2WFlwZkNYQlZEUm9sY1NTcG1rUHdRL250TlBMRHMrM3hYbUYKdk5jQUNFeXlxa281bEtlQzZGTTBZRkdteDFDMTAvQWUwYVllK0hIVThSR1B4L2NVeVdCUmtxbUxLRklkUFlPRAoxeFFHMFpMakkyd21CWFJWMFNmYmdFYVZkWlQzRkN0WGNWVFRtcFUrNnJKYUdQa3FPZCtLTlRBT0JQVEM5RXdjCk5RSURBUUFCCi0tLS0tRU5EIFBVQkxJQyBLRVktLS0tLQoiID4+IG9jaV9wdWJsaWNfa2V5LnBlbQp0b3VjaCAvaG9tZS9vcGMvLm9jaS9jb25maWcKY2htb2QgNzAwIC9ob21lL29wYy8ub2NpL2NvbmZpZwplY2hvICJbREVGQVVMVF0KdXNlcj1vY2lkMS51c2VyLm9jMS4uYWFhYWFhYWF0ZnY1cnkyaDdjYXBlMmFmYXRqNGxjbjN5d3pxajZzZWtzam1mYXppcHpreWtvM3d2eWtxCmZpbmdlcnByaW50PWY1Ojk1OjkxOjE0Ojg0OjM4OmI1OjNkOjRjOjJjOjFlOmUyOjY5OjhlOjMzOjNlCmtleV9maWxlPS9ob21lL29wYy8ub2NpL29jaV9wcml2YXRlX2tleS5wZW0KdGVuYW5jeT1vY2lkMS50ZW5hbmN5Lm9jMS4uYWFhYWFhYWFxaDN6bm5mbTZoZWdmNTVzNm8yaWpvaHVyY3N5eGFzZHNpcXBxNTd6NW5wa3NleWNvczVxCnJlZ2lvbj11cy1hc2hidXJuLTEKIiA+PiAvaG9tZS9vcGMvLm9jaS9jb25maWcKb2NpIHNldHVwIHJlcGFpci1maWxlLXBlcm1pc3Npb25zIC0tZmlsZSAvaG9tZS9vcGMvLm9jaS9jb25maWcgCm9jaSBzZXR1cCByZXBhaXItZmlsZS1wZXJtaXNzaW9ucyAtLWZpbGUgL2hvbWUvb3BjLy5vY2kvb2NpX3ByaXZhdGVfa2V5LnBlbSAKIyB0b3VjaCAvaG9tZS9vcGMvLm9jaS9vY2lfY3JlYXRpb24uc2gKY2hvd24gLVIgb3BjOm9wYyAvaG9tZS9vcGMvLm9jaQojIGNobW9kIDcwMCAvaG9tZS9vcGMvLm9jaS9vY2lfY3JlYXRpb24uc2gKIyBlY2hvICJvY2kgLS1jb25maWctZmlsZSAvaG9tZS9vcGMvLm9jaS9jb25maWcgZGIgYXV0b25vbW91cy1kYXRhLXdhcmVob3VzZSBjcmVhdGUgLS1jb21wYXJ0bWVudC1pZCBvY2lkMS5jb21wYXJ0bWVudC5vYzEuLmFhYWFhYWFhaGd3YzNzbWo2MjZvdnJic29oYzQ0Z280MnBpd2h6bG1tZ3Nuam1wcWtkc29rYW0ybjRlcSAtLWRiLW5hbWUgdGVzdGluZzIgLS1jcHUtY29yZS1jb3VudCAxIC0tZGF0YS1zdG9yYWdlLXNpemUtaW4tdGJzIDEgLS1hZG1pbi1wYXNzd29yZCBIZWxsMFcwcmxkIyMiID4+IC9ob21lL29wYy8ub2NpL29jaV9jcmVhdGlvbi5zaAojIGJhc2ggL2hvbWUvb3BjLy5vY2kvb2NpX2NyZWF0aW9uLnNoID4gL3RtcC9vY2lfY3JlYXRpb24ub3V0Ci91c3IvYmluL29jaSAtLWNvbmZpZy1maWxlIC9ob21lL29wYy8ub2NpL2NvbmZpZyBkYiBhdXRvbm9tb3VzLWRhdGEtd2FyZWhvdXNlIGNyZWF0ZSAtLWNvbXBhcnRtZW50LWlkIG9jaWQxLmNvbXBhcnRtZW50Lm9jMS4uYWFhYWFhYWFoZ3djM3NtajYyNm92cmJzb2hjNDRnbzQycGl3aHpsbW1nc25qbXBxa2Rzb2thbTJuNGVxIC0tZGItbmFtZSB0ZXN0aW5nIC0tY3B1LWNvcmUtY291bnQgMSAtLWRhdGEtc3RvcmFnZS1zaXplLWluLXRicyAxIC0tYWRtaW4tcGFzc3dvcmQgSGVsbDBXMHJsZCMjCg==",
                            "private_ip": "10.0.1.8",
                            "public_ip": "",
                            "region": "iad",
                            "shape": "VM.Standard2.2",
                            "source_details.#": "1",
                            "source_details.0.boot_volume_size_in_gbs": "47",
                            "source_details.0.kms_key_id": "",
                            "source_details.0.source_id": "ocid1.image.oc1..aaaaaaaapa4matxgu5slju7ikdgukbsbi2zbb5mhsurxicwtsrv4bev6ln4a",
                            "source_details.0.source_type": "image",
                            "state": "RUNNING",
                            "subnet_id": "ocid1.subnet.oc1.iad.aaaaaaaayqv5ojcqjenlxueodrqccwdp3y5xrinn5wzqtc44wp56uz5e7bfa",
                            "time_created": "2019-04-08 22:17:21.069 +0000 UTC",
                            "time_maintenance_reboot_due": ""
                        },
                        "meta": {
                            "e2bfb730-ecaa-11e6-8f88-34363bc7c4c0": {
                                "create": 3600000000000,
                                "delete": 7200000000000,
                                "update": 7200000000000
                            }
                        },
                        "tainted": false
                    },
                    "deposed": [],
                    "provider": "provider.oci"
                },
                "oci_core_instance.PublicInstance": {
                    "type": "oci_core_instance",
                    "depends_on": [
                        "data.oci_identity_availability_domains.ads"
                    ],
                    "primary": {
                        "id": "ocid1.instance.oc1.iad.abuwcljt5556vncirolu2b7j6plz7hij7o3d5jiwolzd7nhdxndbpv7xcu2q",
                        "attributes": {
                            "agent_config.#": "1",
                            "agent_config.0.is_monitoring_disabled": "false",
                            "availability_domain": "GYSs:US-ASHBURN-AD-1",
                            "boot_volume_id": "ocid1.bootvolume.oc1.iad.abuwcljtihv4mnooxcnq6rmlpyisgmvwtkssqsiy4kzynivqgb4dc7m5tgya",
                            "compartment_id": "ocid1.compartment.oc1..aaaaaaaahgwc3smj626ovrbsohc44go42piwhzlmmgsnjmpqkdsokam2n4eq",
                            "create_vnic_details.#": "1",
                            "create_vnic_details.0.assign_public_ip": "true",
                            "create_vnic_details.0.defined_tags.%": "0",
                            "create_vnic_details.0.display_name": "primaryvnic",
                            "create_vnic_details.0.freeform_tags.%": "0",
                            "create_vnic_details.0.hostname_label": "testinstance",
                            "create_vnic_details.0.private_ip": "10.0.2.4",
                            "create_vnic_details.0.skip_source_dest_check": "false",
                            "create_vnic_details.0.subnet_id": "ocid1.subnet.oc1.iad.aaaaaaaa6fqtsa2c7u7v5iodiurhdruxiuboowsyapotc3rskltmwf2hgwpa",
                            "defined_tags.%": "0",
                            "display_name": "Caroline_Public_Instance",
                            "fault_domain": "FAULT-DOMAIN-3",
                            "freeform_tags.%": "0",
                            "hostname_label": "testinstance",
                            "id": "ocid1.instance.oc1.iad.abuwcljt5556vncirolu2b7j6plz7hij7o3d5jiwolzd7nhdxndbpv7xcu2q",
                            "image": "ocid1.image.oc1.iad.aaaaaaaa2tq67tvbeavcmioghquci6p3pvqwbneq3vfy7fe7m7geiga4cnxa",
                            "launch_mode": "NATIVE",
                            "launch_options.#": "1",
                            "launch_options.0.boot_volume_type": "PARAVIRTUALIZED",
                            "launch_options.0.firmware": "UEFI_64",
                            "launch_options.0.is_consistent_volume_naming_enabled": "false",
                            "launch_options.0.is_pv_encryption_in_transit_enabled": "true",
                            "launch_options.0.network_type": "VFIO",
                            "launch_options.0.remote_data_volume_type": "PARAVIRTUALIZED",
                            "metadata.%": "1",
                            "metadata.ssh_authorized_keys": "ssh-rsa AAAAB3NzaC1yc2EAAAADAQABAAABAQDImhGEp5xr0BUwKrINri6aoVOmm2v18Ic1RQI5qXeprW/zCfY8VstHy/k1m5eq/FjxyRedMz0fTcvHYhp4UM3qcEjl/8S/WF3XHKA9RX/9UsUFmU9pTfjCEzvYOA5le+ESiBwtlPQonb5+fgJuNtmNq7XInqUc6p0cKTIuXpWANlESvE/QJftemPsRylFAySpQ1nT57TSoo219zDkVmw4g4z9hKYyL2jJbzq8xE9neocfIjl+lj3iYTIxbjzPYAbEZ/BoIR6rCUMH92TEVVlLJgu/MEGNgl/2Ks0lr2VGDSjxc+4f97sfIiyyp3z5K/gTE3PO6VTxIlUwiNXy6NH0B clyu@Carolines-MacBook-Pro-2.local",
                            "private_ip": "10.0.2.4",
                            "public_ip": "132.145.216.201",
                            "region": "iad",
                            "shape": "VM.Standard2.1",
                            "source_details.#": "1",
                            "source_details.0.boot_volume_size_in_gbs": "47",
                            "source_details.0.kms_key_id": "",
                            "source_details.0.source_id": "ocid1.image.oc1.iad.aaaaaaaa2tq67tvbeavcmioghquci6p3pvqwbneq3vfy7fe7m7geiga4cnxa",
                            "source_details.0.source_type": "image",
                            "state": "RUNNING",
                            "subnet_id": "ocid1.subnet.oc1.iad.aaaaaaaa6fqtsa2c7u7v5iodiurhdruxiuboowsyapotc3rskltmwf2hgwpa",
                            "time_created": "2019-04-08 20:48:21.279 +0000 UTC",
                            "time_maintenance_reboot_due": ""
                        },
                        "meta": {
                            "e2bfb730-ecaa-11e6-8f88-34363bc7c4c0": {
                                "create": 3600000000000,
                                "delete": 7200000000000,
                                "update": 7200000000000
                            }
                        },
                        "tainted": false
                    },
                    "deposed": [],
                    "provider": "provider.oci"
                }
            },
            "depends_on": []
        },
        {
            "path": [
                "root",
                "network"
            ],
            "outputs": {
                "subnet_a": {
                    "sensitive": false,
                    "type": "string",
                    "value": "ocid1.subnet.oc1.iad.aaaaaaaayqv5ojcqjenlxueodrqccwdp3y5xrinn5wzqtc44wp56uz5e7bfa"
                },
                "subnet_b": {
                    "sensitive": false,
                    "type": "string",
                    "value": "ocid1.subnet.oc1.iad.aaaaaaaa6fqtsa2c7u7v5iodiurhdruxiuboowsyapotc3rskltmwf2hgwpa"
                },
                "vcn_id": {
                    "sensitive": false,
                    "type": "string",
                    "value": "ocid1.vcn.oc1.iad.aaaaaaaazigrprof5r2djkoipuyzh7u6qktiidum3awjr4pfvdgab4ns4c5q"
                }
            },
            "resources": {
                "data.oci_identity_availability_domains.ads": {
                    "type": "oci_identity_availability_domains",
                    "depends_on": [],
                    "primary": {
                        "id": "2019-04-08 22:15:50.789061 +0000 UTC",
                        "attributes": {
                            "availability_domains.#": "3",
                            "availability_domains.0.compartment_id": "ocid1.compartment.oc1..aaaaaaaahgwc3smj626ovrbsohc44go42piwhzlmmgsnjmpqkdsokam2n4eq",
                            "availability_domains.0.id": "ocid1.availabilitydomain.oc1..aaaaaaaatrwxaogr7dl4yschqtrmqrdv6uzis3mgbnomiagqrfhcb7mxsfdq",
                            "availability_domains.0.name": "GYSs:US-ASHBURN-AD-1",
                            "availability_domains.1.compartment_id": "ocid1.compartment.oc1..aaaaaaaahgwc3smj626ovrbsohc44go42piwhzlmmgsnjmpqkdsokam2n4eq",
                            "availability_domains.1.id": "ocid1.availabilitydomain.oc1..aaaaaaaauvt2n7pijol7uqgdnnsoojcukrijtmcltvfwxazmitk235wyohta",
                            "availability_domains.1.name": "GYSs:US-ASHBURN-AD-2",
                            "availability_domains.2.compartment_id": "ocid1.compartment.oc1..aaaaaaaahgwc3smj626ovrbsohc44go42piwhzlmmgsnjmpqkdsokam2n4eq",
                            "availability_domains.2.id": "ocid1.availabilitydomain.oc1..aaaaaaaaztunlny6ae4yw2vghp5go2zceaonwp6wiioe3tnh2vlaxjjl2n3a",
                            "availability_domains.2.name": "GYSs:US-ASHBURN-AD-3",
                            "compartment_id": "ocid1.compartment.oc1..aaaaaaaahgwc3smj626ovrbsohc44go42piwhzlmmgsnjmpqkdsokam2n4eq",
                            "id": "2019-04-08 22:15:50.789061 +0000 UTC"
                        },
                        "meta": {},
                        "tainted": false
                    },
                    "deposed": [],
                    "provider": "provider.oci"
                },
                "oci_core_internet_gateway.gateway": {
                    "type": "oci_core_internet_gateway",
                    "depends_on": [
                        "oci_core_vcn.default_vcn"
                    ],
                    "primary": {
                        "id": "ocid1.internetgateway.oc1.iad.aaaaaaaamfyi252eqixvv73n3fabwcureqypsl7ubcvdwcs7thuiu4st2wfa",
                        "attributes": {
                            "compartment_id": "ocid1.compartment.oc1..aaaaaaaahgwc3smj626ovrbsohc44go42piwhzlmmgsnjmpqkdsokam2n4eq",
                            "defined_tags.%": "0",
                            "display_name": "gateway",
                            "enabled": "true",
                            "freeform_tags.%": "0",
                            "id": "ocid1.internetgateway.oc1.iad.aaaaaaaamfyi252eqixvv73n3fabwcureqypsl7ubcvdwcs7thuiu4st2wfa",
                            "state": "AVAILABLE",
                            "time_created": "2019-04-08 18:57:33.142 +0000 UTC",
                            "vcn_id": "ocid1.vcn.oc1.iad.aaaaaaaazigrprof5r2djkoipuyzh7u6qktiidum3awjr4pfvdgab4ns4c5q"
                        },
                        "meta": {
                            "e2bfb730-ecaa-11e6-8f88-34363bc7c4c0": {
                                "create": 900000000000,
                                "delete": 900000000000,
                                "update": 900000000000
                            }
                        },
                        "tainted": false
                    },
                    "deposed": [],
                    "provider": "provider.oci"
                },
                "oci_core_route_table.private_route_table": {
                    "type": "oci_core_route_table",
                    "depends_on": [
                        "oci_core_vcn.default_vcn"
                    ],
                    "primary": {
                        "id": "ocid1.routetable.oc1.iad.aaaaaaaausa7rtn4a4nnbvfhrzs4wl3ndunhlb75lp5jw7e33a5rvfgkerza",
                        "attributes": {
                            "compartment_id": "ocid1.compartment.oc1..aaaaaaaahgwc3smj626ovrbsohc44go42piwhzlmmgsnjmpqkdsokam2n4eq",
                            "defined_tags.%": "0",
                            "display_name": "Private Route Table",
                            "freeform_tags.%": "0",
                            "id": "ocid1.routetable.oc1.iad.aaaaaaaausa7rtn4a4nnbvfhrzs4wl3ndunhlb75lp5jw7e33a5rvfgkerza",
                            "route_rules.#": "1",
                            "route_rules.659474615.cidr_block": "",
                            "route_rules.659474615.destination": "all-iad-services-in-oracle-services-network",
                            "route_rules.659474615.destination_type": "SERVICE_CIDR_BLOCK",
                            "route_rules.659474615.network_entity_id": "ocid1.servicegateway.oc1.iad.aaaaaaaan7n47knm5xghug3yyvm64j2rt547lk7oaxsqb4gin4lo76k2xtha",
                            "state": "AVAILABLE",
                            "time_created": "2019-04-08 18:57:36.924 +0000 UTC",
                            "vcn_id": "ocid1.vcn.oc1.iad.aaaaaaaazigrprof5r2djkoipuyzh7u6qktiidum3awjr4pfvdgab4ns4c5q"
                        },
                        "meta": {
                            "e2bfb730-ecaa-11e6-8f88-34363bc7c4c0": {
                                "create": 900000000000,
                                "delete": 900000000000,
                                "update": 900000000000
                            }
                        },
                        "tainted": false
                    },
                    "deposed": [],
                    "provider": "provider.oci"
                },
                "oci_core_route_table.route_table": {
                    "type": "oci_core_route_table",
                    "depends_on": [
                        "oci_core_internet_gateway.gateway",
                        "oci_core_vcn.default_vcn"
                    ],
                    "primary": {
                        "id": "ocid1.routetable.oc1.iad.aaaaaaaapwyecrvz3xyzlul72uxzrssh3knyz7scxjudzgjcxzifjx2t2jmq",
                        "attributes": {
                            "compartment_id": "ocid1.compartment.oc1..aaaaaaaahgwc3smj626ovrbsohc44go42piwhzlmmgsnjmpqkdsokam2n4eq",
                            "defined_tags.%": "0",
                            "display_name": "Route Table",
                            "freeform_tags.%": "0",
                            "id": "ocid1.routetable.oc1.iad.aaaaaaaapwyecrvz3xyzlul72uxzrssh3knyz7scxjudzgjcxzifjx2t2jmq",
                            "route_rules.#": "1",
                            "route_rules.2822135418.cidr_block": "0.0.0.0/0",
                            "route_rules.2822135418.destination": "0.0.0.0/0",
                            "route_rules.2822135418.destination_type": "CIDR_BLOCK",
                            "route_rules.2822135418.network_entity_id": "ocid1.internetgateway.oc1.iad.aaaaaaaamfyi252eqixvv73n3fabwcureqypsl7ubcvdwcs7thuiu4st2wfa",
                            "state": "AVAILABLE",
                            "time_created": "2019-04-08 18:57:33.845 +0000 UTC",
                            "vcn_id": "ocid1.vcn.oc1.iad.aaaaaaaazigrprof5r2djkoipuyzh7u6qktiidum3awjr4pfvdgab4ns4c5q"
                        },
                        "meta": {
                            "e2bfb730-ecaa-11e6-8f88-34363bc7c4c0": {
                                "create": 900000000000,
                                "delete": 900000000000,
                                "update": 900000000000
                            }
                        },
                        "tainted": false
                    },
                    "deposed": [],
                    "provider": "provider.oci"
                },
                "oci_core_security_list.private_security_list": {
                    "type": "oci_core_security_list",
                    "depends_on": [
                        "oci_core_vcn.default_vcn"
                    ],
                    "primary": {
                        "id": "ocid1.securitylist.oc1.iad.aaaaaaaafl74db2krhbinappkinuvtkx45ovthl6xmjl2vd3ainwm2mf4dkq",
                        "attributes": {
                            "compartment_id": "ocid1.compartment.oc1..aaaaaaaahgwc3smj626ovrbsohc44go42piwhzlmmgsnjmpqkdsokam2n4eq",
                            "defined_tags.%": "0",
                            "display_name": "Private_Security List",
                            "egress_security_rules.#": "2",
                            "egress_security_rules.1582479153.destination": "0.0.0.0/0",
                            "egress_security_rules.1582479153.destination_type": "CIDR_BLOCK",
                            "egress_security_rules.1582479153.icmp_options.#": "0",
                            "egress_security_rules.1582479153.protocol": "all",
                            "egress_security_rules.1582479153.stateless": "false",
                            "egress_security_rules.1582479153.tcp_options.#": "0",
                            "egress_security_rules.1582479153.udp_options.#": "0",
                            "egress_security_rules.931196246.destination": "all-iad-services-in-oracle-services-network",
                            "egress_security_rules.931196246.destination_type": "SERVICE_CIDR_BLOCK",
                            "egress_security_rules.931196246.icmp_options.#": "0",
                            "egress_security_rules.931196246.protocol": "all",
                            "egress_security_rules.931196246.stateless": "false",
                            "egress_security_rules.931196246.tcp_options.#": "0",
                            "egress_security_rules.931196246.udp_options.#": "0",
                            "freeform_tags.%": "0",
                            "id": "ocid1.securitylist.oc1.iad.aaaaaaaafl74db2krhbinappkinuvtkx45ovthl6xmjl2vd3ainwm2mf4dkq",
                            "ingress_security_rules.#": "4",
                            "ingress_security_rules.1656913282.icmp_options.#": "0",
                            "ingress_security_rules.1656913282.protocol": "6",
                            "ingress_security_rules.1656913282.source": "10.0.2.0/24",
                            "ingress_security_rules.1656913282.source_type": "CIDR_BLOCK",
                            "ingress_security_rules.1656913282.stateless": "false",
                            "ingress_security_rules.1656913282.tcp_options.#": "1",
                            "ingress_security_rules.1656913282.tcp_options.0.max": "80",
                            "ingress_security_rules.1656913282.tcp_options.0.min": "80",
                            "ingress_security_rules.1656913282.tcp_options.0.source_port_range.#": "0",
                            "ingress_security_rules.1656913282.udp_options.#": "0",
                            "ingress_security_rules.2251877072.icmp_options.#": "0",
                            "ingress_security_rules.2251877072.protocol": "6",
                            "ingress_security_rules.2251877072.source": "10.0.2.0/24",
                            "ingress_security_rules.2251877072.source_type": "CIDR_BLOCK",
                            "ingress_security_rules.2251877072.stateless": "false",
                            "ingress_security_rules.2251877072.tcp_options.#": "1",
                            "ingress_security_rules.2251877072.tcp_options.0.max": "22",
                            "ingress_security_rules.2251877072.tcp_options.0.min": "22",
                            "ingress_security_rules.2251877072.tcp_options.0.source_port_range.#": "0",
                            "ingress_security_rules.2251877072.udp_options.#": "0",
                            "ingress_security_rules.2631025751.icmp_options.#": "0",
                            "ingress_security_rules.2631025751.protocol": "1",
                            "ingress_security_rules.2631025751.source": "10.0.2.0/24",
                            "ingress_security_rules.2631025751.source_type": "CIDR_BLOCK",
                            "ingress_security_rules.2631025751.stateless": "false",
                            "ingress_security_rules.2631025751.tcp_options.#": "0",
                            "ingress_security_rules.2631025751.udp_options.#": "0",
                            "ingress_security_rules.813412743.icmp_options.#": "0",
                            "ingress_security_rules.813412743.protocol": "6",
                            "ingress_security_rules.813412743.source": "10.0.2.0/24",
                            "ingress_security_rules.813412743.source_type": "CIDR_BLOCK",
                            "ingress_security_rules.813412743.stateless": "false",
                            "ingress_security_rules.813412743.tcp_options.#": "1",
                            "ingress_security_rules.813412743.tcp_options.0.max": "8080",
                            "ingress_security_rules.813412743.tcp_options.0.min": "8080",
                            "ingress_security_rules.813412743.tcp_options.0.source_port_range.#": "0",
                            "ingress_security_rules.813412743.udp_options.#": "0",
                            "state": "AVAILABLE",
                            "time_created": "2019-04-08 18:57:33.177 +0000 UTC",
                            "vcn_id": "ocid1.vcn.oc1.iad.aaaaaaaazigrprof5r2djkoipuyzh7u6qktiidum3awjr4pfvdgab4ns4c5q"
                        },
                        "meta": {
                            "e2bfb730-ecaa-11e6-8f88-34363bc7c4c0": {
                                "create": 900000000000,
                                "delete": 900000000000,
                                "update": 900000000000
                            }
                        },
                        "tainted": false
                    },
                    "deposed": [],
                    "provider": "provider.oci"
                },
                "oci_core_subnet.subnet_a": {
                    "type": "oci_core_subnet",
                    "depends_on": [
                        "data.oci_identity_availability_domains.ads",
                        "oci_core_route_table.private_route_table",
                        "oci_core_security_list.private_security_list",
                        "oci_core_vcn.default_vcn"
                    ],
                    "primary": {
                        "id": "ocid1.subnet.oc1.iad.aaaaaaaayqv5ojcqjenlxueodrqccwdp3y5xrinn5wzqtc44wp56uz5e7bfa",
                        "attributes": {
                            "availability_domain": "GYSs:US-ASHBURN-AD-1",
                            "cidr_block": "10.0.1.0/24",
                            "compartment_id": "ocid1.compartment.oc1..aaaaaaaahgwc3smj626ovrbsohc44go42piwhzlmmgsnjmpqkdsokam2n4eq",
                            "defined_tags.%": "0",
                            "dhcp_options_id": "ocid1.dhcpoptions.oc1.iad.aaaaaaaakxuxsghykdrtdftj6rmhobkyh7ype36oeq5ueozvpxbikfjacqha",
                            "display_name": "Subnet A",
                            "dns_label": "subneta",
                            "freeform_tags.%": "0",
                            "id": "ocid1.subnet.oc1.iad.aaaaaaaayqv5ojcqjenlxueodrqccwdp3y5xrinn5wzqtc44wp56uz5e7bfa",
                            "prohibit_public_ip_on_vnic": "true",
                            "route_table_id": "ocid1.routetable.oc1.iad.aaaaaaaausa7rtn4a4nnbvfhrzs4wl3ndunhlb75lp5jw7e33a5rvfgkerza",
                            "security_list_ids.#": "1",
                            "security_list_ids.3661244630": "ocid1.securitylist.oc1.iad.aaaaaaaafl74db2krhbinappkinuvtkx45ovthl6xmjl2vd3ainwm2mf4dkq",
                            "state": "AVAILABLE",
                            "subnet_domain_name": "subneta.vcn.oraclevcn.com",
                            "time_created": "2019-04-08 18:57:37.398 +0000 UTC",
                            "vcn_id": "ocid1.vcn.oc1.iad.aaaaaaaazigrprof5r2djkoipuyzh7u6qktiidum3awjr4pfvdgab4ns4c5q",
                            "virtual_router_ip": "10.0.1.1",
                            "virtual_router_mac": "00:00:17:E8:13:CF"
                        },
                        "meta": {
                            "e2bfb730-ecaa-11e6-8f88-34363bc7c4c0": {
                                "create": 900000000000,
                                "delete": 900000000000,
                                "update": 900000000000
                            }
                        },
                        "tainted": false
                    },
                    "deposed": [],
                    "provider": "provider.oci"
                },
                "oci_core_subnet.subnet_b": {
                    "type": "oci_core_subnet",
                    "depends_on": [
                        "data.oci_identity_availability_domains.ads",
                        "oci_core_route_table.route_table",
                        "oci_core_vcn.default_vcn"
                    ],
                    "primary": {
                        "id": "ocid1.subnet.oc1.iad.aaaaaaaa6fqtsa2c7u7v5iodiurhdruxiuboowsyapotc3rskltmwf2hgwpa",
                        "attributes": {
                            "availability_domain": "GYSs:US-ASHBURN-AD-1",
                            "cidr_block": "10.0.2.0/24",
                            "compartment_id": "ocid1.compartment.oc1..aaaaaaaahgwc3smj626ovrbsohc44go42piwhzlmmgsnjmpqkdsokam2n4eq",
                            "defined_tags.%": "0",
                            "dhcp_options_id": "ocid1.dhcpoptions.oc1.iad.aaaaaaaakxuxsghykdrtdftj6rmhobkyh7ype36oeq5ueozvpxbikfjacqha",
                            "display_name": "Subnet B",
                            "dns_label": "subnetb",
                            "freeform_tags.%": "0",
                            "id": "ocid1.subnet.oc1.iad.aaaaaaaa6fqtsa2c7u7v5iodiurhdruxiuboowsyapotc3rskltmwf2hgwpa",
                            "prohibit_public_ip_on_vnic": "false",
                            "route_table_id": "ocid1.routetable.oc1.iad.aaaaaaaapwyecrvz3xyzlul72uxzrssh3knyz7scxjudzgjcxzifjx2t2jmq",
                            "security_list_ids.#": "1",
                            "security_list_ids.3053035149": "ocid1.securitylist.oc1.iad.aaaaaaaapzgtkyxhfkd5syc4fq4wikfi3ol2ehha53byp6iqcdrvbc4vrl6q",
                            "state": "AVAILABLE",
                            "subnet_domain_name": "subnetb.vcn.oraclevcn.com",
                            "time_created": "2019-04-08 18:57:34.521 +0000 UTC",
                            "vcn_id": "ocid1.vcn.oc1.iad.aaaaaaaazigrprof5r2djkoipuyzh7u6qktiidum3awjr4pfvdgab4ns4c5q",
                            "virtual_router_ip": "10.0.2.1",
                            "virtual_router_mac": "00:00:17:E8:13:CF"
                        },
                        "meta": {
                            "e2bfb730-ecaa-11e6-8f88-34363bc7c4c0": {
                                "create": 900000000000,
                                "delete": 900000000000,
                                "update": 900000000000
                            }
                        },
                        "tainted": false
                    },
                    "deposed": [],
                    "provider": "provider.oci"
                },
                "oci_core_vcn.default_vcn": {
                    "type": "oci_core_vcn",
                    "depends_on": [],
                    "primary": {
                        "id": "ocid1.vcn.oc1.iad.aaaaaaaazigrprof5r2djkoipuyzh7u6qktiidum3awjr4pfvdgab4ns4c5q",
                        "attributes": {
                            "cidr_block": "10.0.0.0/16",
                            "compartment_id": "ocid1.compartment.oc1..aaaaaaaahgwc3smj626ovrbsohc44go42piwhzlmmgsnjmpqkdsokam2n4eq",
                            "default_dhcp_options_id": "ocid1.dhcpoptions.oc1.iad.aaaaaaaakxuxsghykdrtdftj6rmhobkyh7ype36oeq5ueozvpxbikfjacqha",
                            "default_route_table_id": "ocid1.routetable.oc1.iad.aaaaaaaakltap3dxfpb4lzceddiiep3fkmhyfxlq47isevgimh53jr3wbdeq",
                            "default_security_list_id": "ocid1.securitylist.oc1.iad.aaaaaaaapzgtkyxhfkd5syc4fq4wikfi3ol2ehha53byp6iqcdrvbc4vrl6q",
                            "defined_tags.%": "0",
                            "display_name": "Caroline_Burlington_VCN",
                            "dns_label": "vcn",
                            "freeform_tags.%": "0",
                            "id": "ocid1.vcn.oc1.iad.aaaaaaaazigrprof5r2djkoipuyzh7u6qktiidum3awjr4pfvdgab4ns4c5q",
                            "state": "AVAILABLE",
                            "time_created": "2019-04-08 18:57:32.431 +0000 UTC",
                            "vcn_domain_name": "vcn.oraclevcn.com"
                        },
                        "meta": {
                            "e2bfb730-ecaa-11e6-8f88-34363bc7c4c0": {
                                "create": 900000000000,
                                "delete": 900000000000,
                                "update": 900000000000
                            }
                        },
                        "tainted": false
                    },
                    "deposed": [],
                    "provider": "provider.oci"
                }
            },
            "depends_on": []
        },
        {
            "path": [
                "root",
                "servicegateway"
            ],
            "outputs": {
                "destination": {
                    "sensitive": false,
                    "type": "string",
                    "value": "all-iad-services-in-oracle-services-network"
                },
                "service_gateway_id": {
                    "sensitive": false,
                    "type": "string",
                    "value": "ocid1.servicegateway.oc1.iad.aaaaaaaan7n47knm5xghug3yyvm64j2rt547lk7oaxsqb4gin4lo76k2xtha"
                },
                "service_gateways": {
                    "sensitive": false,
                    "type": "list",
                    "value": [
                        {
                            "block_traffic": "0",
                            "compartment_id": "ocid1.compartment.oc1..aaaaaaaahgwc3smj626ovrbsohc44go42piwhzlmmgsnjmpqkdsokam2n4eq",
                            "defined_tags": {},
                            "display_name": "testServiceGateway",
                            "freeform_tags": {},
                            "id": "ocid1.servicegateway.oc1.iad.aaaaaaaan7n47knm5xghug3yyvm64j2rt547lk7oaxsqb4gin4lo76k2xtha",
                            "services": [
                                {
                                    "service_id": "ocid1.service.oc1.iad.aaaaaaaam4zfmy2rjue6fmglumm3czgisxzrnvrwqeodtztg7hwa272mlfna",
                                    "service_name": "All IAD Services In Oracle Services Network"
                                }
                            ],
                            "state": "AVAILABLE",
                            "time_created": "2019-04-08 18:57:33.278 +0000 UTC",
                            "vcn_id": "ocid1.vcn.oc1.iad.aaaaaaaazigrprof5r2djkoipuyzh7u6qktiidum3awjr4pfvdgab4ns4c5q"
                        }
                    ]
                },
                "services": {
                    "sensitive": false,
                    "type": "list",
                    "value": [
                        {
                            "cidr_block": "all-iad-services-in-oracle-services-network",
                            "description": "All IAD Services In Oracle Services Network",
                            "id": "ocid1.service.oc1.iad.aaaaaaaam4zfmy2rjue6fmglumm3czgisxzrnvrwqeodtztg7hwa272mlfna",
                            "name": "All IAD Services In Oracle Services Network"
                        }
                    ]
                }
            },
            "resources": {
                "data.oci_core_service_gateways.test_service_gateways": {
                    "type": "oci_core_service_gateways",
                    "depends_on": [],
                    "primary": {
                        "id": "2019-04-08 22:15:51.008163 +0000 UTC",
                        "attributes": {
                            "compartment_id": "ocid1.compartment.oc1..aaaaaaaahgwc3smj626ovrbsohc44go42piwhzlmmgsnjmpqkdsokam2n4eq",
                            "id": "2019-04-08 22:15:51.008163 +0000 UTC",
                            "service_gateways.#": "1",
                            "service_gateways.0.block_traffic": "false",
                            "service_gateways.0.compartment_id": "ocid1.compartment.oc1..aaaaaaaahgwc3smj626ovrbsohc44go42piwhzlmmgsnjmpqkdsokam2n4eq",
                            "service_gateways.0.defined_tags.%": "0",
                            "service_gateways.0.display_name": "testServiceGateway",
                            "service_gateways.0.freeform_tags.%": "0",
                            "service_gateways.0.id": "ocid1.servicegateway.oc1.iad.aaaaaaaan7n47knm5xghug3yyvm64j2rt547lk7oaxsqb4gin4lo76k2xtha",
                            "service_gateways.0.services.#": "1",
                            "service_gateways.0.services.0.service_id": "ocid1.service.oc1.iad.aaaaaaaam4zfmy2rjue6fmglumm3czgisxzrnvrwqeodtztg7hwa272mlfna",
                            "service_gateways.0.services.0.service_name": "All IAD Services In Oracle Services Network",
                            "service_gateways.0.state": "AVAILABLE",
                            "service_gateways.0.time_created": "2019-04-08 18:57:33.278 +0000 UTC",
                            "service_gateways.0.vcn_id": "ocid1.vcn.oc1.iad.aaaaaaaazigrprof5r2djkoipuyzh7u6qktiidum3awjr4pfvdgab4ns4c5q",
                            "state": "AVAILABLE",
                            "vcn_id": "ocid1.vcn.oc1.iad.aaaaaaaazigrprof5r2djkoipuyzh7u6qktiidum3awjr4pfvdgab4ns4c5q"
                        },
                        "meta": {},
                        "tainted": false
                    },
                    "deposed": [],
                    "provider": "provider.oci"
                },
                "data.oci_core_services.test_services": {
                    "type": "oci_core_services",
                    "depends_on": [],
                    "primary": {
                        "id": "2019-04-08 22:15:50.902437 +0000 UTC",
                        "attributes": {
                            "filter.#": "1",
                            "filter.3810912831.name": "name",
                            "filter.3810912831.regex": "true",
                            "filter.3810912831.values.#": "1",
                            "filter.3810912831.values.0": "All .* Services In Oracle Services Network",
                            "id": "2019-04-08 22:15:50.902437 +0000 UTC",
                            "services.#": "1",
                            "services.0.cidr_block": "all-iad-services-in-oracle-services-network",
                            "services.0.description": "All IAD Services In Oracle Services Network",
                            "services.0.id": "ocid1.service.oc1.iad.aaaaaaaam4zfmy2rjue6fmglumm3czgisxzrnvrwqeodtztg7hwa272mlfna",
                            "services.0.name": "All IAD Services In Oracle Services Network"
                        },
                        "meta": {},
                        "tainted": false
                    },
                    "deposed": [],
                    "provider": "provider.oci"
                },
                "oci_core_service_gateway.test_service_gateway": {
                    "type": "oci_core_service_gateway",
                    "depends_on": [
                        "data.oci_core_services.test_services"
                    ],
                    "primary": {
                        "id": "ocid1.servicegateway.oc1.iad.aaaaaaaan7n47knm5xghug3yyvm64j2rt547lk7oaxsqb4gin4lo76k2xtha",
                        "attributes": {
                            "block_traffic": "false",
                            "compartment_id": "ocid1.compartment.oc1..aaaaaaaahgwc3smj626ovrbsohc44go42piwhzlmmgsnjmpqkdsokam2n4eq",
                            "defined_tags.%": "0",
                            "display_name": "testServiceGateway",
                            "freeform_tags.%": "0",
                            "id": "ocid1.servicegateway.oc1.iad.aaaaaaaan7n47knm5xghug3yyvm64j2rt547lk7oaxsqb4gin4lo76k2xtha",
                            "services.#": "1",
                            "services.2424324964.service_id": "ocid1.service.oc1.iad.aaaaaaaam4zfmy2rjue6fmglumm3czgisxzrnvrwqeodtztg7hwa272mlfna",
                            "services.2424324964.service_name": "All IAD Services In Oracle Services Network",
                            "state": "AVAILABLE",
                            "time_created": "2019-04-08 18:57:33.278 +0000 UTC",
                            "vcn_id": "ocid1.vcn.oc1.iad.aaaaaaaazigrprof5r2djkoipuyzh7u6qktiidum3awjr4pfvdgab4ns4c5q"
                        },
                        "meta": {
                            "e2bfb730-ecaa-11e6-8f88-34363bc7c4c0": {
                                "create": 900000000000,
                                "delete": 900000000000,
                                "update": 900000000000
                            }
                        },
                        "tainted": false
                    },
                    "deposed": [],
                    "provider": "provider.oci"
                }
            },
            "depends_on": []
        }
    ]
}
