{
    "version": 3,
    "terraform_version": "0.11.11",
    "serial": 34,
    "lineage": "56651dae-af91-47ba-85d7-6aa734b94b9d",
    "modules": [
        {
            "path": [
                "root"
            ],
            "outputs": {},
            "resources": {},
            "depends_on": []
        },
        {
            "path": [
                "root",
                "compute"
            ],
            "outputs": {},
            "resources": {
                "data.oci_identity_availability_domains.ads": {
                    "type": "oci_identity_availability_domains",
                    "depends_on": [],
                    "primary": {
                        "id": "2019-04-05 19:30:32.258165 +0000 UTC",
                        "attributes": {
                            "availability_domains.#": "3",
                            "availability_domains.0.compartment_id": "ocid1.compartment.oc1..aaaaaaaaxkrmyyd6ffbggujzbfuxoirbyp7qq3h6gg77x3dtejiydxc665ha",
                            "availability_domains.0.id": "ocid1.availabilitydomain.oc1..aaaaaaaatrwxaogr7dl4yschqtrmqrdv6uzis3mgbnomiagqrfhcb7mxsfdq",
                            "availability_domains.0.name": "wCBC:US-ASHBURN-AD-1",
                            "availability_domains.1.compartment_id": "ocid1.compartment.oc1..aaaaaaaaxkrmyyd6ffbggujzbfuxoirbyp7qq3h6gg77x3dtejiydxc665ha",
                            "availability_domains.1.id": "ocid1.availabilitydomain.oc1..aaaaaaaaztunlny6ae4yw2vghp5go2zceaonwp6wiioe3tnh2vlaxjjl2n3a",
                            "availability_domains.1.name": "wCBC:US-ASHBURN-AD-2",
                            "availability_domains.2.compartment_id": "ocid1.compartment.oc1..aaaaaaaaxkrmyyd6ffbggujzbfuxoirbyp7qq3h6gg77x3dtejiydxc665ha",
                            "availability_domains.2.id": "ocid1.availabilitydomain.oc1..aaaaaaaauvt2n7pijol7uqgdnnsoojcukrijtmcltvfwxazmitk235wyohta",
                            "availability_domains.2.name": "wCBC:US-ASHBURN-AD-3",
                            "compartment_id": "ocid1.compartment.oc1..aaaaaaaaxkrmyyd6ffbggujzbfuxoirbyp7qq3h6gg77x3dtejiydxc665ha",
                            "id": "2019-04-05 19:30:32.258165 +0000 UTC"
                        },
                        "meta": {},
                        "tainted": false
                    },
                    "deposed": [],
                    "provider": "provider.oci"
                },
                "data.template_file.cloud-config": {
                    "type": "template_file",
                    "depends_on": [],
                    "primary": {
                        "id": "bd76b9425254b11299fa2be76bdad09e688a330f5ffc304be2474c2626f8d307",
                        "attributes": {
                            "id": "bd76b9425254b11299fa2be76bdad09e688a330f5ffc304be2474c2626f8d307",
                            "rendered": "#cloud-config\nruncmd:\n - sudo chmod 777 /etc/motd\n - echo 'This instance was provisioned by Terraform.' \u003e\u003e /etc/motd\n - sudo mkdir /home/opc/.oci/\n - cd /home/opc/.oci/\n - sudo touch oci_private_key.pem\n - sudo chmod 777 oci_private_key.pem \n - sudo echo \"-----BEGIN RSA PRIVATE KEY-----\nMIIEpgIBAAKCAQEA5VjBLqYlf5PfaikqYjDZI5sSX2/rAJMdQhLPFLxZLNnVht6i\nRsETBY8VGeM6ajYOOZhkNxh964rED2V9JpJcJ7fW1bcmpPWCChm1AdaZDA3Fb6rQ\nIFIry/7UbPqXtStM8aAbgjEgwAy0u6fgN4h9p5WH6Z1lYfhXTHOCNTbgvSTa52O5\nVrxgu0cFDtkInWarOyjXeo7dpgbJt8Hxd7c8mozSsnErJn4CakVbddtzYldRb9ER\nvde2t+xizaW/pT2xBrE0Dvv50TDTXa50X6M4w3LfvDMLX1ix52dLyqz0A7f8Oyl1\nAypJZu9LLTikXqggK4amXYOOJSBiP5qN/mhQ6QIDAQABAoIBAQCbBVT+vRsXktIu\npciaOj5rTMQsci+8YbQjFyeV8oGsSUmFMjMp9BNxbHds2iR/6i3PTGxguVNTxKYl\nagof6koUJrU2G+gpFDFjtmCc73rfpOdRRXoMfr5P0t2vE+s7cBtAL2Koq6Bhb7Uy\nKpTptH6Kqg4GIHeIsx3+9QyL/54E+f7SVxG8D/Pw5dQjfzm+F15dNZpQG++VCfEL\nH7nHv2zOySBAoN4atwJryiI2WeCuPid04EjQ+mtzaAbeaYMmMTwaeajHDFAkTish\noMULKiMziMp1r36qUTDIOjYBxXRgghPoPwl5Bnh+BDzKOZalCf4tfGufv0gPEIPW\nvURdmbSpAoGBAPOzjPoeTaLml3Jh1RKm67cdSA1JERhDgk+8jcxT50GleOz6ZvK7\nw3AHoCvMOAkz4Q7HB5EEyjrqdbrY1VZ2glgO6lrgMsmXWDzTT7ZDQgQa14oImgnh\nIISb4bqcn/pI2v9m4ESj9G67yWgQs5JoY7dbCszuGgQuaUNlXmqG9R5DAoGBAPDr\nwHB95gJmZmGUvFEOV2AK8jXqlL0de9qK+1fq567G23nw8glgv2tuEq/9P75S2oFh\nDC7lWQBrygXf8CD4Jv9wzYWOUZcLCLUlwe4ilF8ITskeKdmGuh48+dcPZtmt+Szl\nvqTRumqoBemvbrNDUj+9br9k1NVvnwFQd7y4xp9jAoGBAOSryxH7E1BS3TLoF94r\noKyvHifRMug4mHMnc0qSREH1+fUrtSP5CZb6oNHYC5CfDIQoP7JU80m7LQNJaU17\nYC0uubrR+vXsPFC+22Ij1DMz2KHeFmREyZWFC5dmVjqs2EmlB7WAvuCU9pTebxFn\nQIIRPJ40oVbhEca6vJBq2GAvAoGBAKwtgEGk6F3sutygRJmVK0K7b/CyboxdZueA\nDjL98YgKHE6gsQmcuBDaAMb/sa+eXQS7y840IJBZeG8MZPva/VvvTSJW3N6ahyWX\nD2rWEb19HXlEclpAnAECSPe2zSVi3UKGCuKV9KlG3brtoqrAwSZGhsCIGkdTV4rD\n7F7WmzTLAoGBAIOLs7NKeLO19Rz+6NN7EG182tVwHtYq8FxtRSGitgavNDjlX229\nHl4odD3U1meS8EOoJ5zoygH2tREFzEwqvc9XxFMMUhjMBpMh2VlkvL7fHljXeWDk\nEVc9mfa61Bwt1mrps5hG5uxdcOkh8JaokyLEYhMQP8+WusRmXI+iaV5+\n-----END RSA PRIVATE KEY-----\n\" \u003e\u003e oci_private_key.pem\n - sudo touch oci_public_key.pem\n - sudo chmod 777 oci_public_key.pem \n - sudo echo \"-----BEGIN PUBLIC KEY-----\nMIIBIjANBgkqhkiG9w0BAQEFAAOCAQ8AMIIBCgKCAQEA5VjBLqYlf5PfaikqYjDZ\nI5sSX2/rAJMdQhLPFLxZLNnVht6iRsETBY8VGeM6ajYOOZhkNxh964rED2V9JpJc\nJ7fW1bcmpPWCChm1AdaZDA3Fb6rQIFIry/7UbPqXtStM8aAbgjEgwAy0u6fgN4h9\np5WH6Z1lYfhXTHOCNTbgvSTa52O5Vrxgu0cFDtkInWarOyjXeo7dpgbJt8Hxd7c8\nmozSsnErJn4CakVbddtzYldRb9ERvde2t+xizaW/pT2xBrE0Dvv50TDTXa50X6M4\nw3LfvDMLX1ix52dLyqz0A7f8Oyl1AypJZu9LLTikXqggK4amXYOOJSBiP5qN/mhQ\n6QIDAQAB\n-----END PUBLIC KEY-----\n\" \u003e\u003e oci_public_key.pem\n - sudo touch config\n - sudo chmod 777 config\n - echo \"[DEFAULT]\nuser=ocid1.user.oc1..aaaaaaaajxcm3ypgkocore6glozzxfnjemefsjgi6sbxlsjt22kh65exjb2q\nfingerprint=07:df:a7:ae:8a:b2:a2:50:f5:c7:e1:f6:b1:e2:02:4e\nkey_file=/home/opc/.oci/oci_private_key.pem\ntenancy=ocid1.tenancy.oc1..aaaaaaaa5arrzhx6wibc7iotaztfkt5bofbrfkw4x56kaplt36tat63lexgq\nregion=us-ashburn-1\n\" \u003e\u003e config\n - sudo curl https://bootstrap.pypa.io/get-pip.py -o get-pip.py\n - sudo python get-pip.py \n - python -m pip install oci oci-cli --user\n - oci db autonomous-data-warehouse create --compartment-id ocid1.compartment.oc1..aaaaaaaaxkrmyyd6ffbggujzbfuxoirbyp7qq3h6gg77x3dtejiydxc665ha --db-name testing --cpu-core-count 1 --data-storage-size-in-tbs 126 --admin-password Hell0W0rld##\n - oci os bucket create --compartment-id ocid1.compartment.oc1..aaaaaaaaxkrmyyd6ffbggujzbfuxoirbyp7qq3h6gg77x3dtejiydxc665ha --name test\n",
                            "template": "#cloud-config\nruncmd:\n - sudo chmod 777 /etc/motd\n - echo 'This instance was provisioned by Terraform.' \u003e\u003e /etc/motd\n - sudo mkdir /home/opc/.oci/\n - cd /home/opc/.oci/\n - sudo touch oci_private_key.pem\n - sudo chmod 777 oci_private_key.pem \n - sudo echo \"-----BEGIN RSA PRIVATE KEY-----\nMIIEpgIBAAKCAQEA5VjBLqYlf5PfaikqYjDZI5sSX2/rAJMdQhLPFLxZLNnVht6i\nRsETBY8VGeM6ajYOOZhkNxh964rED2V9JpJcJ7fW1bcmpPWCChm1AdaZDA3Fb6rQ\nIFIry/7UbPqXtStM8aAbgjEgwAy0u6fgN4h9p5WH6Z1lYfhXTHOCNTbgvSTa52O5\nVrxgu0cFDtkInWarOyjXeo7dpgbJt8Hxd7c8mozSsnErJn4CakVbddtzYldRb9ER\nvde2t+xizaW/pT2xBrE0Dvv50TDTXa50X6M4w3LfvDMLX1ix52dLyqz0A7f8Oyl1\nAypJZu9LLTikXqggK4amXYOOJSBiP5qN/mhQ6QIDAQABAoIBAQCbBVT+vRsXktIu\npciaOj5rTMQsci+8YbQjFyeV8oGsSUmFMjMp9BNxbHds2iR/6i3PTGxguVNTxKYl\nagof6koUJrU2G+gpFDFjtmCc73rfpOdRRXoMfr5P0t2vE+s7cBtAL2Koq6Bhb7Uy\nKpTptH6Kqg4GIHeIsx3+9QyL/54E+f7SVxG8D/Pw5dQjfzm+F15dNZpQG++VCfEL\nH7nHv2zOySBAoN4atwJryiI2WeCuPid04EjQ+mtzaAbeaYMmMTwaeajHDFAkTish\noMULKiMziMp1r36qUTDIOjYBxXRgghPoPwl5Bnh+BDzKOZalCf4tfGufv0gPEIPW\nvURdmbSpAoGBAPOzjPoeTaLml3Jh1RKm67cdSA1JERhDgk+8jcxT50GleOz6ZvK7\nw3AHoCvMOAkz4Q7HB5EEyjrqdbrY1VZ2glgO6lrgMsmXWDzTT7ZDQgQa14oImgnh\nIISb4bqcn/pI2v9m4ESj9G67yWgQs5JoY7dbCszuGgQuaUNlXmqG9R5DAoGBAPDr\nwHB95gJmZmGUvFEOV2AK8jXqlL0de9qK+1fq567G23nw8glgv2tuEq/9P75S2oFh\nDC7lWQBrygXf8CD4Jv9wzYWOUZcLCLUlwe4ilF8ITskeKdmGuh48+dcPZtmt+Szl\nvqTRumqoBemvbrNDUj+9br9k1NVvnwFQd7y4xp9jAoGBAOSryxH7E1BS3TLoF94r\noKyvHifRMug4mHMnc0qSREH1+fUrtSP5CZb6oNHYC5CfDIQoP7JU80m7LQNJaU17\nYC0uubrR+vXsPFC+22Ij1DMz2KHeFmREyZWFC5dmVjqs2EmlB7WAvuCU9pTebxFn\nQIIRPJ40oVbhEca6vJBq2GAvAoGBAKwtgEGk6F3sutygRJmVK0K7b/CyboxdZueA\nDjL98YgKHE6gsQmcuBDaAMb/sa+eXQS7y840IJBZeG8MZPva/VvvTSJW3N6ahyWX\nD2rWEb19HXlEclpAnAECSPe2zSVi3UKGCuKV9KlG3brtoqrAwSZGhsCIGkdTV4rD\n7F7WmzTLAoGBAIOLs7NKeLO19Rz+6NN7EG182tVwHtYq8FxtRSGitgavNDjlX229\nHl4odD3U1meS8EOoJ5zoygH2tREFzEwqvc9XxFMMUhjMBpMh2VlkvL7fHljXeWDk\nEVc9mfa61Bwt1mrps5hG5uxdcOkh8JaokyLEYhMQP8+WusRmXI+iaV5+\n-----END RSA PRIVATE KEY-----\n\" \u003e\u003e oci_private_key.pem\n - sudo touch oci_public_key.pem\n - sudo chmod 777 oci_public_key.pem \n - sudo echo \"-----BEGIN PUBLIC KEY-----\nMIIBIjANBgkqhkiG9w0BAQEFAAOCAQ8AMIIBCgKCAQEA5VjBLqYlf5PfaikqYjDZ\nI5sSX2/rAJMdQhLPFLxZLNnVht6iRsETBY8VGeM6ajYOOZhkNxh964rED2V9JpJc\nJ7fW1bcmpPWCChm1AdaZDA3Fb6rQIFIry/7UbPqXtStM8aAbgjEgwAy0u6fgN4h9\np5WH6Z1lYfhXTHOCNTbgvSTa52O5Vrxgu0cFDtkInWarOyjXeo7dpgbJt8Hxd7c8\nmozSsnErJn4CakVbddtzYldRb9ERvde2t+xizaW/pT2xBrE0Dvv50TDTXa50X6M4\nw3LfvDMLX1ix52dLyqz0A7f8Oyl1AypJZu9LLTikXqggK4amXYOOJSBiP5qN/mhQ\n6QIDAQAB\n-----END PUBLIC KEY-----\n\" \u003e\u003e oci_public_key.pem\n - sudo touch config\n - sudo chmod 777 config\n - echo \"[DEFAULT]\nuser=ocid1.user.oc1..aaaaaaaajxcm3ypgkocore6glozzxfnjemefsjgi6sbxlsjt22kh65exjb2q\nfingerprint=07:df:a7:ae:8a:b2:a2:50:f5:c7:e1:f6:b1:e2:02:4e\nkey_file=/home/opc/.oci/oci_private_key.pem\ntenancy=ocid1.tenancy.oc1..aaaaaaaa5arrzhx6wibc7iotaztfkt5bofbrfkw4x56kaplt36tat63lexgq\nregion=us-ashburn-1\n\" \u003e\u003e config\n - sudo curl https://bootstrap.pypa.io/get-pip.py -o get-pip.py\n - sudo python get-pip.py \n - python -m pip install oci oci-cli --user\n - oci db autonomous-data-warehouse create --compartment-id ocid1.compartment.oc1..aaaaaaaaxkrmyyd6ffbggujzbfuxoirbyp7qq3h6gg77x3dtejiydxc665ha --db-name testing --cpu-core-count 1 --data-storage-size-in-tbs 126 --admin-password Hell0W0rld##\n - oci os bucket create --compartment-id ocid1.compartment.oc1..aaaaaaaaxkrmyyd6ffbggujzbfuxoirbyp7qq3h6gg77x3dtejiydxc665ha --name test\n"
                        },
                        "meta": {},
                        "tainted": false
                    },
                    "deposed": [],
                    "provider": "provider.template"
                },
                "oci_core_instance.PrivateInstance": {
                    "type": "oci_core_instance",
                    "depends_on": [
                        "data.oci_identity_availability_domains.ads"
                    ],
                    "primary": {
                        "id": "ocid1.instance.oc1.iad.abuwcljtpmirv35zrfdnqwpsztzwolifva6wvfue2y3whgiifdb67gmzd4sq",
                        "attributes": {
                            "agent_config.#": "1",
                            "agent_config.0.is_monitoring_disabled": "false",
                            "availability_domain": "wCBC:US-ASHBURN-AD-1",
                            "boot_volume_id": "ocid1.bootvolume.oc1.iad.abuwcljtkscqroihe62t6ydqjqsv3l52hate3v7odxdmtod3bh3t5gfrfiea",
                            "compartment_id": "ocid1.compartment.oc1..aaaaaaaaxkrmyyd6ffbggujzbfuxoirbyp7qq3h6gg77x3dtejiydxc665ha",
                            "create_vnic_details.#": "1",
                            "create_vnic_details.0.assign_public_ip": "false",
                            "create_vnic_details.0.defined_tags.%": "0",
                            "create_vnic_details.0.display_name": "PrivateInstance",
                            "create_vnic_details.0.freeform_tags.%": "0",
                            "create_vnic_details.0.hostname_label": "privateinstance",
                            "create_vnic_details.0.private_ip": "10.0.1.2",
                            "create_vnic_details.0.skip_source_dest_check": "false",
                            "create_vnic_details.0.subnet_id": "ocid1.subnet.oc1.iad.aaaaaaaa7cqcttv36zwjeuf7k4jb2fdxr5w7i7h6tp6b55emcteq4ev7qm2a",
                            "defined_tags.%": "0",
                            "display_name": "PrivateInstance",
                            "fault_domain": "FAULT-DOMAIN-2",
                            "freeform_tags.%": "0",
                            "hostname_label": "privateinstance",
                            "id": "ocid1.instance.oc1.iad.abuwcljtpmirv35zrfdnqwpsztzwolifva6wvfue2y3whgiifdb67gmzd4sq",
                            "image": "ocid1.image.oc1..aaaaaaaapa4matxgu5slju7ikdgukbsbi2zbb5mhsurxicwtsrv4bev6ln4a",
                            "launch_mode": "NATIVE",
                            "launch_options.#": "1",
                            "launch_options.0.boot_volume_type": "PARAVIRTUALIZED",
                            "launch_options.0.firmware": "UEFI_64",
                            "launch_options.0.is_consistent_volume_naming_enabled": "true",
                            "launch_options.0.is_pv_encryption_in_transit_enabled": "true",
                            "launch_options.0.network_type": "VFIO",
                            "launch_options.0.remote_data_volume_type": "PARAVIRTUALIZED",
                            "metadata.%": "2",
                            "metadata.ssh_authorized_keys": "ssh-rsa AAAAB3NzaC1yc2EAAAADAQABAAABAQDImhGEp5xr0BUwKrINri6aoVOmm2v18Ic1RQI5qXeprW/zCfY8VstHy/k1m5eq/FjxyRedMz0fTcvHYhp4UM3qcEjl/8S/WF3XHKA9RX/9UsUFmU9pTfjCEzvYOA5le+ESiBwtlPQonb5+fgJuNtmNq7XInqUc6p0cKTIuXpWANlESvE/QJftemPsRylFAySpQ1nT57TSoo219zDkVmw4g4z9hKYyL2jJbzq8xE9neocfIjl+lj3iYTIxbjzPYAbEZ/BoIR6rCUMH92TEVVlLJgu/MEGNgl/2Ks0lr2VGDSjxc+4f97sfIiyyp3z5K/gTE3PO6VTxIlUwiNXy6NH0B clyu@Carolines-MacBook-Pro-2.local",
                            "metadata.user_data": "IyEvYmluL3NoCgpzdWRvIGNobW9kIDc3NyAvZXRjL21vdGQKZWNobyAnVGhpcyBpbnN0YW5jZSB3YXMgcHJvdmlzaW9uZWQgYnkgVGVycmFmb3JtLicgPj4gL2V0Yy9tb3RkCnN1ZG8gbWtkaXIgL2hvbWUvb3BjLy5vY2kvCmNkIC9ob21lL29wYy8ub2NpLwpzdWRvIHRvdWNoIG9jaV9wcml2YXRlX2tleS5wZW0Kc3VkbyBjaG1vZCA3Nzcgb2NpX3ByaXZhdGVfa2V5LnBlbSAKc3VkbyBlY2hvICItLS0tLUJFR0lOIFJTQSBQUklWQVRFIEtFWS0tLS0tCk1JSUVwZ0lCQUFLQ0FRRUE1VmpCTHFZbGY1UGZhaWtxWWpEWkk1c1NYMi9yQUpNZFFoTFBGTHhaTE5uVmh0NmkKUnNFVEJZOFZHZU02YWpZT09aaGtOeGg5NjRyRUQyVjlKcEpjSjdmVzFiY21wUFdDQ2htMUFkYVpEQTNGYjZyUQpJRklyeS83VWJQcVh0U3RNOGFBYmdqRWd3QXkwdTZmZ040aDlwNVdINloxbFlmaFhUSE9DTlRiZ3ZTVGE1Mk81ClZyeGd1MGNGRHRrSW5XYXJPeWpYZW83ZHBnYkp0OEh4ZDdjOG1velNzbkVySm40Q2FrVmJkZHR6WWxkUmI5RVIKdmRlMnQreGl6YVcvcFQyeEJyRTBEdnY1MFREVFhhNTBYNk00dzNMZnZETUxYMWl4NTJkTHlxejBBN2Y4T3lsMQpBeXBKWnU5TExUaWtYcWdnSzRhbVhZT09KU0JpUDVxTi9taFE2UUlEQVFBQkFvSUJBUUNiQlZUK3ZSc1hrdEl1CnBjaWFPajVyVE1Rc2NpKzhZYlFqRnllVjhvR3NTVW1GTWpNcDlCTnhiSGRzMmlSLzZpM1BUR3hndVZOVHhLWWwKYWdvZjZrb1VKclUyRytncEZERmp0bUNjNzNyZnBPZFJSWG9NZnI1UDB0MnZFK3M3Y0J0QUwyS29xNkJoYjdVeQpLcFRwdEg2S3FnNEdJSGVJc3gzKzlReUwvNTRFK2Y3U1Z4RzhEL1B3NWRRamZ6bStGMTVkTlpwUUcrK1ZDZkVMCkg3bkh2MnpPeVNCQW9ONGF0d0pyeWlJMldlQ3VQaWQwNEVqUSttdHphQWJlYVlNbU1Ud2FlYWpIREZBa1Rpc2gKb01VTEtpTXppTXAxcjM2cVVURElPallCeFhSZ2doUG9Qd2w1Qm5oK0JEektPWmFsQ2Y0dGZHdWZ2MGdQRUlQVwp2VVJkbWJTcEFvR0JBUE96alBvZVRhTG1sM0poMVJLbTY3Y2RTQTFKRVJoRGdrKzhqY3hUNTBHbGVPejZadks3CnczQUhvQ3ZNT0FrejRRN0hCNUVFeWpycWRiclkxVloyZ2xnTzZscmdNc21YV0R6VFQ3WkRRZ1FhMTRvSW1nbmgKSUlTYjRicWNuL3BJMnY5bTRFU2o5RzY3eVdnUXM1Sm9ZN2RiQ3N6dUdnUXVhVU5sWG1xRzlSNURBb0dCQVBEcgp3SEI5NWdKbVptR1V2RkVPVjJBSzhqWHFsTDBkZTlxSysxZnE1NjdHMjNudzhnbGd2MnR1RXEvOVA3NVMyb0ZoCkRDN2xXUUJyeWdYZjhDRDRKdjl3ellXT1VaY0xDTFVsd2U0aWxGOElUc2tlS2RtR3VoNDgrZGNQWnRtdCtTemwKdnFUUnVtcW9CZW12YnJORFVqKzlicjlrMU5Wdm53RlFkN3k0eHA5akFvR0JBT1NyeXhIN0UxQlMzVExvRjk0cgpvS3l2SGlmUk11ZzRtSE1uYzBxU1JFSDErZlVydFNQNUNaYjZvTkhZQzVDZkRJUW9QN0pVODBtN0xRTkphVTE3CllDMHV1YnJSK3ZYc1BGQysyMklqMURNejJLSGVGbVJFeVpXRkM1ZG1WanFzMkVtbEI3V0F2dUNVOXBUZWJ4Rm4KUUlJUlBKNDBvVmJoRWNhNnZKQnEyR0F2QW9HQkFLd3RnRUdrNkYzc3V0eWdSSm1WSzBLN2IvQ3lib3hkWnVlQQpEakw5OFlnS0hFNmdzUW1jdUJEYUFNYi9zYStlWFFTN3k4NDBJSkJaZUc4TVpQdmEvVnZ2VFNKVzNONmFoeVdYCkQycldFYjE5SFhsRWNscEFuQUVDU1BlMnpTVmkzVUtHQ3VLVjlLbEczYnJ0b3FyQXdTWkdoc0NJR2tkVFY0ckQKN0Y3V216VExBb0dCQUlPTHM3TktlTE8xOVJ6KzZOTjdFRzE4MnRWd0h0WXE4Rnh0UlNHaXRnYXZORGpsWDIyOQpIbDRvZEQzVTFtZVM4RU9vSjV6b3lnSDJ0UkVGekV3cXZjOVh4Rk1NVWhqTUJwTWgyVmxrdkw3ZkhsalhlV0RrCkVWYzltZmE2MUJ3dDFtcnBzNWhHNXV4ZGNPa2g4SmFva3lMRVloTVFQOCtXdXNSbVhJK2lhVjUrCi0tLS0tRU5EIFJTQSBQUklWQVRFIEtFWS0tLS0tCiIgPj4gb2NpX3ByaXZhdGVfa2V5LnBlbQpzdWRvIHRvdWNoIG9jaV9wdWJsaWNfa2V5LnBlbQpzdWRvIGNobW9kIDc3NyBvY2lfcHVibGljX2tleS5wZW0gCnN1ZG8gZWNobyAiLS0tLS1CRUdJTiBQVUJMSUMgS0VZLS0tLS0KTUlJQklqQU5CZ2txaGtpRzl3MEJBUUVGQUFPQ0FROEFNSUlCQ2dLQ0FRRUE1VmpCTHFZbGY1UGZhaWtxWWpEWgpJNXNTWDIvckFKTWRRaExQRkx4WkxOblZodDZpUnNFVEJZOFZHZU02YWpZT09aaGtOeGg5NjRyRUQyVjlKcEpjCko3ZlcxYmNtcFBXQ0NobTFBZGFaREEzRmI2clFJRklyeS83VWJQcVh0U3RNOGFBYmdqRWd3QXkwdTZmZ040aDkKcDVXSDZaMWxZZmhYVEhPQ05UYmd2U1RhNTJPNVZyeGd1MGNGRHRrSW5XYXJPeWpYZW83ZHBnYkp0OEh4ZDdjOAptb3pTc25FckpuNENha1ZiZGR0ellsZFJiOUVSdmRlMnQreGl6YVcvcFQyeEJyRTBEdnY1MFREVFhhNTBYNk00CnczTGZ2RE1MWDFpeDUyZEx5cXowQTdmOE95bDFBeXBKWnU5TExUaWtYcWdnSzRhbVhZT09KU0JpUDVxTi9taFEKNlFJREFRQUIKLS0tLS1FTkQgUFVCTElDIEtFWS0tLS0tCiIgPj4gb2NpX3B1YmxpY19rZXkucGVtCnN1ZG8gdG91Y2ggY29uZmlnCnN1ZG8gY2htb2QgNzc3IGNvbmZpZwplY2hvICJbREVGQVVMVF0KdXNlcj1vY2lkMS51c2VyLm9jMS4uYWFhYWFhYWFqeGNtM3lwZ2tvY29yZTZnbG96enhmbmplbWVmc2pnaTZzYnhsc2p0MjJraDY1ZXhqYjJxCmZpbmdlcnByaW50PTA3OmRmOmE3OmFlOjhhOmIyOmEyOjUwOmY1OmM3OmUxOmY2OmIxOmUyOjAyOjRlCmtleV9maWxlPS9ob21lL29wYy8ub2NpL29jaV9wcml2YXRlX2tleS5wZW0KdGVuYW5jeT1vY2lkMS50ZW5hbmN5Lm9jMS4uYWFhYWFhYWE1YXJyemh4NndpYmM3aW90YXp0Zmt0NWJvZmJyZmt3NHg1NmthcGx0MzZ0YXQ2M2xleGdxCnJlZ2lvbj11cy1hc2hidXJuLTEKIiA+PiBjb25maWcKb2NpIGRiIGF1dG9ub21vdXMtZGF0YS13YXJlaG91c2UgY3JlYXRlIC0tY29tcGFydG1lbnQtaWQgb2NpZDEuY29tcGFydG1lbnQub2MxLi5hYWFhYWFhYXhrcm15eWQ2ZmZiZ2d1anpiZnV4b2lyYnlwN3FxM2g2Z2c3N3gzZHRlaml5ZHhjNjY1aGEgLS1kYi1uYW1lIHRlc3RpbmcgLS1jcHUtY29yZS1jb3VudCAxIC0tZGF0YS1zdG9yYWdlLXNpemUtaW4tdGJzIDEyNiAtLWFkbWluLXBhc3N3b3JkIEhlbGwwVzBybGQjIwpvY2kgb3MgYnVja2V0IGNyZWF0ZSAtLWNvbXBhcnRtZW50LWlkIG9jaWQxLmNvbXBhcnRtZW50Lm9jMS4uYWFhYWFhYWF4a3JteXlkNmZmYmdndWp6YmZ1eG9pcmJ5cDdxcTNoNmdnNzd4M2R0ZWppeWR4YzY2NWhhIC0tbmFtZSB0ZXN0Cg==",
                            "private_ip": "10.0.1.2",
                            "public_ip": "",
                            "region": "iad",
                            "shape": "VM.Standard2.4",
                            "source_details.#": "1",
                            "source_details.0.boot_volume_size_in_gbs": "47",
                            "source_details.0.kms_key_id": "",
                            "source_details.0.source_id": "ocid1.image.oc1..aaaaaaaapa4matxgu5slju7ikdgukbsbi2zbb5mhsurxicwtsrv4bev6ln4a",
                            "source_details.0.source_type": "image",
                            "state": "RUNNING",
                            "subnet_id": "ocid1.subnet.oc1.iad.aaaaaaaa7cqcttv36zwjeuf7k4jb2fdxr5w7i7h6tp6b55emcteq4ev7qm2a",
                            "time_created": "2019-04-05 19:30:41.596 +0000 UTC",
                            "time_maintenance_reboot_due": ""
                        },
                        "meta": {
                            "e2bfb730-ecaa-11e6-8f88-34363bc7c4c0": {
                                "create": 3600000000000,
                                "delete": 7200000000000,
                                "update": 7200000000000
                            }
                        },
                        "tainted": false
                    },
                    "deposed": [],
                    "provider": "provider.oci"
                }
            },
            "depends_on": []
        },
        {
            "path": [
                "root",
                "network"
            ],
            "outputs": {
                "subnet_a": {
                    "sensitive": false,
                    "type": "string",
                    "value": "ocid1.subnet.oc1.iad.aaaaaaaa7cqcttv36zwjeuf7k4jb2fdxr5w7i7h6tp6b55emcteq4ev7qm2a"
                },
                "vcn_id": {
                    "sensitive": false,
                    "type": "string",
                    "value": "ocid1.vcn.oc1.iad.aaaaaaaae77p6gead4oxqxbqvfwu2kgxxg6hxk4oqtjs5yyqqr4mvvee36xa"
                }
            },
            "resources": {
                "data.oci_identity_availability_domains.ads": {
                    "type": "oci_identity_availability_domains",
                    "depends_on": [],
                    "primary": {
                        "id": "2019-04-05 19:30:32.255206 +0000 UTC",
                        "attributes": {
                            "availability_domains.#": "3",
                            "availability_domains.0.compartment_id": "ocid1.compartment.oc1..aaaaaaaaxkrmyyd6ffbggujzbfuxoirbyp7qq3h6gg77x3dtejiydxc665ha",
                            "availability_domains.0.id": "ocid1.availabilitydomain.oc1..aaaaaaaatrwxaogr7dl4yschqtrmqrdv6uzis3mgbnomiagqrfhcb7mxsfdq",
                            "availability_domains.0.name": "wCBC:US-ASHBURN-AD-1",
                            "availability_domains.1.compartment_id": "ocid1.compartment.oc1..aaaaaaaaxkrmyyd6ffbggujzbfuxoirbyp7qq3h6gg77x3dtejiydxc665ha",
                            "availability_domains.1.id": "ocid1.availabilitydomain.oc1..aaaaaaaaztunlny6ae4yw2vghp5go2zceaonwp6wiioe3tnh2vlaxjjl2n3a",
                            "availability_domains.1.name": "wCBC:US-ASHBURN-AD-2",
                            "availability_domains.2.compartment_id": "ocid1.compartment.oc1..aaaaaaaaxkrmyyd6ffbggujzbfuxoirbyp7qq3h6gg77x3dtejiydxc665ha",
                            "availability_domains.2.id": "ocid1.availabilitydomain.oc1..aaaaaaaauvt2n7pijol7uqgdnnsoojcukrijtmcltvfwxazmitk235wyohta",
                            "availability_domains.2.name": "wCBC:US-ASHBURN-AD-3",
                            "compartment_id": "ocid1.compartment.oc1..aaaaaaaaxkrmyyd6ffbggujzbfuxoirbyp7qq3h6gg77x3dtejiydxc665ha",
                            "id": "2019-04-05 19:30:32.255206 +0000 UTC"
                        },
                        "meta": {},
                        "tainted": false
                    },
                    "deposed": [],
                    "provider": "provider.oci"
                },
                "oci_core_nat_gateway.nat_gateway": {
                    "type": "oci_core_nat_gateway",
                    "depends_on": [
                        "oci_core_vcn.default_vcn"
                    ],
                    "primary": {
                        "id": "ocid1.natgateway.oc1.iad.aaaaaaaabzxjyqxrvpqwuth2uahb52pcpqfzpnongxdvt3tnjk5jzpkg4aza",
                        "attributes": {
                            "block_traffic": "false",
                            "compartment_id": "ocid1.compartment.oc1..aaaaaaaaxkrmyyd6ffbggujzbfuxoirbyp7qq3h6gg77x3dtejiydxc665ha",
                            "defined_tags.%": "0",
                            "display_name": "NAT_Gateway",
                            "freeform_tags.%": "0",
                            "id": "ocid1.natgateway.oc1.iad.aaaaaaaabzxjyqxrvpqwuth2uahb52pcpqfzpnongxdvt3tnjk5jzpkg4aza",
                            "nat_ip": "129.213.13.192",
                            "state": "AVAILABLE",
                            "time_created": "2019-04-05 19:30:36.617 +0000 UTC",
                            "vcn_id": "ocid1.vcn.oc1.iad.aaaaaaaae77p6gead4oxqxbqvfwu2kgxxg6hxk4oqtjs5yyqqr4mvvee36xa"
                        },
                        "meta": {
                            "e2bfb730-ecaa-11e6-8f88-34363bc7c4c0": {
                                "create": 900000000000,
                                "delete": 900000000000,
                                "update": 900000000000
                            }
                        },
                        "tainted": false
                    },
                    "deposed": [],
                    "provider": "provider.oci"
                },
                "oci_core_route_table.private_route_table": {
                    "type": "oci_core_route_table",
                    "depends_on": [
                        "oci_core_nat_gateway.nat_gateway",
                        "oci_core_vcn.default_vcn"
                    ],
                    "primary": {
                        "id": "ocid1.routetable.oc1.iad.aaaaaaaayz7slrdmhjdshr4opvj2uyegqcjdnosiptpoov2oznagu3qju6xq",
                        "attributes": {
                            "compartment_id": "ocid1.compartment.oc1..aaaaaaaaxkrmyyd6ffbggujzbfuxoirbyp7qq3h6gg77x3dtejiydxc665ha",
                            "defined_tags.%": "0",
                            "display_name": "Private Route Table",
                            "freeform_tags.%": "0",
                            "id": "ocid1.routetable.oc1.iad.aaaaaaaayz7slrdmhjdshr4opvj2uyegqcjdnosiptpoov2oznagu3qju6xq",
                            "route_rules.#": "2",
                            "route_rules.2168819256.cidr_block": "",
                            "route_rules.2168819256.destination": "all-iad-services-in-oracle-services-network",
                            "route_rules.2168819256.destination_type": "SERVICE_CIDR_BLOCK",
                            "route_rules.2168819256.network_entity_id": "ocid1.servicegateway.oc1.iad.aaaaaaaargb6c3kc3232zijuxaqffigyzt34ebrth2xj4bkhsoahz6atrewa",
                            "route_rules.3903737365.cidr_block": "0.0.0.0/0",
                            "route_rules.3903737365.destination": "0.0.0.0/0",
                            "route_rules.3903737365.destination_type": "CIDR_BLOCK",
                            "route_rules.3903737365.network_entity_id": "ocid1.natgateway.oc1.iad.aaaaaaaabzxjyqxrvpqwuth2uahb52pcpqfzpnongxdvt3tnjk5jzpkg4aza",
                            "state": "AVAILABLE",
                            "time_created": "2019-04-05 19:30:40.483 +0000 UTC",
                            "vcn_id": "ocid1.vcn.oc1.iad.aaaaaaaae77p6gead4oxqxbqvfwu2kgxxg6hxk4oqtjs5yyqqr4mvvee36xa"
                        },
                        "meta": {
                            "e2bfb730-ecaa-11e6-8f88-34363bc7c4c0": {
                                "create": 900000000000,
                                "delete": 900000000000,
                                "update": 900000000000
                            }
                        },
                        "tainted": false
                    },
                    "deposed": [],
                    "provider": "provider.oci"
                },
                "oci_core_security_list.private_security_list": {
                    "type": "oci_core_security_list",
                    "depends_on": [
                        "oci_core_vcn.default_vcn"
                    ],
                    "primary": {
                        "id": "ocid1.securitylist.oc1.iad.aaaaaaaa62uyix4hmmbbf24kr6hhhx7fhvssllo53zu7sevdkpke7irqvdqq",
                        "attributes": {
                            "compartment_id": "ocid1.compartment.oc1..aaaaaaaaxkrmyyd6ffbggujzbfuxoirbyp7qq3h6gg77x3dtejiydxc665ha",
                            "defined_tags.%": "0",
                            "display_name": "Private_Security List",
                            "egress_security_rules.#": "2",
                            "egress_security_rules.1582479153.destination": "0.0.0.0/0",
                            "egress_security_rules.1582479153.destination_type": "CIDR_BLOCK",
                            "egress_security_rules.1582479153.icmp_options.#": "0",
                            "egress_security_rules.1582479153.protocol": "all",
                            "egress_security_rules.1582479153.stateless": "false",
                            "egress_security_rules.1582479153.tcp_options.#": "0",
                            "egress_security_rules.1582479153.udp_options.#": "0",
                            "egress_security_rules.931196246.destination": "all-iad-services-in-oracle-services-network",
                            "egress_security_rules.931196246.destination_type": "SERVICE_CIDR_BLOCK",
                            "egress_security_rules.931196246.icmp_options.#": "0",
                            "egress_security_rules.931196246.protocol": "all",
                            "egress_security_rules.931196246.stateless": "false",
                            "egress_security_rules.931196246.tcp_options.#": "0",
                            "egress_security_rules.931196246.udp_options.#": "0",
                            "freeform_tags.%": "0",
                            "id": "ocid1.securitylist.oc1.iad.aaaaaaaa62uyix4hmmbbf24kr6hhhx7fhvssllo53zu7sevdkpke7irqvdqq",
                            "ingress_security_rules.#": "4",
                            "ingress_security_rules.1656913282.icmp_options.#": "0",
                            "ingress_security_rules.1656913282.protocol": "6",
                            "ingress_security_rules.1656913282.source": "10.0.2.0/24",
                            "ingress_security_rules.1656913282.source_type": "CIDR_BLOCK",
                            "ingress_security_rules.1656913282.stateless": "false",
                            "ingress_security_rules.1656913282.tcp_options.#": "1",
                            "ingress_security_rules.1656913282.tcp_options.0.max": "80",
                            "ingress_security_rules.1656913282.tcp_options.0.min": "80",
                            "ingress_security_rules.1656913282.tcp_options.0.source_port_range.#": "0",
                            "ingress_security_rules.1656913282.udp_options.#": "0",
                            "ingress_security_rules.2251877072.icmp_options.#": "0",
                            "ingress_security_rules.2251877072.protocol": "6",
                            "ingress_security_rules.2251877072.source": "10.0.2.0/24",
                            "ingress_security_rules.2251877072.source_type": "CIDR_BLOCK",
                            "ingress_security_rules.2251877072.stateless": "false",
                            "ingress_security_rules.2251877072.tcp_options.#": "1",
                            "ingress_security_rules.2251877072.tcp_options.0.max": "22",
                            "ingress_security_rules.2251877072.tcp_options.0.min": "22",
                            "ingress_security_rules.2251877072.tcp_options.0.source_port_range.#": "0",
                            "ingress_security_rules.2251877072.udp_options.#": "0",
                            "ingress_security_rules.2631025751.icmp_options.#": "0",
                            "ingress_security_rules.2631025751.protocol": "1",
                            "ingress_security_rules.2631025751.source": "10.0.2.0/24",
                            "ingress_security_rules.2631025751.source_type": "CIDR_BLOCK",
                            "ingress_security_rules.2631025751.stateless": "false",
                            "ingress_security_rules.2631025751.tcp_options.#": "0",
                            "ingress_security_rules.2631025751.udp_options.#": "0",
                            "ingress_security_rules.813412743.icmp_options.#": "0",
                            "ingress_security_rules.813412743.protocol": "6",
                            "ingress_security_rules.813412743.source": "10.0.2.0/24",
                            "ingress_security_rules.813412743.source_type": "CIDR_BLOCK",
                            "ingress_security_rules.813412743.stateless": "false",
                            "ingress_security_rules.813412743.tcp_options.#": "1",
                            "ingress_security_rules.813412743.tcp_options.0.max": "8080",
                            "ingress_security_rules.813412743.tcp_options.0.min": "8080",
                            "ingress_security_rules.813412743.tcp_options.0.source_port_range.#": "0",
                            "ingress_security_rules.813412743.udp_options.#": "0",
                            "state": "AVAILABLE",
                            "time_created": "2019-04-05 19:30:36.728 +0000 UTC",
                            "vcn_id": "ocid1.vcn.oc1.iad.aaaaaaaae77p6gead4oxqxbqvfwu2kgxxg6hxk4oqtjs5yyqqr4mvvee36xa"
                        },
                        "meta": {
                            "e2bfb730-ecaa-11e6-8f88-34363bc7c4c0": {
                                "create": 900000000000,
                                "delete": 900000000000,
                                "update": 900000000000
                            }
                        },
                        "tainted": false
                    },
                    "deposed": [],
                    "provider": "provider.oci"
                },
                "oci_core_subnet.subnet_a": {
                    "type": "oci_core_subnet",
                    "depends_on": [
                        "data.oci_identity_availability_domains.ads",
                        "oci_core_route_table.private_route_table",
                        "oci_core_security_list.private_security_list",
                        "oci_core_vcn.default_vcn"
                    ],
                    "primary": {
                        "id": "ocid1.subnet.oc1.iad.aaaaaaaa7cqcttv36zwjeuf7k4jb2fdxr5w7i7h6tp6b55emcteq4ev7qm2a",
                        "attributes": {
                            "availability_domain": "wCBC:US-ASHBURN-AD-1",
                            "cidr_block": "10.0.1.0/24",
                            "compartment_id": "ocid1.compartment.oc1..aaaaaaaaxkrmyyd6ffbggujzbfuxoirbyp7qq3h6gg77x3dtejiydxc665ha",
                            "defined_tags.%": "0",
                            "dhcp_options_id": "ocid1.dhcpoptions.oc1.iad.aaaaaaaaw3rgii44svcen6xpeyxpuyclys2k77eywhhg5v3rnttpiy6yonuq",
                            "display_name": "Subnet A",
                            "dns_label": "subneta",
                            "freeform_tags.%": "0",
                            "id": "ocid1.subnet.oc1.iad.aaaaaaaa7cqcttv36zwjeuf7k4jb2fdxr5w7i7h6tp6b55emcteq4ev7qm2a",
                            "prohibit_public_ip_on_vnic": "true",
                            "route_table_id": "ocid1.routetable.oc1.iad.aaaaaaaayz7slrdmhjdshr4opvj2uyegqcjdnosiptpoov2oznagu3qju6xq",
                            "security_list_ids.#": "1",
                            "security_list_ids.3810344053": "ocid1.securitylist.oc1.iad.aaaaaaaa62uyix4hmmbbf24kr6hhhx7fhvssllo53zu7sevdkpke7irqvdqq",
                            "state": "AVAILABLE",
                            "subnet_domain_name": "subneta.vcn.oraclevcn.com",
                            "time_created": "2019-04-05 19:30:40.865 +0000 UTC",
                            "vcn_id": "ocid1.vcn.oc1.iad.aaaaaaaae77p6gead4oxqxbqvfwu2kgxxg6hxk4oqtjs5yyqqr4mvvee36xa",
                            "virtual_router_ip": "10.0.1.1",
                            "virtual_router_mac": "00:00:17:5A:2D:D1"
                        },
                        "meta": {
                            "e2bfb730-ecaa-11e6-8f88-34363bc7c4c0": {
                                "create": 900000000000,
                                "delete": 900000000000,
                                "update": 900000000000
                            }
                        },
                        "tainted": false
                    },
                    "deposed": [],
                    "provider": "provider.oci"
                },
                "oci_core_vcn.default_vcn": {
                    "type": "oci_core_vcn",
                    "depends_on": [],
                    "primary": {
                        "id": "ocid1.vcn.oc1.iad.aaaaaaaae77p6gead4oxqxbqvfwu2kgxxg6hxk4oqtjs5yyqqr4mvvee36xa",
                        "attributes": {
                            "cidr_block": "10.0.0.0/16",
                            "compartment_id": "ocid1.compartment.oc1..aaaaaaaaxkrmyyd6ffbggujzbfuxoirbyp7qq3h6gg77x3dtejiydxc665ha",
                            "default_dhcp_options_id": "ocid1.dhcpoptions.oc1.iad.aaaaaaaaw3rgii44svcen6xpeyxpuyclys2k77eywhhg5v3rnttpiy6yonuq",
                            "default_route_table_id": "ocid1.routetable.oc1.iad.aaaaaaaaslktxhqmk5e52advsqbkhpjlqdgzyamfgchpu5vf6bu2h636oxqa",
                            "default_security_list_id": "ocid1.securitylist.oc1.iad.aaaaaaaaom6xmureyttijlbf7uvxdat2qadpvwl7pd5jaiesg5u5zsl7g4ya",
                            "defined_tags.%": "0",
                            "display_name": "Caroline_Burlington_VCN",
                            "dns_label": "vcn",
                            "freeform_tags.%": "0",
                            "id": "ocid1.vcn.oc1.iad.aaaaaaaae77p6gead4oxqxbqvfwu2kgxxg6hxk4oqtjs5yyqqr4mvvee36xa",
                            "state": "AVAILABLE",
                            "time_created": "2019-04-05 19:30:36.18 +0000 UTC",
                            "vcn_domain_name": "vcn.oraclevcn.com"
                        },
                        "meta": {
                            "e2bfb730-ecaa-11e6-8f88-34363bc7c4c0": {
                                "create": 900000000000,
                                "delete": 900000000000,
                                "update": 900000000000
                            }
                        },
                        "tainted": false
                    },
                    "deposed": [],
                    "provider": "provider.oci"
                }
            },
            "depends_on": []
        },
        {
            "path": [
                "root",
                "servicegateway"
            ],
            "outputs": {
                "destination": {
                    "sensitive": false,
                    "type": "string",
                    "value": "all-iad-services-in-oracle-services-network"
                },
                "service_gateway_id": {
                    "sensitive": false,
                    "type": "string",
                    "value": "ocid1.servicegateway.oc1.iad.aaaaaaaargb6c3kc3232zijuxaqffigyzt34ebrth2xj4bkhsoahz6atrewa"
                },
                "service_gateways": {
                    "sensitive": false,
                    "type": "list",
                    "value": []
                },
                "services": {
                    "sensitive": false,
                    "type": "list",
                    "value": [
                        {
                            "cidr_block": "all-iad-services-in-oracle-services-network",
                            "description": "All IAD Services In Oracle Services Network",
                            "id": "ocid1.service.oc1.iad.aaaaaaaam4zfmy2rjue6fmglumm3czgisxzrnvrwqeodtztg7hwa272mlfna",
                            "name": "All IAD Services In Oracle Services Network"
                        }
                    ]
                }
            },
            "resources": {
                "data.oci_core_service_gateways.test_service_gateways": {
                    "type": "oci_core_service_gateways",
                    "depends_on": [],
                    "primary": {
                        "id": "2019-04-05 19:30:36.662466 +0000 UTC",
                        "attributes": {
                            "compartment_id": "ocid1.compartment.oc1..aaaaaaaaxkrmyyd6ffbggujzbfuxoirbyp7qq3h6gg77x3dtejiydxc665ha",
                            "id": "2019-04-05 19:30:36.662466 +0000 UTC",
                            "service_gateways.#": "0",
                            "state": "AVAILABLE",
                            "vcn_id": "ocid1.vcn.oc1.iad.aaaaaaaae77p6gead4oxqxbqvfwu2kgxxg6hxk4oqtjs5yyqqr4mvvee36xa"
                        },
                        "meta": {},
                        "tainted": false
                    },
                    "deposed": [],
                    "provider": "provider.oci"
                },
                "data.oci_core_services.test_services": {
                    "type": "oci_core_services",
                    "depends_on": [],
                    "primary": {
                        "id": "2019-04-05 19:30:32.477369 +0000 UTC",
                        "attributes": {
                            "filter.#": "1",
                            "filter.3810912831.name": "name",
                            "filter.3810912831.regex": "true",
                            "filter.3810912831.values.#": "1",
                            "filter.3810912831.values.0": "All .* Services In Oracle Services Network",
                            "id": "2019-04-05 19:30:32.477369 +0000 UTC",
                            "services.#": "1",
                            "services.0.cidr_block": "all-iad-services-in-oracle-services-network",
                            "services.0.description": "All IAD Services In Oracle Services Network",
                            "services.0.id": "ocid1.service.oc1.iad.aaaaaaaam4zfmy2rjue6fmglumm3czgisxzrnvrwqeodtztg7hwa272mlfna",
                            "services.0.name": "All IAD Services In Oracle Services Network"
                        },
                        "meta": {},
                        "tainted": false
                    },
                    "deposed": [],
                    "provider": "provider.oci"
                },
                "oci_core_service_gateway.test_service_gateway": {
                    "type": "oci_core_service_gateway",
                    "depends_on": [
                        "data.oci_core_services.test_services"
                    ],
                    "primary": {
                        "id": "ocid1.servicegateway.oc1.iad.aaaaaaaargb6c3kc3232zijuxaqffigyzt34ebrth2xj4bkhsoahz6atrewa",
                        "attributes": {
                            "block_traffic": "false",
                            "compartment_id": "ocid1.compartment.oc1..aaaaaaaaxkrmyyd6ffbggujzbfuxoirbyp7qq3h6gg77x3dtejiydxc665ha",
                            "defined_tags.%": "0",
                            "display_name": "testServiceGateway",
                            "freeform_tags.%": "0",
                            "id": "ocid1.servicegateway.oc1.iad.aaaaaaaargb6c3kc3232zijuxaqffigyzt34ebrth2xj4bkhsoahz6atrewa",
                            "services.#": "1",
                            "services.2424324964.service_id": "ocid1.service.oc1.iad.aaaaaaaam4zfmy2rjue6fmglumm3czgisxzrnvrwqeodtztg7hwa272mlfna",
                            "services.2424324964.service_name": "All IAD Services In Oracle Services Network",
                            "state": "AVAILABLE",
                            "time_created": "2019-04-05 19:30:36.763 +0000 UTC",
                            "vcn_id": "ocid1.vcn.oc1.iad.aaaaaaaae77p6gead4oxqxbqvfwu2kgxxg6hxk4oqtjs5yyqqr4mvvee36xa"
                        },
                        "meta": {
                            "e2bfb730-ecaa-11e6-8f88-34363bc7c4c0": {
                                "create": 900000000000,
                                "delete": 900000000000,
                                "update": 900000000000
                            }
                        },
                        "tainted": false
                    },
                    "deposed": [],
                    "provider": "provider.oci"
                }
            },
            "depends_on": []
        }
    ]
}
