{
    "version": 3,
    "terraform_version": "0.11.11",
    "serial": 1,
    "lineage": "2e9faf0b-1b77-ffe4-a579-3e00216302e7",
    "modules": [
        {
            "path": [
                "root"
            ],
            "outputs": {
                "input_service": {
                    "sensitive": false,
                    "type": "string",
                    "value": "adw"
                },
                "input_service_name": {
                    "sensitive": false,
                    "type": "string",
                    "value": "db1"
                }
            },
            "resources": {},
            "depends_on": []
        },
        {
            "path": [
                "root",
                "compute"
            ],
            "outputs": {},
            "resources": {
                "data.oci_identity_availability_domains.ads": {
                    "type": "oci_identity_availability_domains",
                    "depends_on": [],
                    "primary": {
                        "id": "2019-05-06 17:11:04.712278 +0000 UTC",
                        "attributes": {
                            "availability_domains.#": "3",
                            "availability_domains.0.compartment_id": "ocid1.compartment.oc1..aaaaaaaahcr7r5vrtfqf4sf7x4tr5j3jid5a4reqnnsjuq7pn22wetjfcmra",
                            "availability_domains.0.id": "ocid1.availabilitydomain.oc1..aaaaaaaaztunlny6ae4yw2vghp5go2zceaonwp6wiioe3tnh2vlaxjjl2n3a",
                            "availability_domains.0.name": "UpWX:US-ASHBURN-AD-1",
                            "availability_domains.1.compartment_id": "ocid1.compartment.oc1..aaaaaaaahcr7r5vrtfqf4sf7x4tr5j3jid5a4reqnnsjuq7pn22wetjfcmra",
                            "availability_domains.1.id": "ocid1.availabilitydomain.oc1..aaaaaaaatrwxaogr7dl4yschqtrmqrdv6uzis3mgbnomiagqrfhcb7mxsfdq",
                            "availability_domains.1.name": "UpWX:US-ASHBURN-AD-2",
                            "availability_domains.2.compartment_id": "ocid1.compartment.oc1..aaaaaaaahcr7r5vrtfqf4sf7x4tr5j3jid5a4reqnnsjuq7pn22wetjfcmra",
                            "availability_domains.2.id": "ocid1.availabilitydomain.oc1..aaaaaaaauvt2n7pijol7uqgdnnsoojcukrijtmcltvfwxazmitk235wyohta",
                            "availability_domains.2.name": "UpWX:US-ASHBURN-AD-3",
                            "compartment_id": "ocid1.compartment.oc1..aaaaaaaahcr7r5vrtfqf4sf7x4tr5j3jid5a4reqnnsjuq7pn22wetjfcmra",
                            "id": "2019-05-06 17:11:04.712278 +0000 UTC"
                        },
                        "meta": {},
                        "tainted": false
                    },
                    "deposed": [],
                    "provider": "provider.oci"
                },
                "data.template_file.init": {
                    "type": "template_file",
                    "depends_on": [],
                    "primary": {
                        "id": "2d6fc15591dc4d3e83928ce65edce87c5ca642cbfbe663c81fc06b1f21f58f2c",
                        "attributes": {
                            "id": "2d6fc15591dc4d3e83928ce65edce87c5ca642cbfbe663c81fc06b1f21f58f2c",
                            "rendered": "#!/bin/sh\necho 'This compute instance was provisioned by Terraform.' \u003e\u003e /tmp/motd\nmkdir /home/opc/.oci/\nchmod 700 /home/opc/.oci\nchown -R opc:opc /home/opc/.oci\ncd /home/opc/.oci/\ntouch /home/opc/.oci/oci_private_key.pem\nchmod 700 /home/opc/.oci/oci_private_key.pem \necho \"-----BEGIN RSA PRIVATE KEY-----\nMIIEowIBAAKCAQEAuJtRXF+pcaNRG1VIOL7da+yp8HGjgKjloUj5G5zV2S/keadW\nHauT2zxbDf3wTXSWkqyvgOxjun6yET84ZUGqwd1c8ukQfqpezpLYFSQWV7H3Tw19\nisvhQXwpxnBykGvGHPyjhgKvCPNC2ooXtYVYGU9DDiNWiynnQrE1/emhXTbVdGhB\n30bJxqEcdJdDP4KURrQzUyZV4lAhAN4digluxYeSm2nPHfpG/DI50KJ47qbFZx+4\nJ+WmZiyTk44+t0mteXY7OXJ3v5Y7jaInjispvFs41sJpYYtfiibaln3fDGjKmtaI\nT9YmqRR0kWol4L24/Pmix+4d7nlvYx/P9AaHewIDAQABAoIBAQCsLFfGgoXjMYGc\nr35rRj/2v0SDt0jZ3yxDr259/VlJdaxudc4QYAzHZVQ7CYLMipdAdwQ8hrxAnJdx\nFHiBn6wloVJmT06OBFHl8fjMRtr7sUTJmvhiseIFlErWA9wlrA6azFmqy+f5vf+1\nGSQhrRrMiCsvDXBS3KMOhX6osPRJnRnIUAreiTwHG4ufooHZQF6ZpGCsPk0k82Sa\neHERPnkwUqUTAqrHBOu2px83Hriug5QoAMv1V3fnHXDOe6ga3pG6vm6MroslC6Jy\nhwWt1rL5xYl6uQCM01PFVCndcEEiMw1pMhKrfBe3T9rgT2C5RXMmWju+xOjjnBxZ\nefZhC3/ZAoGBAPHfYRFoYHKtg/nD+RoXWXGWftWzdyy1/QfOfoX4JCrb8BQrahFC\neE40jqI1ynUkKwuW7RoBfROp+Smd0rv9SU9Y5RHRh/JhqeMwpyDC2kDhPARNmP9V\nIEy2360u+lacsw6A436WEWk0NgCXivXTdGn0iRc7/s/4o4umDVpHUBvNAoGBAMNj\nqnGAc+oGjIlRlMKf7GxBXabD5WsXY6xdb+P9kddlJHYTMBieY7M24EsfKg47OOQF\nMTK3Sq9DZIwBt6WHaI6SWnuJnEJyxfyjp+A2Xvl/iOMOVIb4Iov+Ws+p/VemQMde\n+Fp9czB18FLYmnDyTxdJr+rhUYRQReA7AyO6ELhnAoGAd80p2iJ16zdQsEzGPIsm\nLWHajuTmeYnmu5AnERpYZ7YqkwLx9XyT9ECKCYRVNHJms8XcyM3F8xB0ro1SjPSm\n9BtW0t2S1ZZUPIijr1F0I0CspoD88DNs3TKTVcd4DaBt/BgRFmkkVJSczuxA0wQa\nnESYBp8b1k0UTJ5B7N53ql0CgYA1pkknrzikurWeAuuQ4S6ervgTEVkOJbb1nhZa\nCMch2KDBVxVuvRbtH5VIqz7192bwnUhb/54fL6cNFm+hoOOhuifkIe3pBPC+JQW0\nd9luMomYpteo07tQqz+uI6PvjDPfSoFw/19AoDGj3dvSRYZYA6CtIr8qUIxPPITp\nK27p4wKBgGEBeN2S99GmCp5uupxc6sJg+0c7Bmw6oOzy8ILFU/HuebWUKXqRyyrm\nDTCheXNZB5eR1VV0sifI4pT3Jxr64n49CqozzlO1ejlD11nuPwYEuAsIbEMYgZBI\nhbhW8eql+ONMIimRqqK5qwInvhQfFdJCuL1mIKC4K0ItTvQw6MJC\n-----END RSA PRIVATE KEY-----\n\" \u003e\u003e /home/opc/.oci/oci_private_key.pem\ntouch /home/opc/.oci/oci_public_key.pem\nchmod 700 /home/opc/.oci/oci_public_key.pem \necho \"-----BEGIN PUBLIC KEY-----\nMIIBIjANBgkqhkiG9w0BAQEFAAOCAQ8AMIIBCgKCAQEAuJtRXF+pcaNRG1VIOL7d\na+yp8HGjgKjloUj5G5zV2S/keadWHauT2zxbDf3wTXSWkqyvgOxjun6yET84ZUGq\nwd1c8ukQfqpezpLYFSQWV7H3Tw19isvhQXwpxnBykGvGHPyjhgKvCPNC2ooXtYVY\nGU9DDiNWiynnQrE1/emhXTbVdGhB30bJxqEcdJdDP4KURrQzUyZV4lAhAN4diglu\nxYeSm2nPHfpG/DI50KJ47qbFZx+4J+WmZiyTk44+t0mteXY7OXJ3v5Y7jaInjisp\nvFs41sJpYYtfiibaln3fDGjKmtaIT9YmqRR0kWol4L24/Pmix+4d7nlvYx/P9AaH\newIDAQAB\n-----END PUBLIC KEY-----\n\" \u003e\u003e oci_public_key.pem\ntouch /home/opc/.oci/config\nchmod 700 /home/opc/.oci/config\necho \"[DEFAULT]\nuser=ocid1.user.oc1..aaaaaaaaes2w2nmb5z7y27qjgdo5pzwxdafcahbvytzyfw23xbsawfqxcgia\nfingerprint=59:a2:af:2f:cd:eb:a1:a2:85:82:67:88:db:fc:db:dc\nkey_file=/home/opc/.oci/oci_private_key.pem\ntenancy=ocid1.tenancy.oc1..aaaaaaaaa5jn745fyrmpizutz5q2gjjduhot4ny2wxda7fobvkeu5wkpeysa\nregion=us-ashburn-1\n\" \u003e\u003e /home/opc/.oci/config\nif [ adw = \"atp\" ]\nthen\n\techo \"/usr/bin/oci --config-file /home/opc/.oci/config db autonomous-database create --compartment-id ocid1.compartment.oc1..aaaaaaaahcr7r5vrtfqf4sf7x4tr5j3jid5a4reqnnsjuq7pn22wetjfcmra --db-name atpdb1 --cpu-core-count 1 --data-storage-size-in-tbs 1 --admin-password Hell0W0rld##\" \u003e\u003e /home/opc/.oci/script.sh\n\toci setup repair-file-permissions --file /home/opc/.oci/config \n\toci setup repair-file-permissions --file /home/opc/.oci/oci_private_key.pem \n\tchown -R opc:opc /home/opc/.oci\n\t/usr/bin/oci --config-file /home/opc/.oci/config db autonomous-database create --compartment-id ocid1.compartment.oc1..aaaaaaaahcr7r5vrtfqf4sf7x4tr5j3jid5a4reqnnsjuq7pn22wetjfcmra --db-name atpdb1 --cpu-core-count 1 --data-storage-size-in-tbs 1 --admin-password Hell0W0rld##\nelif [ adw = \"adw\" ]\nthen\n\techo \"/usr/bin/oci --config-file /home/opc/.oci/config db autonomous-data-warehouse create --compartment-id ocid1.compartment.oc1..aaaaaaaahcr7r5vrtfqf4sf7x4tr5j3jid5a4reqnnsjuq7pn22wetjfcmra --db-name adwdb1 --cpu-core-count 1 --data-storage-size-in-tbs 1 --admin-password Hell0W0rld##\" \u003e\u003e /home/opc/.oci/script.sh\n\toci setup repair-file-permissions --file /home/opc/.oci/config \n\toci setup repair-file-permissions --file /home/opc/.oci/oci_private_key.pem \n\tchown -R opc:opc /home/opc/.oci\n\t/usr/bin/oci --config-file /home/opc/.oci/config db autonomous-data-warehouse create --compartment-id ocid1.compartment.oc1..aaaaaaaahcr7r5vrtfqf4sf7x4tr5j3jid5a4reqnnsjuq7pn22wetjfcmra --db-name adwdb1 --cpu-core-count 1 --data-storage-size-in-tbs 1 --admin-password Hell0W0rld##\nelse\n\techo \"did not specify which resource to create\" \u003e\u003e /home/opc/.oci/script.sh\nfi\n",
                            "template": "#!/bin/sh\necho 'This compute instance was provisioned by Terraform.' \u003e\u003e /tmp/motd\nmkdir /home/opc/.oci/\nchmod 700 /home/opc/.oci\nchown -R opc:opc /home/opc/.oci\ncd /home/opc/.oci/\ntouch /home/opc/.oci/oci_private_key.pem\nchmod 700 /home/opc/.oci/oci_private_key.pem \necho \"${oci_private_key}\" \u003e\u003e /home/opc/.oci/oci_private_key.pem\ntouch /home/opc/.oci/oci_public_key.pem\nchmod 700 /home/opc/.oci/oci_public_key.pem \necho \"${oci_public_key}\" \u003e\u003e oci_public_key.pem\ntouch /home/opc/.oci/config\nchmod 700 /home/opc/.oci/config\necho \"[DEFAULT]\nuser=${user_ocid}\nfingerprint=${fingerprint}\nkey_file=/home/opc/.oci/oci_private_key.pem\ntenancy=${tenancy_ocid}\nregion=${region}\n\" \u003e\u003e /home/opc/.oci/config\nif [ ${input_service} = \"atp\" ]\nthen\n\techo \"/usr/bin/oci --config-file /home/opc/.oci/config db autonomous-database create --compartment-id ${compartment_ocid} --db-name atp${input_service_name} --cpu-core-count 1 --data-storage-size-in-tbs 1 --admin-password Hell0W0rld##\" \u003e\u003e /home/opc/.oci/script.sh\n\toci setup repair-file-permissions --file /home/opc/.oci/config \n\toci setup repair-file-permissions --file /home/opc/.oci/oci_private_key.pem \n\tchown -R opc:opc /home/opc/.oci\n\t/usr/bin/oci --config-file /home/opc/.oci/config db autonomous-database create --compartment-id ${compartment_ocid} --db-name atp${input_service_name} --cpu-core-count 1 --data-storage-size-in-tbs 1 --admin-password Hell0W0rld##\nelif [ ${input_service} = \"adw\" ]\nthen\n\techo \"/usr/bin/oci --config-file /home/opc/.oci/config db autonomous-data-warehouse create --compartment-id ${compartment_ocid} --db-name adw${input_service_name} --cpu-core-count 1 --data-storage-size-in-tbs 1 --admin-password Hell0W0rld##\" \u003e\u003e /home/opc/.oci/script.sh\n\toci setup repair-file-permissions --file /home/opc/.oci/config \n\toci setup repair-file-permissions --file /home/opc/.oci/oci_private_key.pem \n\tchown -R opc:opc /home/opc/.oci\n\t/usr/bin/oci --config-file /home/opc/.oci/config db autonomous-data-warehouse create --compartment-id ${compartment_ocid} --db-name adw${input_service_name} --cpu-core-count 1 --data-storage-size-in-tbs 1 --admin-password Hell0W0rld##\nelse\n\techo \"did not specify which resource to create\" \u003e\u003e /home/opc/.oci/script.sh\nfi\n",
                            "vars.%": "9",
                            "vars.compartment_ocid": "ocid1.compartment.oc1..aaaaaaaahcr7r5vrtfqf4sf7x4tr5j3jid5a4reqnnsjuq7pn22wetjfcmra",
                            "vars.fingerprint": "59:a2:af:2f:cd:eb:a1:a2:85:82:67:88:db:fc:db:dc",
                            "vars.input_service": "adw",
                            "vars.input_service_name": "db1",
                            "vars.oci_private_key": "-----BEGIN RSA PRIVATE KEY-----\nMIIEowIBAAKCAQEAuJtRXF+pcaNRG1VIOL7da+yp8HGjgKjloUj5G5zV2S/keadW\nHauT2zxbDf3wTXSWkqyvgOxjun6yET84ZUGqwd1c8ukQfqpezpLYFSQWV7H3Tw19\nisvhQXwpxnBykGvGHPyjhgKvCPNC2ooXtYVYGU9DDiNWiynnQrE1/emhXTbVdGhB\n30bJxqEcdJdDP4KURrQzUyZV4lAhAN4digluxYeSm2nPHfpG/DI50KJ47qbFZx+4\nJ+WmZiyTk44+t0mteXY7OXJ3v5Y7jaInjispvFs41sJpYYtfiibaln3fDGjKmtaI\nT9YmqRR0kWol4L24/Pmix+4d7nlvYx/P9AaHewIDAQABAoIBAQCsLFfGgoXjMYGc\nr35rRj/2v0SDt0jZ3yxDr259/VlJdaxudc4QYAzHZVQ7CYLMipdAdwQ8hrxAnJdx\nFHiBn6wloVJmT06OBFHl8fjMRtr7sUTJmvhiseIFlErWA9wlrA6azFmqy+f5vf+1\nGSQhrRrMiCsvDXBS3KMOhX6osPRJnRnIUAreiTwHG4ufooHZQF6ZpGCsPk0k82Sa\neHERPnkwUqUTAqrHBOu2px83Hriug5QoAMv1V3fnHXDOe6ga3pG6vm6MroslC6Jy\nhwWt1rL5xYl6uQCM01PFVCndcEEiMw1pMhKrfBe3T9rgT2C5RXMmWju+xOjjnBxZ\nefZhC3/ZAoGBAPHfYRFoYHKtg/nD+RoXWXGWftWzdyy1/QfOfoX4JCrb8BQrahFC\neE40jqI1ynUkKwuW7RoBfROp+Smd0rv9SU9Y5RHRh/JhqeMwpyDC2kDhPARNmP9V\nIEy2360u+lacsw6A436WEWk0NgCXivXTdGn0iRc7/s/4o4umDVpHUBvNAoGBAMNj\nqnGAc+oGjIlRlMKf7GxBXabD5WsXY6xdb+P9kddlJHYTMBieY7M24EsfKg47OOQF\nMTK3Sq9DZIwBt6WHaI6SWnuJnEJyxfyjp+A2Xvl/iOMOVIb4Iov+Ws+p/VemQMde\n+Fp9czB18FLYmnDyTxdJr+rhUYRQReA7AyO6ELhnAoGAd80p2iJ16zdQsEzGPIsm\nLWHajuTmeYnmu5AnERpYZ7YqkwLx9XyT9ECKCYRVNHJms8XcyM3F8xB0ro1SjPSm\n9BtW0t2S1ZZUPIijr1F0I0CspoD88DNs3TKTVcd4DaBt/BgRFmkkVJSczuxA0wQa\nnESYBp8b1k0UTJ5B7N53ql0CgYA1pkknrzikurWeAuuQ4S6ervgTEVkOJbb1nhZa\nCMch2KDBVxVuvRbtH5VIqz7192bwnUhb/54fL6cNFm+hoOOhuifkIe3pBPC+JQW0\nd9luMomYpteo07tQqz+uI6PvjDPfSoFw/19AoDGj3dvSRYZYA6CtIr8qUIxPPITp\nK27p4wKBgGEBeN2S99GmCp5uupxc6sJg+0c7Bmw6oOzy8ILFU/HuebWUKXqRyyrm\nDTCheXNZB5eR1VV0sifI4pT3Jxr64n49CqozzlO1ejlD11nuPwYEuAsIbEMYgZBI\nhbhW8eql+ONMIimRqqK5qwInvhQfFdJCuL1mIKC4K0ItTvQw6MJC\n-----END RSA PRIVATE KEY-----\n",
                            "vars.oci_public_key": "-----BEGIN PUBLIC KEY-----\nMIIBIjANBgkqhkiG9w0BAQEFAAOCAQ8AMIIBCgKCAQEAuJtRXF+pcaNRG1VIOL7d\na+yp8HGjgKjloUj5G5zV2S/keadWHauT2zxbDf3wTXSWkqyvgOxjun6yET84ZUGq\nwd1c8ukQfqpezpLYFSQWV7H3Tw19isvhQXwpxnBykGvGHPyjhgKvCPNC2ooXtYVY\nGU9DDiNWiynnQrE1/emhXTbVdGhB30bJxqEcdJdDP4KURrQzUyZV4lAhAN4diglu\nxYeSm2nPHfpG/DI50KJ47qbFZx+4J+WmZiyTk44+t0mteXY7OXJ3v5Y7jaInjisp\nvFs41sJpYYtfiibaln3fDGjKmtaIT9YmqRR0kWol4L24/Pmix+4d7nlvYx/P9AaH\newIDAQAB\n-----END PUBLIC KEY-----\n",
                            "vars.region": "us-ashburn-1",
                            "vars.tenancy_ocid": "ocid1.tenancy.oc1..aaaaaaaaa5jn745fyrmpizutz5q2gjjduhot4ny2wxda7fobvkeu5wkpeysa",
                            "vars.user_ocid": "ocid1.user.oc1..aaaaaaaaes2w2nmb5z7y27qjgdo5pzwxdafcahbvytzyfw23xbsawfqxcgia"
                        },
                        "meta": {},
                        "tainted": false
                    },
                    "deposed": [],
                    "provider": "provider.template"
                },
                "null_resource.export_rendered_template": {
                    "type": "null_resource",
                    "depends_on": [
                        "data.template_file.init.*"
                    ],
                    "primary": {
                        "id": "5044494723720615429",
                        "attributes": {
                            "id": "5044494723720615429"
                        },
                        "meta": {},
                        "tainted": false
                    },
                    "deposed": [],
                    "provider": "provider.null"
                },
                "oci_core_instance.PrivateInstance": {
                    "type": "oci_core_instance",
                    "depends_on": [
                        "data.oci_identity_availability_domains.ads",
                        "data.template_file.init"
                    ],
                    "primary": {
                        "id": "ocid1.instance.oc1.iad.abuwcljsmct7f2vvnaka3qeuyvcobggqumocv276jahnmn7w7dsjmypfphva",
                        "attributes": {
                            "agent_config.#": "1",
                            "agent_config.0.is_monitoring_disabled": "false",
                            "availability_domain": "UpWX:US-ASHBURN-AD-1",
                            "boot_volume_id": "ocid1.bootvolume.oc1.iad.abuwcljsqe4friefe5othvwh6hdjwek6xmepi542bzxdlne7vagoyshtduta",
                            "compartment_id": "ocid1.compartment.oc1..aaaaaaaahcr7r5vrtfqf4sf7x4tr5j3jid5a4reqnnsjuq7pn22wetjfcmra",
                            "create_vnic_details.#": "1",
                            "create_vnic_details.0.assign_public_ip": "false",
                            "create_vnic_details.0.defined_tags.%": "0",
                            "create_vnic_details.0.display_name": "Dev_Instance",
                            "create_vnic_details.0.freeform_tags.%": "0",
                            "create_vnic_details.0.hostname_label": "dev1",
                            "create_vnic_details.0.private_ip": "10.0.1.2",
                            "create_vnic_details.0.skip_source_dest_check": "false",
                            "create_vnic_details.0.subnet_id": "ocid1.subnet.oc1.iad.aaaaaaaa3o7kmsncy2pvzskbtlojliketgpbrcugjofhou4m3sw2yoozg4va",
                            "defined_tags.%": "0",
                            "display_name": "Dev_Instance",
                            "fault_domain": "FAULT-DOMAIN-1",
                            "freeform_tags.%": "0",
                            "hostname_label": "dev1",
                            "id": "ocid1.instance.oc1.iad.abuwcljsmct7f2vvnaka3qeuyvcobggqumocv276jahnmn7w7dsjmypfphva",
                            "image": "ocid1.image.oc1..aaaaaaaapa4matxgu5slju7ikdgukbsbi2zbb5mhsurxicwtsrv4bev6ln4a",
                            "launch_mode": "NATIVE",
                            "launch_options.#": "1",
                            "launch_options.0.boot_volume_type": "PARAVIRTUALIZED",
                            "launch_options.0.firmware": "UEFI_64",
                            "launch_options.0.is_consistent_volume_naming_enabled": "true",
                            "launch_options.0.is_pv_encryption_in_transit_enabled": "true",
                            "launch_options.0.network_type": "VFIO",
                            "launch_options.0.remote_data_volume_type": "PARAVIRTUALIZED",
                            "metadata.%": "2",
                            "metadata.ssh_authorized_keys": "ssh-rsa AAAAB3NzaC1yc2EAAAADAQABAAABAQDHz4qxEOnsY+wJUUMQYYuWsXtTea2KnnWc8Hs1NfE2AY3oDPwZKZ+Ar7HUB6My18Vfoi4zOq0wPMqpntP4kd5scerAJkw0nQqp2hLSSOIh9eD7EtOGFImf4hj232QnwoblTKD8PjCgwuv9OUfpYLiEFALMJh1Ao1BEQgvcinaPEn4jSSgs9Ozznd55Uov6YFUP/3qv+IIURbNoR2xyE1eV5aPjFc0nDyQQfn4dRqhxBC1qaHtuArjF0gb1l4ud3x8W8FCLgUpIcFQ+U/hWMjb1sTLDM16SzoDLjoBxos5DYWS4S7l8HfmzXzNZaO0jkhfMaEXf3tEFaf/bNFJ5hd+f clyu@Carolines-MBP-2.hsd1.ma.comcast.net\n",
                            "metadata.user_data": "IyEvYmluL3NoCmVjaG8gJ1RoaXMgY29tcHV0ZSBpbnN0YW5jZSB3YXMgcHJvdmlzaW9uZWQgYnkgVGVycmFmb3JtLicgPj4gL3RtcC9tb3RkCm1rZGlyIC9ob21lL29wYy8ub2NpLwpjaG1vZCA3MDAgL2hvbWUvb3BjLy5vY2kKY2hvd24gLVIgb3BjOm9wYyAvaG9tZS9vcGMvLm9jaQpjZCAvaG9tZS9vcGMvLm9jaS8KdG91Y2ggL2hvbWUvb3BjLy5vY2kvb2NpX3ByaXZhdGVfa2V5LnBlbQpjaG1vZCA3MDAgL2hvbWUvb3BjLy5vY2kvb2NpX3ByaXZhdGVfa2V5LnBlbSAKZWNobyAiLS0tLS1CRUdJTiBSU0EgUFJJVkFURSBLRVktLS0tLQpNSUlFb3dJQkFBS0NBUUVBdUp0UlhGK3BjYU5SRzFWSU9MN2RhK3lwOEhHamdLamxvVWo1RzV6VjJTL2tlYWRXCkhhdVQyenhiRGYzd1RYU1drcXl2Z094anVuNnlFVDg0WlVHcXdkMWM4dWtRZnFwZXpwTFlGU1FXVjdIM1R3MTkKaXN2aFFYd3B4bkJ5a0d2R0hQeWpoZ0t2Q1BOQzJvb1h0WVZZR1U5RERpTldpeW5uUXJFMS9lbWhYVGJWZEdoQgozMGJKeHFFY2RKZERQNEtVUnJRelV5WlY0bEFoQU40ZGlnbHV4WWVTbTJuUEhmcEcvREk1MEtKNDdxYkZaeCs0CkorV21aaXlUazQ0K3QwbXRlWFk3T1hKM3Y1WTdqYUluamlzcHZGczQxc0pwWVl0ZmlpYmFsbjNmREdqS210YUkKVDlZbXFSUjBrV29sNEwyNC9QbWl4KzRkN25sdll4L1A5QWFIZXdJREFRQUJBb0lCQVFDc0xGZkdnb1hqTVlHYwpyMzVyUmovMnYwU0R0MGpaM3l4RHIyNTkvVmxKZGF4dWRjNFFZQXpIWlZRN0NZTE1pcGRBZHdROGhyeEFuSmR4CkZIaUJuNndsb1ZKbVQwNk9CRkhsOGZqTVJ0cjdzVVRKbXZoaXNlSUZsRXJXQTl3bHJBNmF6Rm1xeStmNXZmKzEKR1NRaHJSck1pQ3N2RFhCUzNLTU9oWDZvc1BSSm5SbklVQXJlaVR3SEc0dWZvb0haUUY2WnBHQ3NQazBrODJTYQplSEVSUG5rd1VxVVRBcXJIQk91MnB4ODNIcml1ZzVRb0FNdjFWM2ZuSFhET2U2Z2EzcEc2dm02TXJvc2xDNkp5Cmh3V3Qxckw1eFlsNnVRQ00wMVBGVkNuZGNFRWlNdzFwTWhLcmZCZTNUOXJnVDJDNVJYTW1XanUreE9qam5CeFoKZWZaaEMzL1pBb0dCQVBIZllSRm9ZSEt0Zy9uRCtSb1hXWEdXZnRXemR5eTEvUWZPZm9YNEpDcmI4QlFyYWhGQwplRTQwanFJMXluVWtLd3VXN1JvQmZST3ArU21kMHJ2OVNVOVk1UkhSaC9KaHFlTXdweURDMmtEaFBBUk5tUDlWCklFeTIzNjB1K2xhY3N3NkE0MzZXRVdrME5nQ1hpdlhUZEduMGlSYzcvcy80bzR1bURWcEhVQnZOQW9HQkFNTmoKcW5HQWMrb0dqSWxSbE1LZjdHeEJYYWJENVdzWFk2eGRiK1A5a2RkbEpIWVRNQmllWTdNMjRFc2ZLZzQ3T09RRgpNVEszU3E5RFpJd0J0NldIYUk2U1dudUpuRUp5eGZ5anArQTJYdmwvaU9NT1ZJYjRJb3YrV3MrcC9WZW1RTWRlCitGcDljekIxOEZMWW1uRHlUeGRKcityaFVZUlFSZUE3QXlPNkVMaG5Bb0dBZDgwcDJpSjE2emRRc0V6R1BJc20KTFdIYWp1VG1lWW5tdTVBbkVScFlaN1lxa3dMeDlYeVQ5RUNLQ1lSVk5ISm1zOFhjeU0zRjh4QjBybzFTalBTbQo5QnRXMHQyUzFaWlVQSWlqcjFGMEkwQ3Nwb0Q4OEROczNUS1RWY2Q0RGFCdC9CZ1JGbWtrVkpTY3p1eEEwd1FhCm5FU1lCcDhiMWswVVRKNUI3TjUzcWwwQ2dZQTFwa2tucnppa3VyV2VBdXVRNFM2ZXJ2Z1RFVmtPSmJiMW5oWmEKQ01jaDJLREJWeFZ1dlJidEg1VklxejcxOTJid25VaGIvNTRmTDZjTkZtK2hvT09odWlma0llM3BCUEMrSlFXMApkOWx1TW9tWXB0ZW8wN3RRcXordUk2UHZqRFBmU29Gdy8xOUFvREdqM2R2U1JZWllBNkN0SXI4cVVJeFBQSVRwCksyN3A0d0tCZ0dFQmVOMlM5OUdtQ3A1dXVweGM2c0pnKzBjN0JtdzZvT3p5OElMRlUvSHVlYldVS1hxUnl5cm0KRFRDaGVYTlpCNWVSMVZWMHNpZkk0cFQzSnhyNjRuNDlDcW96emxPMWVqbEQxMW51UHdZRXVBc0liRU1ZZ1pCSQpoYmhXOGVxbCtPTk1JaW1ScXFLNXF3SW52aFFmRmRKQ3VMMW1JS0M0SzBJdFR2UXc2TUpDCi0tLS0tRU5EIFJTQSBQUklWQVRFIEtFWS0tLS0tCiIgPj4gL2hvbWUvb3BjLy5vY2kvb2NpX3ByaXZhdGVfa2V5LnBlbQp0b3VjaCAvaG9tZS9vcGMvLm9jaS9vY2lfcHVibGljX2tleS5wZW0KY2htb2QgNzAwIC9ob21lL29wYy8ub2NpL29jaV9wdWJsaWNfa2V5LnBlbSAKZWNobyAiLS0tLS1CRUdJTiBQVUJMSUMgS0VZLS0tLS0KTUlJQklqQU5CZ2txaGtpRzl3MEJBUUVGQUFPQ0FROEFNSUlCQ2dLQ0FRRUF1SnRSWEYrcGNhTlJHMVZJT0w3ZAphK3lwOEhHamdLamxvVWo1RzV6VjJTL2tlYWRXSGF1VDJ6eGJEZjN3VFhTV2txeXZnT3hqdW42eUVUODRaVUdxCndkMWM4dWtRZnFwZXpwTFlGU1FXVjdIM1R3MTlpc3ZoUVh3cHhuQnlrR3ZHSFB5amhnS3ZDUE5DMm9vWHRZVlkKR1U5RERpTldpeW5uUXJFMS9lbWhYVGJWZEdoQjMwYkp4cUVjZEpkRFA0S1VSclF6VXlaVjRsQWhBTjRkaWdsdQp4WWVTbTJuUEhmcEcvREk1MEtKNDdxYkZaeCs0SitXbVppeVRrNDQrdDBtdGVYWTdPWEozdjVZN2phSW5qaXNwCnZGczQxc0pwWVl0ZmlpYmFsbjNmREdqS210YUlUOVltcVJSMGtXb2w0TDI0L1BtaXgrNGQ3bmx2WXgvUDlBYUgKZXdJREFRQUIKLS0tLS1FTkQgUFVCTElDIEtFWS0tLS0tCiIgPj4gb2NpX3B1YmxpY19rZXkucGVtCnRvdWNoIC9ob21lL29wYy8ub2NpL2NvbmZpZwpjaG1vZCA3MDAgL2hvbWUvb3BjLy5vY2kvY29uZmlnCmVjaG8gIltERUZBVUxUXQp1c2VyPW9jaWQxLnVzZXIub2MxLi5hYWFhYWFhYWVzMncybm1iNXo3eTI3cWpnZG81cHp3eGRhZmNhaGJ2eXR6eWZ3MjN4YnNhd2ZxeGNnaWEKZmluZ2VycHJpbnQ9NTk6YTI6YWY6MmY6Y2Q6ZWI6YTE6YTI6ODU6ODI6Njc6ODg6ZGI6ZmM6ZGI6ZGMKa2V5X2ZpbGU9L2hvbWUvb3BjLy5vY2kvb2NpX3ByaXZhdGVfa2V5LnBlbQp0ZW5hbmN5PW9jaWQxLnRlbmFuY3kub2MxLi5hYWFhYWFhYWE1am43NDVmeXJtcGl6dXR6NXEyZ2pqZHVob3Q0bnkyd3hkYTdmb2J2a2V1NXdrcGV5c2EKcmVnaW9uPXVzLWFzaGJ1cm4tMQoiID4+IC9ob21lL29wYy8ub2NpL2NvbmZpZwppZiBbIGFkdyA9ICJhdHAiIF0KdGhlbgoJZWNobyAiL3Vzci9iaW4vb2NpIC0tY29uZmlnLWZpbGUgL2hvbWUvb3BjLy5vY2kvY29uZmlnIGRiIGF1dG9ub21vdXMtZGF0YWJhc2UgY3JlYXRlIC0tY29tcGFydG1lbnQtaWQgb2NpZDEuY29tcGFydG1lbnQub2MxLi5hYWFhYWFhYWhjcjdyNXZydGZxZjRzZjd4NHRyNWozamlkNWE0cmVxbm5zanVxN3BuMjJ3ZXRqZmNtcmEgLS1kYi1uYW1lIGF0cGRiMSAtLWNwdS1jb3JlLWNvdW50IDEgLS1kYXRhLXN0b3JhZ2Utc2l6ZS1pbi10YnMgMSAtLWFkbWluLXBhc3N3b3JkIEhlbGwwVzBybGQjIyIgPj4gL2hvbWUvb3BjLy5vY2kvc2NyaXB0LnNoCglvY2kgc2V0dXAgcmVwYWlyLWZpbGUtcGVybWlzc2lvbnMgLS1maWxlIC9ob21lL29wYy8ub2NpL2NvbmZpZyAKCW9jaSBzZXR1cCByZXBhaXItZmlsZS1wZXJtaXNzaW9ucyAtLWZpbGUgL2hvbWUvb3BjLy5vY2kvb2NpX3ByaXZhdGVfa2V5LnBlbSAKCWNob3duIC1SIG9wYzpvcGMgL2hvbWUvb3BjLy5vY2kKCS91c3IvYmluL29jaSAtLWNvbmZpZy1maWxlIC9ob21lL29wYy8ub2NpL2NvbmZpZyBkYiBhdXRvbm9tb3VzLWRhdGFiYXNlIGNyZWF0ZSAtLWNvbXBhcnRtZW50LWlkIG9jaWQxLmNvbXBhcnRtZW50Lm9jMS4uYWFhYWFhYWFoY3I3cjV2cnRmcWY0c2Y3eDR0cjVqM2ppZDVhNHJlcW5uc2p1cTdwbjIyd2V0amZjbXJhIC0tZGItbmFtZSBhdHBkYjEgLS1jcHUtY29yZS1jb3VudCAxIC0tZGF0YS1zdG9yYWdlLXNpemUtaW4tdGJzIDEgLS1hZG1pbi1wYXNzd29yZCBIZWxsMFcwcmxkIyMKZWxpZiBbIGFkdyA9ICJhZHciIF0KdGhlbgoJZWNobyAiL3Vzci9iaW4vb2NpIC0tY29uZmlnLWZpbGUgL2hvbWUvb3BjLy5vY2kvY29uZmlnIGRiIGF1dG9ub21vdXMtZGF0YS13YXJlaG91c2UgY3JlYXRlIC0tY29tcGFydG1lbnQtaWQgb2NpZDEuY29tcGFydG1lbnQub2MxLi5hYWFhYWFhYWhjcjdyNXZydGZxZjRzZjd4NHRyNWozamlkNWE0cmVxbm5zanVxN3BuMjJ3ZXRqZmNtcmEgLS1kYi1uYW1lIGFkd2RiMSAtLWNwdS1jb3JlLWNvdW50IDEgLS1kYXRhLXN0b3JhZ2Utc2l6ZS1pbi10YnMgMSAtLWFkbWluLXBhc3N3b3JkIEhlbGwwVzBybGQjIyIgPj4gL2hvbWUvb3BjLy5vY2kvc2NyaXB0LnNoCglvY2kgc2V0dXAgcmVwYWlyLWZpbGUtcGVybWlzc2lvbnMgLS1maWxlIC9ob21lL29wYy8ub2NpL2NvbmZpZyAKCW9jaSBzZXR1cCByZXBhaXItZmlsZS1wZXJtaXNzaW9ucyAtLWZpbGUgL2hvbWUvb3BjLy5vY2kvb2NpX3ByaXZhdGVfa2V5LnBlbSAKCWNob3duIC1SIG9wYzpvcGMgL2hvbWUvb3BjLy5vY2kKCS91c3IvYmluL29jaSAtLWNvbmZpZy1maWxlIC9ob21lL29wYy8ub2NpL2NvbmZpZyBkYiBhdXRvbm9tb3VzLWRhdGEtd2FyZWhvdXNlIGNyZWF0ZSAtLWNvbXBhcnRtZW50LWlkIG9jaWQxLmNvbXBhcnRtZW50Lm9jMS4uYWFhYWFhYWFoY3I3cjV2cnRmcWY0c2Y3eDR0cjVqM2ppZDVhNHJlcW5uc2p1cTdwbjIyd2V0amZjbXJhIC0tZGItbmFtZSBhZHdkYjEgLS1jcHUtY29yZS1jb3VudCAxIC0tZGF0YS1zdG9yYWdlLXNpemUtaW4tdGJzIDEgLS1hZG1pbi1wYXNzd29yZCBIZWxsMFcwcmxkIyMKZWxzZQoJZWNobyAiZGlkIG5vdCBzcGVjaWZ5IHdoaWNoIHJlc291cmNlIHRvIGNyZWF0ZSIgPj4gL2hvbWUvb3BjLy5vY2kvc2NyaXB0LnNoCmZpCg==",
                            "private_ip": "10.0.1.2",
                            "public_ip": "",
                            "region": "iad",
                            "shape": "VM.Standard2.1",
                            "source_details.#": "1",
                            "source_details.0.boot_volume_size_in_gbs": "47",
                            "source_details.0.kms_key_id": "",
                            "source_details.0.source_id": "ocid1.image.oc1..aaaaaaaapa4matxgu5slju7ikdgukbsbi2zbb5mhsurxicwtsrv4bev6ln4a",
                            "source_details.0.source_type": "image",
                            "state": "RUNNING",
                            "subnet_id": "ocid1.subnet.oc1.iad.aaaaaaaa3o7kmsncy2pvzskbtlojliketgpbrcugjofhou4m3sw2yoozg4va",
                            "time_created": "2019-05-06 17:11:22.994 +0000 UTC",
                            "time_maintenance_reboot_due": ""
                        },
                        "meta": {
                            "e2bfb730-ecaa-11e6-8f88-34363bc7c4c0": {
                                "create": 3600000000000,
                                "delete": 7200000000000,
                                "update": 7200000000000
                            }
                        },
                        "tainted": false
                    },
                    "deposed": [],
                    "provider": "provider.oci"
                },
                "oci_core_instance.PublicInstance": {
                    "type": "oci_core_instance",
                    "depends_on": [
                        "data.oci_identity_availability_domains.ads"
                    ],
                    "primary": {
                        "id": "ocid1.instance.oc1.iad.abuwcljsjldugnjgh4iovuosetlsmggvvo63zer7lr5tcgkrm4wex3iab3ja",
                        "attributes": {
                            "agent_config.#": "1",
                            "agent_config.0.is_monitoring_disabled": "false",
                            "availability_domain": "UpWX:US-ASHBURN-AD-1",
                            "boot_volume_id": "ocid1.bootvolume.oc1.iad.abuwcljsaq3r2ntcmwwwkdsy2wkshvs6gpty24bwqpyuvazb4hy3vuiszh3q",
                            "compartment_id": "ocid1.compartment.oc1..aaaaaaaahcr7r5vrtfqf4sf7x4tr5j3jid5a4reqnnsjuq7pn22wetjfcmra",
                            "create_vnic_details.#": "1",
                            "create_vnic_details.0.assign_public_ip": "true",
                            "create_vnic_details.0.defined_tags.%": "0",
                            "create_vnic_details.0.display_name": "primaryvnic",
                            "create_vnic_details.0.freeform_tags.%": "0",
                            "create_vnic_details.0.hostname_label": "bastion1",
                            "create_vnic_details.0.private_ip": "10.0.2.2",
                            "create_vnic_details.0.skip_source_dest_check": "false",
                            "create_vnic_details.0.subnet_id": "ocid1.subnet.oc1.iad.aaaaaaaanr5axihizuxo6qpyo3peaxzogmyoo454xrbdacsboxoeb47yxrpq",
                            "defined_tags.%": "0",
                            "display_name": "Bastion_Instance",
                            "fault_domain": "FAULT-DOMAIN-1",
                            "freeform_tags.%": "0",
                            "hostname_label": "bastion1",
                            "id": "ocid1.instance.oc1.iad.abuwcljsjldugnjgh4iovuosetlsmggvvo63zer7lr5tcgkrm4wex3iab3ja",
                            "image": "ocid1.image.oc1.iad.aaaaaaaa2tq67tvbeavcmioghquci6p3pvqwbneq3vfy7fe7m7geiga4cnxa",
                            "launch_mode": "NATIVE",
                            "launch_options.#": "1",
                            "launch_options.0.boot_volume_type": "PARAVIRTUALIZED",
                            "launch_options.0.firmware": "UEFI_64",
                            "launch_options.0.is_consistent_volume_naming_enabled": "false",
                            "launch_options.0.is_pv_encryption_in_transit_enabled": "true",
                            "launch_options.0.network_type": "VFIO",
                            "launch_options.0.remote_data_volume_type": "PARAVIRTUALIZED",
                            "metadata.%": "1",
                            "metadata.ssh_authorized_keys": "ssh-rsa AAAAB3NzaC1yc2EAAAADAQABAAABAQDHz4qxEOnsY+wJUUMQYYuWsXtTea2KnnWc8Hs1NfE2AY3oDPwZKZ+Ar7HUB6My18Vfoi4zOq0wPMqpntP4kd5scerAJkw0nQqp2hLSSOIh9eD7EtOGFImf4hj232QnwoblTKD8PjCgwuv9OUfpYLiEFALMJh1Ao1BEQgvcinaPEn4jSSgs9Ozznd55Uov6YFUP/3qv+IIURbNoR2xyE1eV5aPjFc0nDyQQfn4dRqhxBC1qaHtuArjF0gb1l4ud3x8W8FCLgUpIcFQ+U/hWMjb1sTLDM16SzoDLjoBxos5DYWS4S7l8HfmzXzNZaO0jkhfMaEXf3tEFaf/bNFJ5hd+f clyu@Carolines-MBP-2.hsd1.ma.comcast.net\n",
                            "private_ip": "10.0.2.2",
                            "public_ip": "129.213.39.109",
                            "region": "iad",
                            "shape": "VM.Standard2.2",
                            "source_details.#": "1",
                            "source_details.0.boot_volume_size_in_gbs": "47",
                            "source_details.0.kms_key_id": "",
                            "source_details.0.source_id": "ocid1.image.oc1.iad.aaaaaaaa2tq67tvbeavcmioghquci6p3pvqwbneq3vfy7fe7m7geiga4cnxa",
                            "source_details.0.source_type": "image",
                            "state": "RUNNING",
                            "subnet_id": "ocid1.subnet.oc1.iad.aaaaaaaanr5axihizuxo6qpyo3peaxzogmyoo454xrbdacsboxoeb47yxrpq",
                            "time_created": "2019-05-06 17:11:16.516 +0000 UTC",
                            "time_maintenance_reboot_due": ""
                        },
                        "meta": {
                            "e2bfb730-ecaa-11e6-8f88-34363bc7c4c0": {
                                "create": 3600000000000,
                                "delete": 7200000000000,
                                "update": 7200000000000
                            }
                        },
                        "tainted": false
                    },
                    "deposed": [],
                    "provider": "provider.oci"
                }
            },
            "depends_on": []
        },
        {
            "path": [
                "root",
                "network"
            ],
            "outputs": {
                "compartment_id": {
                    "sensitive": false,
                    "type": "string",
                    "value": "ocid1.compartment.oc1..aaaaaaaahcr7r5vrtfqf4sf7x4tr5j3jid5a4reqnnsjuq7pn22wetjfcmra"
                },
                "compartment_name": {
                    "sensitive": false,
                    "type": "string",
                    "value": "LABS"
                },
                "subnet_a": {
                    "sensitive": false,
                    "type": "string",
                    "value": "ocid1.subnet.oc1.iad.aaaaaaaa3o7kmsncy2pvzskbtlojliketgpbrcugjofhou4m3sw2yoozg4va"
                },
                "subnet_b": {
                    "sensitive": false,
                    "type": "string",
                    "value": "ocid1.subnet.oc1.iad.aaaaaaaanr5axihizuxo6qpyo3peaxzogmyoo454xrbdacsboxoeb47yxrpq"
                },
                "subscriptions": {
                    "sensitive": false,
                    "type": "list",
                    "value": [
                        {
                            "compartment_id": "ocid1.compartment.oc1..aaaaaaaahcr7r5vrtfqf4sf7x4tr5j3jid5a4reqnnsjuq7pn22wetjfcmra",
                            "display_name": "Oracle Cloud Developer Image",
                            "eula_link": "",
                            "listing_id": "ocid1.appcataloglisting.oc1..aaaaaaaapram7bsdh37gly4oavh42iqih6faoqqqmotpddyz4a44c4wgk7ja",
                            "listing_resource_id": "ocid1.image.oc1..aaaaaaaapa4matxgu5slju7ikdgukbsbi2zbb5mhsurxicwtsrv4bev6ln4a",
                            "listing_resource_version": "1.0.1",
                            "oracle_terms_of_use_link": "",
                            "publisher_name": "",
                            "signature": "",
                            "summary": "Oracle Cloud Developer Image",
                            "time_created": "2019-05-06 17:11:14.881 +0000 UTC",
                            "time_retrieved": ""
                        }
                    ]
                },
                "vcn_id": {
                    "sensitive": false,
                    "type": "string",
                    "value": "ocid1.vcn.oc1.iad.aaaaaaaauytwpclryd7ykw3voja56nzhlxavadbejpk5khttsnjf4jyjn5xq"
                }
            },
            "resources": {
                "data.oci_core_app_catalog_listing_resource_versions.test_app_catalog_listing_resource_versions": {
                    "type": "oci_core_app_catalog_listing_resource_versions",
                    "depends_on": [
                        "data.oci_core_app_catalog_listings.test_app_catalog_listings"
                    ],
                    "primary": {
                        "id": "2019-05-06 17:11:03.091118 +0000 UTC",
                        "attributes": {
                            "app_catalog_listing_resource_versions.#": "1",
                            "app_catalog_listing_resource_versions.0.accessible_ports.#": "0",
                            "app_catalog_listing_resource_versions.0.allowed_actions.#": "0",
                            "app_catalog_listing_resource_versions.0.available_regions.#": "0",
                            "app_catalog_listing_resource_versions.0.compatible_shapes.#": "0",
                            "app_catalog_listing_resource_versions.0.listing_id": "ocid1.appcataloglisting.oc1..aaaaaaaapram7bsdh37gly4oavh42iqih6faoqqqmotpddyz4a44c4wgk7ja",
                            "app_catalog_listing_resource_versions.0.listing_resource_id": "ocid1.image.oc1..aaaaaaaapa4matxgu5slju7ikdgukbsbi2zbb5mhsurxicwtsrv4bev6ln4a",
                            "app_catalog_listing_resource_versions.0.listing_resource_version": "1.0.1",
                            "app_catalog_listing_resource_versions.0.time_published": "2019-04-02 17:33:32.254 +0000 UTC",
                            "id": "2019-05-06 17:11:03.091118 +0000 UTC",
                            "listing_id": "ocid1.appcataloglisting.oc1..aaaaaaaapram7bsdh37gly4oavh42iqih6faoqqqmotpddyz4a44c4wgk7ja"
                        },
                        "meta": {},
                        "tainted": false
                    },
                    "deposed": [],
                    "provider": "provider.oci"
                },
                "data.oci_core_app_catalog_listings.test_app_catalog_listings": {
                    "type": "oci_core_app_catalog_listings",
                    "depends_on": [],
                    "primary": {
                        "id": "2019-05-06 17:11:02.998641 +0000 UTC",
                        "attributes": {
                            "app_catalog_listings.#": "3",
                            "app_catalog_listings.0.contact_url": "",
                            "app_catalog_listings.0.description": "",
                            "app_catalog_listings.0.display_name": "Oracle Cloud Developer Image",
                            "app_catalog_listings.0.listing_id": "ocid1.appcataloglisting.oc1..aaaaaaaapram7bsdh37gly4oavh42iqih6faoqqqmotpddyz4a44c4wgk7ja",
                            "app_catalog_listings.0.publisher_logo_url": "",
                            "app_catalog_listings.0.publisher_name": "Oracle Linux",
                            "app_catalog_listings.0.summary": "Oracle Cloud Developer Image",
                            "app_catalog_listings.0.time_published": "",
                            "app_catalog_listings.1.contact_url": "",
                            "app_catalog_listings.1.description": "",
                            "app_catalog_listings.1.display_name": "Oracle Linux KVM Image",
                            "app_catalog_listings.1.listing_id": "ocid1.appcataloglisting.oc1..aaaaaaaabc3patrrc5ahsivc73kbqg4u73gkm2tekx7xmhywaci44ykzdooq",
                            "app_catalog_listings.1.publisher_logo_url": "",
                            "app_catalog_listings.1.publisher_name": "Oracle Linux",
                            "app_catalog_listings.1.summary": "Oracle Linux, KVM hypervisor and Simplified Virtual Machine deployment",
                            "app_catalog_listings.1.time_published": "",
                            "app_catalog_listings.2.contact_url": "",
                            "app_catalog_listings.2.description": "",
                            "app_catalog_listings.2.display_name": "Oracle Linux Storage Appliance 1.8",
                            "app_catalog_listings.2.listing_id": "ocid1.appcataloglisting.oc1..aaaaaaaalzpz3ikxfhvcdtmjduxadvg323ybkew32fk4o66ao75oc6lbmeqq",
                            "app_catalog_listings.2.publisher_logo_url": "",
                            "app_catalog_listings.2.publisher_name": "Oracle Linux",
                            "app_catalog_listings.2.summary": "Oracle Linux Storage Appliance",
                            "app_catalog_listings.2.time_published": "",
                            "filter.#": "1",
                            "filter.1803082866.name": "publisher_name",
                            "filter.1803082866.regex": "false",
                            "filter.1803082866.values.#": "1",
                            "filter.1803082866.values.0": "Oracle Linux",
                            "id": "2019-05-06 17:11:02.998641 +0000 UTC"
                        },
                        "meta": {},
                        "tainted": false
                    },
                    "deposed": [],
                    "provider": "provider.oci"
                },
                "data.oci_core_app_catalog_subscriptions.test_app_catalog_subscriptions": {
                    "type": "oci_core_app_catalog_subscriptions",
                    "depends_on": [
                        "oci_core_app_catalog_subscription.test_app_catalog_subscription",
                        "oci_identity_compartment.compartment1"
                    ],
                    "primary": {
                        "id": "2019-05-06 17:11:15.114251 +0000 UTC",
                        "attributes": {
                            "app_catalog_subscriptions.#": "1",
                            "app_catalog_subscriptions.0.compartment_id": "ocid1.compartment.oc1..aaaaaaaahcr7r5vrtfqf4sf7x4tr5j3jid5a4reqnnsjuq7pn22wetjfcmra",
                            "app_catalog_subscriptions.0.display_name": "Oracle Cloud Developer Image",
                            "app_catalog_subscriptions.0.eula_link": "",
                            "app_catalog_subscriptions.0.listing_id": "ocid1.appcataloglisting.oc1..aaaaaaaapram7bsdh37gly4oavh42iqih6faoqqqmotpddyz4a44c4wgk7ja",
                            "app_catalog_subscriptions.0.listing_resource_id": "ocid1.image.oc1..aaaaaaaapa4matxgu5slju7ikdgukbsbi2zbb5mhsurxicwtsrv4bev6ln4a",
                            "app_catalog_subscriptions.0.listing_resource_version": "1.0.1",
                            "app_catalog_subscriptions.0.oracle_terms_of_use_link": "",
                            "app_catalog_subscriptions.0.publisher_name": "",
                            "app_catalog_subscriptions.0.signature": "",
                            "app_catalog_subscriptions.0.summary": "Oracle Cloud Developer Image",
                            "app_catalog_subscriptions.0.time_created": "2019-05-06 17:11:14.881 +0000 UTC",
                            "app_catalog_subscriptions.0.time_retrieved": "",
                            "compartment_id": "ocid1.compartment.oc1..aaaaaaaahcr7r5vrtfqf4sf7x4tr5j3jid5a4reqnnsjuq7pn22wetjfcmra",
                            "filter.#": "1",
                            "filter.121981166.name": "listing_resource_version",
                            "filter.121981166.regex": "false",
                            "filter.121981166.values.#": "1",
                            "filter.121981166.values.0": "1.0.1",
                            "id": "2019-05-06 17:11:15.114251 +0000 UTC",
                            "listing_id": "ocid1.appcataloglisting.oc1..aaaaaaaapram7bsdh37gly4oavh42iqih6faoqqqmotpddyz4a44c4wgk7ja"
                        },
                        "meta": {},
                        "tainted": false
                    },
                    "deposed": [],
                    "provider": "provider.oci"
                },
                "data.oci_identity_availability_domains.ads": {
                    "type": "oci_identity_availability_domains",
                    "depends_on": [
                        "oci_identity_compartment.compartment1"
                    ],
                    "primary": {
                        "id": "2019-05-06 17:11:04.683724 +0000 UTC",
                        "attributes": {
                            "availability_domains.#": "3",
                            "availability_domains.0.compartment_id": "ocid1.compartment.oc1..aaaaaaaahcr7r5vrtfqf4sf7x4tr5j3jid5a4reqnnsjuq7pn22wetjfcmra",
                            "availability_domains.0.id": "ocid1.availabilitydomain.oc1..aaaaaaaaztunlny6ae4yw2vghp5go2zceaonwp6wiioe3tnh2vlaxjjl2n3a",
                            "availability_domains.0.name": "UpWX:US-ASHBURN-AD-1",
                            "availability_domains.1.compartment_id": "ocid1.compartment.oc1..aaaaaaaahcr7r5vrtfqf4sf7x4tr5j3jid5a4reqnnsjuq7pn22wetjfcmra",
                            "availability_domains.1.id": "ocid1.availabilitydomain.oc1..aaaaaaaatrwxaogr7dl4yschqtrmqrdv6uzis3mgbnomiagqrfhcb7mxsfdq",
                            "availability_domains.1.name": "UpWX:US-ASHBURN-AD-2",
                            "availability_domains.2.compartment_id": "ocid1.compartment.oc1..aaaaaaaahcr7r5vrtfqf4sf7x4tr5j3jid5a4reqnnsjuq7pn22wetjfcmra",
                            "availability_domains.2.id": "ocid1.availabilitydomain.oc1..aaaaaaaauvt2n7pijol7uqgdnnsoojcukrijtmcltvfwxazmitk235wyohta",
                            "availability_domains.2.name": "UpWX:US-ASHBURN-AD-3",
                            "compartment_id": "ocid1.compartment.oc1..aaaaaaaahcr7r5vrtfqf4sf7x4tr5j3jid5a4reqnnsjuq7pn22wetjfcmra",
                            "id": "2019-05-06 17:11:04.683724 +0000 UTC"
                        },
                        "meta": {},
                        "tainted": false
                    },
                    "deposed": [],
                    "provider": "provider.oci"
                },
                "null_resource.delay": {
                    "type": "null_resource",
                    "depends_on": [
                        "oci_identity_compartment.compartment1"
                    ],
                    "primary": {
                        "id": "7605312008692779454",
                        "attributes": {
                            "id": "7605312008692779454",
                            "triggers.%": "1",
                            "triggers.before": "ocid1.compartment.oc1..aaaaaaaahcr7r5vrtfqf4sf7x4tr5j3jid5a4reqnnsjuq7pn22wetjfcmra"
                        },
                        "meta": {},
                        "tainted": false
                    },
                    "deposed": [],
                    "provider": "provider.null"
                },
                "oci_core_app_catalog_listing_resource_version_agreement.test_app_catalog_listing_resource_version_agreement": {
                    "type": "oci_core_app_catalog_listing_resource_version_agreement",
                    "depends_on": [
                        "data.oci_core_app_catalog_listing_resource_versions.test_app_catalog_listing_resource_versions"
                    ],
                    "primary": {
                        "id": "2019-05-06 17:11:04.501 +0000 UTC",
                        "attributes": {
                            "eula_link": "",
                            "id": "2019-05-06 17:11:04.501 +0000 UTC",
                            "listing_id": "ocid1.appcataloglisting.oc1..aaaaaaaapram7bsdh37gly4oavh42iqih6faoqqqmotpddyz4a44c4wgk7ja",
                            "listing_resource_version": "1.0.1",
                            "oracle_terms_of_use_link": "https://objectstorage.us-ashburn-1.oraclecloud.com/n/partnerimagecatalog/b/eulas/o/oracle-apps-terms-of-use.txt",
                            "signature": "50364219954312fe06c5e8cb64d24cd59b0cb4516a3870e2fe1a10d372a27337",
                            "time_retrieved": "2019-05-06T17:11:04.501Z"
                        },
                        "meta": {
                            "e2bfb730-ecaa-11e6-8f88-34363bc7c4c0": {
                                "create": 900000000000,
                                "delete": 900000000000,
                                "update": 900000000000
                            }
                        },
                        "tainted": false
                    },
                    "deposed": [],
                    "provider": "provider.oci"
                },
                "oci_core_app_catalog_subscription.test_app_catalog_subscription": {
                    "type": "oci_core_app_catalog_subscription",
                    "depends_on": [
                        "null_resource.delay",
                        "oci_core_app_catalog_listing_resource_version_agreement.test_app_catalog_listing_resource_version_agreement",
                        "oci_identity_compartment.compartment1"
                    ],
                    "primary": {
                        "id": "compartmentId/ocid1.compartment.oc1..aaaaaaaahcr7r5vrtfqf4sf7x4tr5j3jid5a4reqnnsjuq7pn22wetjfcmra/listingId/ocid1.appcataloglisting.oc1..aaaaaaaapram7bsdh37gly4oavh42iqih6faoqqqmotpddyz4a44c4wgk7ja/listingResourceVersion/1.0.1",
                        "attributes": {
                            "compartment_id": "ocid1.compartment.oc1..aaaaaaaahcr7r5vrtfqf4sf7x4tr5j3jid5a4reqnnsjuq7pn22wetjfcmra",
                            "display_name": "Oracle Cloud Developer Image",
                            "id": "compartmentId/ocid1.compartment.oc1..aaaaaaaahcr7r5vrtfqf4sf7x4tr5j3jid5a4reqnnsjuq7pn22wetjfcmra/listingId/ocid1.appcataloglisting.oc1..aaaaaaaapram7bsdh37gly4oavh42iqih6faoqqqmotpddyz4a44c4wgk7ja/listingResourceVersion/1.0.1",
                            "listing_id": "ocid1.appcataloglisting.oc1..aaaaaaaapram7bsdh37gly4oavh42iqih6faoqqqmotpddyz4a44c4wgk7ja",
                            "listing_resource_id": "ocid1.image.oc1..aaaaaaaapa4matxgu5slju7ikdgukbsbi2zbb5mhsurxicwtsrv4bev6ln4a",
                            "listing_resource_version": "1.0.1",
                            "oracle_terms_of_use_link": "https://objectstorage.us-ashburn-1.oraclecloud.com/n/partnerimagecatalog/b/eulas/o/oracle-apps-terms-of-use.txt",
                            "signature": "50364219954312fe06c5e8cb64d24cd59b0cb4516a3870e2fe1a10d372a27337",
                            "summary": "Oracle Cloud Developer Image",
                            "time_created": "2019-05-06 17:11:14.881 +0000 UTC",
                            "time_retrieved": "2019-05-06T17:11:04.501Z"
                        },
                        "meta": {
                            "e2bfb730-ecaa-11e6-8f88-34363bc7c4c0": {
                                "create": 1200000000000,
                                "delete": 900000000000,
                                "update": 900000000000
                            }
                        },
                        "tainted": false
                    },
                    "deposed": [],
                    "provider": "provider.oci"
                },
                "oci_core_internet_gateway.gateway": {
                    "type": "oci_core_internet_gateway",
                    "depends_on": [
                        "oci_core_vcn.default_vcn",
                        "oci_identity_compartment.compartment1"
                    ],
                    "primary": {
                        "id": "ocid1.internetgateway.oc1.iad.aaaaaaaaggglywtgujyycepqpnouslhmh4oqvibrohvhtgmp5ev4w5gmdela",
                        "attributes": {
                            "compartment_id": "ocid1.compartment.oc1..aaaaaaaahcr7r5vrtfqf4sf7x4tr5j3jid5a4reqnnsjuq7pn22wetjfcmra",
                            "defined_tags.%": "0",
                            "display_name": "Frontend Internet Gateway",
                            "enabled": "true",
                            "freeform_tags.%": "0",
                            "id": "ocid1.internetgateway.oc1.iad.aaaaaaaaggglywtgujyycepqpnouslhmh4oqvibrohvhtgmp5ev4w5gmdela",
                            "state": "AVAILABLE",
                            "time_created": "2019-05-06 17:11:15.058 +0000 UTC",
                            "vcn_id": "ocid1.vcn.oc1.iad.aaaaaaaauytwpclryd7ykw3voja56nzhlxavadbejpk5khttsnjf4jyjn5xq"
                        },
                        "meta": {
                            "e2bfb730-ecaa-11e6-8f88-34363bc7c4c0": {
                                "create": 900000000000,
                                "delete": 900000000000,
                                "update": 900000000000
                            }
                        },
                        "tainted": false
                    },
                    "deposed": [],
                    "provider": "provider.oci"
                },
                "oci_core_route_table.private_route_table": {
                    "type": "oci_core_route_table",
                    "depends_on": [
                        "oci_core_vcn.default_vcn",
                        "oci_identity_compartment.compartment1"
                    ],
                    "primary": {
                        "id": "ocid1.routetable.oc1.iad.aaaaaaaayfquewdn3n3dqefbplv4wjnpopg6eyvnjbgcxcje6mk7hofvgcoa",
                        "attributes": {
                            "compartment_id": "ocid1.compartment.oc1..aaaaaaaahcr7r5vrtfqf4sf7x4tr5j3jid5a4reqnnsjuq7pn22wetjfcmra",
                            "defined_tags.%": "0",
                            "display_name": "Backend Route Table",
                            "freeform_tags.%": "0",
                            "id": "ocid1.routetable.oc1.iad.aaaaaaaayfquewdn3n3dqefbplv4wjnpopg6eyvnjbgcxcje6mk7hofvgcoa",
                            "route_rules.#": "1",
                            "route_rules.845864388.cidr_block": "",
                            "route_rules.845864388.destination": "all-iad-services-in-oracle-services-network",
                            "route_rules.845864388.destination_type": "SERVICE_CIDR_BLOCK",
                            "route_rules.845864388.network_entity_id": "ocid1.servicegateway.oc1.iad.aaaaaaaau3z5sbgi5p5r5vw2lprq72r2miaq3fyaxxxewxn2iluhvlm3zr7a",
                            "state": "AVAILABLE",
                            "time_created": "2019-05-06 17:11:22.076 +0000 UTC",
                            "vcn_id": "ocid1.vcn.oc1.iad.aaaaaaaauytwpclryd7ykw3voja56nzhlxavadbejpk5khttsnjf4jyjn5xq"
                        },
                        "meta": {
                            "e2bfb730-ecaa-11e6-8f88-34363bc7c4c0": {
                                "create": 900000000000,
                                "delete": 900000000000,
                                "update": 900000000000
                            }
                        },
                        "tainted": false
                    },
                    "deposed": [],
                    "provider": "provider.oci"
                },
                "oci_core_route_table.route_table": {
                    "type": "oci_core_route_table",
                    "depends_on": [
                        "oci_core_internet_gateway.gateway",
                        "oci_core_vcn.default_vcn",
                        "oci_identity_compartment.compartment1"
                    ],
                    "primary": {
                        "id": "ocid1.routetable.oc1.iad.aaaaaaaa3rqccdd63md6xanjowy7gf5csunipvmtf4iixretxdzm7xpb7lza",
                        "attributes": {
                            "compartment_id": "ocid1.compartment.oc1..aaaaaaaahcr7r5vrtfqf4sf7x4tr5j3jid5a4reqnnsjuq7pn22wetjfcmra",
                            "defined_tags.%": "0",
                            "display_name": "Frontend Route Table",
                            "freeform_tags.%": "0",
                            "id": "ocid1.routetable.oc1.iad.aaaaaaaa3rqccdd63md6xanjowy7gf5csunipvmtf4iixretxdzm7xpb7lza",
                            "route_rules.#": "1",
                            "route_rules.1186432355.cidr_block": "0.0.0.0/0",
                            "route_rules.1186432355.destination": "0.0.0.0/0",
                            "route_rules.1186432355.destination_type": "CIDR_BLOCK",
                            "route_rules.1186432355.network_entity_id": "ocid1.internetgateway.oc1.iad.aaaaaaaaggglywtgujyycepqpnouslhmh4oqvibrohvhtgmp5ev4w5gmdela",
                            "state": "AVAILABLE",
                            "time_created": "2019-05-06 17:11:15.41 +0000 UTC",
                            "vcn_id": "ocid1.vcn.oc1.iad.aaaaaaaauytwpclryd7ykw3voja56nzhlxavadbejpk5khttsnjf4jyjn5xq"
                        },
                        "meta": {
                            "e2bfb730-ecaa-11e6-8f88-34363bc7c4c0": {
                                "create": 900000000000,
                                "delete": 900000000000,
                                "update": 900000000000
                            }
                        },
                        "tainted": false
                    },
                    "deposed": [],
                    "provider": "provider.oci"
                },
                "oci_core_security_list.private_security_list": {
                    "type": "oci_core_security_list",
                    "depends_on": [
                        "oci_core_vcn.default_vcn",
                        "oci_identity_compartment.compartment1"
                    ],
                    "primary": {
                        "id": "ocid1.securitylist.oc1.iad.aaaaaaaa2ew3sswrdxuakjfzhuyvdn6ru7xq3vqxkcwbtduxxo4c6nlupmrq",
                        "attributes": {
                            "compartment_id": "ocid1.compartment.oc1..aaaaaaaahcr7r5vrtfqf4sf7x4tr5j3jid5a4reqnnsjuq7pn22wetjfcmra",
                            "defined_tags.%": "0",
                            "display_name": "Backend Security List",
                            "egress_security_rules.#": "2",
                            "egress_security_rules.1582479153.destination": "0.0.0.0/0",
                            "egress_security_rules.1582479153.destination_type": "CIDR_BLOCK",
                            "egress_security_rules.1582479153.icmp_options.#": "0",
                            "egress_security_rules.1582479153.protocol": "all",
                            "egress_security_rules.1582479153.stateless": "false",
                            "egress_security_rules.1582479153.tcp_options.#": "0",
                            "egress_security_rules.1582479153.udp_options.#": "0",
                            "egress_security_rules.931196246.destination": "all-iad-services-in-oracle-services-network",
                            "egress_security_rules.931196246.destination_type": "SERVICE_CIDR_BLOCK",
                            "egress_security_rules.931196246.icmp_options.#": "0",
                            "egress_security_rules.931196246.protocol": "all",
                            "egress_security_rules.931196246.stateless": "false",
                            "egress_security_rules.931196246.tcp_options.#": "0",
                            "egress_security_rules.931196246.udp_options.#": "0",
                            "freeform_tags.%": "0",
                            "id": "ocid1.securitylist.oc1.iad.aaaaaaaa2ew3sswrdxuakjfzhuyvdn6ru7xq3vqxkcwbtduxxo4c6nlupmrq",
                            "ingress_security_rules.#": "4",
                            "ingress_security_rules.1656913282.icmp_options.#": "0",
                            "ingress_security_rules.1656913282.protocol": "6",
                            "ingress_security_rules.1656913282.source": "10.0.2.0/24",
                            "ingress_security_rules.1656913282.source_type": "CIDR_BLOCK",
                            "ingress_security_rules.1656913282.stateless": "false",
                            "ingress_security_rules.1656913282.tcp_options.#": "1",
                            "ingress_security_rules.1656913282.tcp_options.0.max": "80",
                            "ingress_security_rules.1656913282.tcp_options.0.min": "80",
                            "ingress_security_rules.1656913282.tcp_options.0.source_port_range.#": "0",
                            "ingress_security_rules.1656913282.udp_options.#": "0",
                            "ingress_security_rules.2251877072.icmp_options.#": "0",
                            "ingress_security_rules.2251877072.protocol": "6",
                            "ingress_security_rules.2251877072.source": "10.0.2.0/24",
                            "ingress_security_rules.2251877072.source_type": "CIDR_BLOCK",
                            "ingress_security_rules.2251877072.stateless": "false",
                            "ingress_security_rules.2251877072.tcp_options.#": "1",
                            "ingress_security_rules.2251877072.tcp_options.0.max": "22",
                            "ingress_security_rules.2251877072.tcp_options.0.min": "22",
                            "ingress_security_rules.2251877072.tcp_options.0.source_port_range.#": "0",
                            "ingress_security_rules.2251877072.udp_options.#": "0",
                            "ingress_security_rules.2631025751.icmp_options.#": "0",
                            "ingress_security_rules.2631025751.protocol": "1",
                            "ingress_security_rules.2631025751.source": "10.0.2.0/24",
                            "ingress_security_rules.2631025751.source_type": "CIDR_BLOCK",
                            "ingress_security_rules.2631025751.stateless": "false",
                            "ingress_security_rules.2631025751.tcp_options.#": "0",
                            "ingress_security_rules.2631025751.udp_options.#": "0",
                            "ingress_security_rules.813412743.icmp_options.#": "0",
                            "ingress_security_rules.813412743.protocol": "6",
                            "ingress_security_rules.813412743.source": "10.0.2.0/24",
                            "ingress_security_rules.813412743.source_type": "CIDR_BLOCK",
                            "ingress_security_rules.813412743.stateless": "false",
                            "ingress_security_rules.813412743.tcp_options.#": "1",
                            "ingress_security_rules.813412743.tcp_options.0.max": "8080",
                            "ingress_security_rules.813412743.tcp_options.0.min": "8080",
                            "ingress_security_rules.813412743.tcp_options.0.source_port_range.#": "0",
                            "ingress_security_rules.813412743.udp_options.#": "0",
                            "state": "AVAILABLE",
                            "time_created": "2019-05-06 17:11:15.094 +0000 UTC",
                            "vcn_id": "ocid1.vcn.oc1.iad.aaaaaaaauytwpclryd7ykw3voja56nzhlxavadbejpk5khttsnjf4jyjn5xq"
                        },
                        "meta": {
                            "e2bfb730-ecaa-11e6-8f88-34363bc7c4c0": {
                                "create": 900000000000,
                                "delete": 900000000000,
                                "update": 900000000000
                            }
                        },
                        "tainted": false
                    },
                    "deposed": [],
                    "provider": "provider.oci"
                },
                "oci_core_subnet.subnet_a": {
                    "type": "oci_core_subnet",
                    "depends_on": [
                        "data.oci_identity_availability_domains.ads",
                        "oci_core_route_table.private_route_table",
                        "oci_core_security_list.private_security_list",
                        "oci_core_vcn.default_vcn",
                        "oci_identity_compartment.compartment1"
                    ],
                    "primary": {
                        "id": "ocid1.subnet.oc1.iad.aaaaaaaa3o7kmsncy2pvzskbtlojliketgpbrcugjofhou4m3sw2yoozg4va",
                        "attributes": {
                            "availability_domain": "UpWX:US-ASHBURN-AD-1",
                            "cidr_block": "10.0.1.0/24",
                            "compartment_id": "ocid1.compartment.oc1..aaaaaaaahcr7r5vrtfqf4sf7x4tr5j3jid5a4reqnnsjuq7pn22wetjfcmra",
                            "defined_tags.%": "0",
                            "dhcp_options_id": "ocid1.dhcpoptions.oc1.iad.aaaaaaaathjjuwllirgesmoh3z4ckbmjvcyhtmmbuevg4pgvyvisntsbpveq",
                            "display_name": "Backend Subnet",
                            "dns_label": "privsub",
                            "freeform_tags.%": "0",
                            "id": "ocid1.subnet.oc1.iad.aaaaaaaa3o7kmsncy2pvzskbtlojliketgpbrcugjofhou4m3sw2yoozg4va",
                            "prohibit_public_ip_on_vnic": "true",
                            "route_table_id": "ocid1.routetable.oc1.iad.aaaaaaaayfquewdn3n3dqefbplv4wjnpopg6eyvnjbgcxcje6mk7hofvgcoa",
                            "security_list_ids.#": "1",
                            "security_list_ids.3323065346": "ocid1.securitylist.oc1.iad.aaaaaaaa2ew3sswrdxuakjfzhuyvdn6ru7xq3vqxkcwbtduxxo4c6nlupmrq",
                            "state": "AVAILABLE",
                            "subnet_domain_name": "privsub.vcn.oraclevcn.com",
                            "time_created": "2019-05-06 17:11:22.306 +0000 UTC",
                            "vcn_id": "ocid1.vcn.oc1.iad.aaaaaaaauytwpclryd7ykw3voja56nzhlxavadbejpk5khttsnjf4jyjn5xq",
                            "virtual_router_ip": "10.0.1.1",
                            "virtual_router_mac": "00:00:17:52:E8:57"
                        },
                        "meta": {
                            "e2bfb730-ecaa-11e6-8f88-34363bc7c4c0": {
                                "create": 900000000000,
                                "delete": 900000000000,
                                "update": 900000000000
                            }
                        },
                        "tainted": false
                    },
                    "deposed": [],
                    "provider": "provider.oci"
                },
                "oci_core_subnet.subnet_b": {
                    "type": "oci_core_subnet",
                    "depends_on": [
                        "data.oci_identity_availability_domains.ads",
                        "oci_core_route_table.route_table",
                        "oci_core_vcn.default_vcn",
                        "oci_identity_compartment.compartment1"
                    ],
                    "primary": {
                        "id": "ocid1.subnet.oc1.iad.aaaaaaaanr5axihizuxo6qpyo3peaxzogmyoo454xrbdacsboxoeb47yxrpq",
                        "attributes": {
                            "availability_domain": "UpWX:US-ASHBURN-AD-1",
                            "cidr_block": "10.0.2.0/24",
                            "compartment_id": "ocid1.compartment.oc1..aaaaaaaahcr7r5vrtfqf4sf7x4tr5j3jid5a4reqnnsjuq7pn22wetjfcmra",
                            "defined_tags.%": "0",
                            "dhcp_options_id": "ocid1.dhcpoptions.oc1.iad.aaaaaaaathjjuwllirgesmoh3z4ckbmjvcyhtmmbuevg4pgvyvisntsbpveq",
                            "display_name": "Frontend Subnet",
                            "dns_label": "pubsub",
                            "freeform_tags.%": "0",
                            "id": "ocid1.subnet.oc1.iad.aaaaaaaanr5axihizuxo6qpyo3peaxzogmyoo454xrbdacsboxoeb47yxrpq",
                            "prohibit_public_ip_on_vnic": "false",
                            "route_table_id": "ocid1.routetable.oc1.iad.aaaaaaaa3rqccdd63md6xanjowy7gf5csunipvmtf4iixretxdzm7xpb7lza",
                            "security_list_ids.#": "1",
                            "security_list_ids.2020795572": "ocid1.securitylist.oc1.iad.aaaaaaaahuragz26x7rqqv7qk4hgsgicuinpz2u2wsatj65fzqio7mznagsa",
                            "state": "AVAILABLE",
                            "subnet_domain_name": "pubsub.vcn.oraclevcn.com",
                            "time_created": "2019-05-06 17:11:15.697 +0000 UTC",
                            "vcn_id": "ocid1.vcn.oc1.iad.aaaaaaaauytwpclryd7ykw3voja56nzhlxavadbejpk5khttsnjf4jyjn5xq",
                            "virtual_router_ip": "10.0.2.1",
                            "virtual_router_mac": "00:00:17:52:E8:57"
                        },
                        "meta": {
                            "e2bfb730-ecaa-11e6-8f88-34363bc7c4c0": {
                                "create": 900000000000,
                                "delete": 900000000000,
                                "update": 900000000000
                            }
                        },
                        "tainted": false
                    },
                    "deposed": [],
                    "provider": "provider.oci"
                },
                "oci_core_vcn.default_vcn": {
                    "type": "oci_core_vcn",
                    "depends_on": [
                        "null_resource.delay",
                        "oci_identity_compartment.compartment1"
                    ],
                    "primary": {
                        "id": "ocid1.vcn.oc1.iad.aaaaaaaauytwpclryd7ykw3voja56nzhlxavadbejpk5khttsnjf4jyjn5xq",
                        "attributes": {
                            "cidr_block": "10.0.0.0/16",
                            "compartment_id": "ocid1.compartment.oc1..aaaaaaaahcr7r5vrtfqf4sf7x4tr5j3jid5a4reqnnsjuq7pn22wetjfcmra",
                            "default_dhcp_options_id": "ocid1.dhcpoptions.oc1.iad.aaaaaaaathjjuwllirgesmoh3z4ckbmjvcyhtmmbuevg4pgvyvisntsbpveq",
                            "default_route_table_id": "ocid1.routetable.oc1.iad.aaaaaaaadxupu5gcgg7zmglrnligrm47sz5gqwqodek2vpphulqqgj2zdflq",
                            "default_security_list_id": "ocid1.securitylist.oc1.iad.aaaaaaaahuragz26x7rqqv7qk4hgsgicuinpz2u2wsatj65fzqio7mznagsa",
                            "defined_tags.%": "0",
                            "display_name": "VCN",
                            "dns_label": "vcn",
                            "freeform_tags.%": "0",
                            "id": "ocid1.vcn.oc1.iad.aaaaaaaauytwpclryd7ykw3voja56nzhlxavadbejpk5khttsnjf4jyjn5xq",
                            "state": "AVAILABLE",
                            "time_created": "2019-05-06 17:11:14.731 +0000 UTC",
                            "vcn_domain_name": "vcn.oraclevcn.com"
                        },
                        "meta": {
                            "e2bfb730-ecaa-11e6-8f88-34363bc7c4c0": {
                                "create": 900000000000,
                                "delete": 900000000000,
                                "update": 900000000000
                            }
                        },
                        "tainted": false
                    },
                    "deposed": [],
                    "provider": "provider.oci"
                },
                "oci_identity_compartment.compartment1": {
                    "type": "oci_identity_compartment",
                    "depends_on": [],
                    "primary": {
                        "id": "ocid1.compartment.oc1..aaaaaaaahcr7r5vrtfqf4sf7x4tr5j3jid5a4reqnnsjuq7pn22wetjfcmra",
                        "attributes": {
                            "compartment_id": "ocid1.tenancy.oc1..aaaaaaaaa5jn745fyrmpizutz5q2gjjduhot4ny2wxda7fobvkeu5wkpeysa",
                            "defined_tags.%": "0",
                            "description": "A compartment where some user should be able to manage resources",
                            "freeform_tags.%": "0",
                            "id": "ocid1.compartment.oc1..aaaaaaaahcr7r5vrtfqf4sf7x4tr5j3jid5a4reqnnsjuq7pn22wetjfcmra",
                            "name": "LABS",
                            "state": "ACTIVE",
                            "time_created": "2019-05-06 17:11:04.527 +0000 UTC"
                        },
                        "meta": {
                            "e2bfb730-ecaa-11e6-8f88-34363bc7c4c0": {
                                "delete": 5400000000000
                            }
                        },
                        "tainted": false
                    },
                    "deposed": [],
                    "provider": "provider.oci"
                }
            },
            "depends_on": []
        },
        {
            "path": [
                "root",
                "servicegateway"
            ],
            "outputs": {
                "destination": {
                    "sensitive": false,
                    "type": "string",
                    "value": "all-iad-services-in-oracle-services-network"
                },
                "service_gateway_id": {
                    "sensitive": false,
                    "type": "string",
                    "value": "ocid1.servicegateway.oc1.iad.aaaaaaaau3z5sbgi5p5r5vw2lprq72r2miaq3fyaxxxewxn2iluhvlm3zr7a"
                },
                "service_gateways": {
                    "sensitive": false,
                    "type": "list",
                    "value": []
                },
                "services": {
                    "sensitive": false,
                    "type": "list",
                    "value": [
                        {
                            "cidr_block": "all-iad-services-in-oracle-services-network",
                            "description": "All IAD Services In Oracle Services Network",
                            "id": "ocid1.service.oc1.iad.aaaaaaaam4zfmy2rjue6fmglumm3czgisxzrnvrwqeodtztg7hwa272mlfna",
                            "name": "All IAD Services In Oracle Services Network"
                        }
                    ]
                }
            },
            "resources": {
                "data.oci_core_service_gateways.test_service_gateways": {
                    "type": "oci_core_service_gateways",
                    "depends_on": [],
                    "primary": {
                        "id": "2019-05-06 17:11:15.109785 +0000 UTC",
                        "attributes": {
                            "compartment_id": "ocid1.compartment.oc1..aaaaaaaahcr7r5vrtfqf4sf7x4tr5j3jid5a4reqnnsjuq7pn22wetjfcmra",
                            "id": "2019-05-06 17:11:15.109785 +0000 UTC",
                            "service_gateways.#": "0",
                            "state": "AVAILABLE",
                            "vcn_id": "ocid1.vcn.oc1.iad.aaaaaaaauytwpclryd7ykw3voja56nzhlxavadbejpk5khttsnjf4jyjn5xq"
                        },
                        "meta": {},
                        "tainted": false
                    },
                    "deposed": [],
                    "provider": "provider.oci"
                },
                "data.oci_core_services.test_services": {
                    "type": "oci_core_services",
                    "depends_on": [],
                    "primary": {
                        "id": "2019-05-06 17:11:03.157496 +0000 UTC",
                        "attributes": {
                            "filter.#": "1",
                            "filter.3810912831.name": "name",
                            "filter.3810912831.regex": "true",
                            "filter.3810912831.values.#": "1",
                            "filter.3810912831.values.0": "All .* Services In Oracle Services Network",
                            "id": "2019-05-06 17:11:03.157496 +0000 UTC",
                            "services.#": "1",
                            "services.0.cidr_block": "all-iad-services-in-oracle-services-network",
                            "services.0.description": "All IAD Services In Oracle Services Network",
                            "services.0.id": "ocid1.service.oc1.iad.aaaaaaaam4zfmy2rjue6fmglumm3czgisxzrnvrwqeodtztg7hwa272mlfna",
                            "services.0.name": "All IAD Services In Oracle Services Network"
                        },
                        "meta": {},
                        "tainted": false
                    },
                    "deposed": [],
                    "provider": "provider.oci"
                },
                "oci_core_service_gateway.test_service_gateway": {
                    "type": "oci_core_service_gateway",
                    "depends_on": [
                        "data.oci_core_services.test_services"
                    ],
                    "primary": {
                        "id": "ocid1.servicegateway.oc1.iad.aaaaaaaau3z5sbgi5p5r5vw2lprq72r2miaq3fyaxxxewxn2iluhvlm3zr7a",
                        "attributes": {
                            "block_traffic": "false",
                            "compartment_id": "ocid1.compartment.oc1..aaaaaaaahcr7r5vrtfqf4sf7x4tr5j3jid5a4reqnnsjuq7pn22wetjfcmra",
                            "defined_tags.%": "0",
                            "display_name": "Backend Service Gateway",
                            "freeform_tags.%": "0",
                            "id": "ocid1.servicegateway.oc1.iad.aaaaaaaau3z5sbgi5p5r5vw2lprq72r2miaq3fyaxxxewxn2iluhvlm3zr7a",
                            "services.#": "1",
                            "services.2424324964.service_id": "ocid1.service.oc1.iad.aaaaaaaam4zfmy2rjue6fmglumm3czgisxzrnvrwqeodtztg7hwa272mlfna",
                            "services.2424324964.service_name": "All IAD Services In Oracle Services Network",
                            "state": "AVAILABLE",
                            "time_created": "2019-05-06 17:11:15.306 +0000 UTC",
                            "vcn_id": "ocid1.vcn.oc1.iad.aaaaaaaauytwpclryd7ykw3voja56nzhlxavadbejpk5khttsnjf4jyjn5xq"
                        },
                        "meta": {
                            "e2bfb730-ecaa-11e6-8f88-34363bc7c4c0": {
                                "create": 900000000000,
                                "delete": 900000000000,
                                "update": 900000000000
                            }
                        },
                        "tainted": false
                    },
                    "deposed": [],
                    "provider": "provider.oci"
                }
            },
            "depends_on": []
        }
    ]
}
